
Microsoft Visual Studio Solution File, Format Version 12.00
# Visual Studio 15
VisualStudioVersion = 15.0.26730.15
MinimumVisualStudioVersion = 10.0.40219.1
Project("{9092AA53-FB77-4645-B42D-1CCCA6BD08BD}") = "MemoryClient.Web.Static", "MemoryClient.Web\MemoryClient.Web.Static\MemoryClient.Web.Static.njsproj", "{C2B3203C-68DB-4202-8F36-F29481411344}"
EndProject
Project("{9A19103F-16F7-4668-BE54-9A1E7A4F7556}") = "MemoryClient.Web.Functions", "MemoryClient.Web\MemoryClient.Web.Functions\MemoryClient.Web.Functions.csproj", "{195903BB-C9CE-4FE4-83E8-EF1E97E73653}"
EndProject
Project("{FAE04EC0-301F-11D3-BF4B-00C04F79EFBC}") = "MemoryClient.Desktop.UWP", "MemoryClient.Desktop\MemoryClient.Desktop.UWP\MemoryClient.Desktop.UWP.csproj", "{7849F184-8BA3-45B8-B3EF-A9C9E92B17EC}"
EndProject
Project("{FAE04EC0-301F-11D3-BF4B-00C04F79EFBC}") = "MemoryClient.Cross.Droid", "MemoryClient.Cross\MemoryClient.Cross.Droid\MemoryClient.Cross.Droid.csproj", "{DEC7028C-208A-4C28-9D8E-1F467C297560}"
EndProject
Project("{FAE04EC0-301F-11D3-BF4B-00C04F79EFBC}") = "MemoryClient.Cross.Core", "MemoryClient.Cross\MemoryClient.Cross.Core\MemoryClient.Cross.Core.csproj", "{72E75281-ED77-490A-8D87-A00FAC121E0F}"
EndProject
Project("{FAE04EC0-301F-11D3-BF4B-00C04F79EFBC}") = "MemoryClient.Cross.iOS", "MemoryClient.Cross\MemoryClient.Cross.iOS\MemoryClient.Cross.iOS.csproj", "{6854F8B1-6DD8-48AC-9A00-33FC82DE66A8}"
EndProject
Project("{FAE04EC0-301F-11D3-BF4B-00C04F79EFBC}") = "MemoryClient.Cross.UWP", "MemoryClient.Cross\MemoryClient.Cross.UWP\MemoryClient.Cross.UWP.csproj", "{D55F91B7-9C10-4BBC-8A93-94AC6FEA6D22}"
EndProject
Project("{FAE04EC0-301F-11D3-BF4B-00C04F79EFBC}") = "MemoryClient.Cross.WPF", "MemoryClient.Cross\MemoryClient.Cross.WPF\MemoryClient.Cross.WPF.csproj", "{054E43BE-CCC7-4C7B-998B-F317673C3E8D}"
EndProject
Global
	GlobalSection(SolutionConfigurationPlatforms) = preSolution
		Ad-Hoc|Any CPU = Ad-Hoc|Any CPU
		Ad-Hoc|ARM = Ad-Hoc|ARM
		Ad-Hoc|iPhone = Ad-Hoc|iPhone
		Ad-Hoc|iPhoneSimulator = Ad-Hoc|iPhoneSimulator
		Ad-Hoc|x64 = Ad-Hoc|x64
		Ad-Hoc|x86 = Ad-Hoc|x86
		AppStore|Any CPU = AppStore|Any CPU
		AppStore|ARM = AppStore|ARM
		AppStore|iPhone = AppStore|iPhone
		AppStore|iPhoneSimulator = AppStore|iPhoneSimulator
		AppStore|x64 = AppStore|x64
		AppStore|x86 = AppStore|x86
		Debug|Any CPU = Debug|Any CPU
		Debug|ARM = Debug|ARM
		Debug|iPhone = Debug|iPhone
		Debug|iPhoneSimulator = Debug|iPhoneSimulator
		Debug|x64 = Debug|x64
		Debug|x86 = Debug|x86
		MemoryApi|Any CPU = MemoryApi|Any CPU
		MemoryApi|ARM = MemoryApi|ARM
		MemoryApi|iPhone = MemoryApi|iPhone
		MemoryApi|iPhoneSimulator = MemoryApi|iPhoneSimulator
		MemoryApi|x64 = MemoryApi|x64
		MemoryApi|x86 = MemoryApi|x86
		MemoryClient.Web-Release|Any CPU = MemoryClient.Web-Release|Any CPU
		MemoryClient.Web-Release|ARM = MemoryClient.Web-Release|ARM
		MemoryClient.Web-Release|iPhone = MemoryClient.Web-Release|iPhone
		MemoryClient.Web-Release|iPhoneSimulator = MemoryClient.Web-Release|iPhoneSimulator
		MemoryClient.Web-Release|x64 = MemoryClient.Web-Release|x64
		MemoryClient.Web-Release|x86 = MemoryClient.Web-Release|x86
		Release|Any CPU = Release|Any CPU
		Release|ARM = Release|ARM
		Release|iPhone = Release|iPhone
		Release|iPhoneSimulator = Release|iPhoneSimulator
		Release|x64 = Release|x64
		Release|x86 = Release|x86
	EndGlobalSection
	GlobalSection(ProjectConfigurationPlatforms) = postSolution
		{C2B3203C-68DB-4202-8F36-F29481411344}.Ad-Hoc|Any CPU.ActiveCfg = MemoryClient.Web-Release|Any CPU
		{C2B3203C-68DB-4202-8F36-F29481411344}.Ad-Hoc|Any CPU.Build.0 = MemoryClient.Web-Release|Any CPU
		{C2B3203C-68DB-4202-8F36-F29481411344}.Ad-Hoc|ARM.ActiveCfg = MemoryClient.Web-Release|Any CPU
		{C2B3203C-68DB-4202-8F36-F29481411344}.Ad-Hoc|ARM.Build.0 = MemoryClient.Web-Release|Any CPU
		{C2B3203C-68DB-4202-8F36-F29481411344}.Ad-Hoc|iPhone.ActiveCfg = MemoryClient.Web-Release|Any CPU
		{C2B3203C-68DB-4202-8F36-F29481411344}.Ad-Hoc|iPhone.Build.0 = MemoryClient.Web-Release|Any CPU
		{C2B3203C-68DB-4202-8F36-F29481411344}.Ad-Hoc|iPhoneSimulator.ActiveCfg = MemoryClient.Web-Release|Any CPU
		{C2B3203C-68DB-4202-8F36-F29481411344}.Ad-Hoc|iPhoneSimulator.Build.0 = MemoryClient.Web-Release|Any CPU
		{C2B3203C-68DB-4202-8F36-F29481411344}.Ad-Hoc|x64.ActiveCfg = MemoryClient.Web-Release|Any CPU
		{C2B3203C-68DB-4202-8F36-F29481411344}.Ad-Hoc|x64.Build.0 = MemoryClient.Web-Release|Any CPU
		{C2B3203C-68DB-4202-8F36-F29481411344}.Ad-Hoc|x86.ActiveCfg = MemoryClient.Web-Release|Any CPU
		{C2B3203C-68DB-4202-8F36-F29481411344}.Ad-Hoc|x86.Build.0 = MemoryClient.Web-Release|Any CPU
		{C2B3203C-68DB-4202-8F36-F29481411344}.AppStore|Any CPU.ActiveCfg = MemoryClient.Web-Release|Any CPU
		{C2B3203C-68DB-4202-8F36-F29481411344}.AppStore|Any CPU.Build.0 = MemoryClient.Web-Release|Any CPU
		{C2B3203C-68DB-4202-8F36-F29481411344}.AppStore|ARM.ActiveCfg = MemoryClient.Web-Release|Any CPU
		{C2B3203C-68DB-4202-8F36-F29481411344}.AppStore|ARM.Build.0 = MemoryClient.Web-Release|Any CPU
		{C2B3203C-68DB-4202-8F36-F29481411344}.AppStore|iPhone.ActiveCfg = MemoryClient.Web-Release|Any CPU
		{C2B3203C-68DB-4202-8F36-F29481411344}.AppStore|iPhone.Build.0 = MemoryClient.Web-Release|Any CPU
		{C2B3203C-68DB-4202-8F36-F29481411344}.AppStore|iPhoneSimulator.ActiveCfg = MemoryClient.Web-Release|Any CPU
		{C2B3203C-68DB-4202-8F36-F29481411344}.AppStore|iPhoneSimulator.Build.0 = MemoryClient.Web-Release|Any CPU
		{C2B3203C-68DB-4202-8F36-F29481411344}.AppStore|x64.ActiveCfg = MemoryClient.Web-Release|Any CPU
		{C2B3203C-68DB-4202-8F36-F29481411344}.AppStore|x64.Build.0 = MemoryClient.Web-Release|Any CPU
		{C2B3203C-68DB-4202-8F36-F29481411344}.AppStore|x86.ActiveCfg = MemoryClient.Web-Release|Any CPU
		{C2B3203C-68DB-4202-8F36-F29481411344}.AppStore|x86.Build.0 = MemoryClient.Web-Release|Any CPU
		{C2B3203C-68DB-4202-8F36-F29481411344}.Debug|Any CPU.ActiveCfg = Debug|Any CPU
		{C2B3203C-68DB-4202-8F36-F29481411344}.Debug|Any CPU.Build.0 = Debug|Any CPU
		{C2B3203C-68DB-4202-8F36-F29481411344}.Debug|ARM.ActiveCfg = Debug|Any CPU
		{C2B3203C-68DB-4202-8F36-F29481411344}.Debug|ARM.Build.0 = Debug|Any CPU
		{C2B3203C-68DB-4202-8F36-F29481411344}.Debug|iPhone.ActiveCfg = Debug|Any CPU
		{C2B3203C-68DB-4202-8F36-F29481411344}.Debug|iPhone.Build.0 = Debug|Any CPU
		{C2B3203C-68DB-4202-8F36-F29481411344}.Debug|iPhoneSimulator.ActiveCfg = Debug|Any CPU
		{C2B3203C-68DB-4202-8F36-F29481411344}.Debug|iPhoneSimulator.Build.0 = Debug|Any CPU
		{C2B3203C-68DB-4202-8F36-F29481411344}.Debug|x64.ActiveCfg = Debug|Any CPU
		{C2B3203C-68DB-4202-8F36-F29481411344}.Debug|x64.Build.0 = Debug|Any CPU
		{C2B3203C-68DB-4202-8F36-F29481411344}.Debug|x86.ActiveCfg = Debug|Any CPU
		{C2B3203C-68DB-4202-8F36-F29481411344}.Debug|x86.Build.0 = Debug|Any CPU
		{C2B3203C-68DB-4202-8F36-F29481411344}.MemoryApi|Any CPU.ActiveCfg = MemoryApi|Any CPU
		{C2B3203C-68DB-4202-8F36-F29481411344}.MemoryApi|Any CPU.Build.0 = MemoryApi|Any CPU
		{C2B3203C-68DB-4202-8F36-F29481411344}.MemoryApi|ARM.ActiveCfg = MemoryApi|Any CPU
		{C2B3203C-68DB-4202-8F36-F29481411344}.MemoryApi|ARM.Build.0 = MemoryApi|Any CPU
		{C2B3203C-68DB-4202-8F36-F29481411344}.MemoryApi|iPhone.ActiveCfg = MemoryApi|Any CPU
		{C2B3203C-68DB-4202-8F36-F29481411344}.MemoryApi|iPhone.Build.0 = MemoryApi|Any CPU
		{C2B3203C-68DB-4202-8F36-F29481411344}.MemoryApi|iPhoneSimulator.ActiveCfg = MemoryApi|Any CPU
		{C2B3203C-68DB-4202-8F36-F29481411344}.MemoryApi|iPhoneSimulator.Build.0 = MemoryApi|Any CPU
		{C2B3203C-68DB-4202-8F36-F29481411344}.MemoryApi|x64.ActiveCfg = MemoryApi|Any CPU
		{C2B3203C-68DB-4202-8F36-F29481411344}.MemoryApi|x64.Build.0 = MemoryApi|Any CPU
		{C2B3203C-68DB-4202-8F36-F29481411344}.MemoryApi|x86.ActiveCfg = MemoryApi|Any CPU
		{C2B3203C-68DB-4202-8F36-F29481411344}.MemoryApi|x86.Build.0 = MemoryApi|Any CPU
		{C2B3203C-68DB-4202-8F36-F29481411344}.MemoryClient.Web-Release|Any CPU.ActiveCfg = MemoryClient.Web-Release|Any CPU
		{C2B3203C-68DB-4202-8F36-F29481411344}.MemoryClient.Web-Release|Any CPU.Build.0 = MemoryClient.Web-Release|Any CPU
		{C2B3203C-68DB-4202-8F36-F29481411344}.MemoryClient.Web-Release|ARM.ActiveCfg = MemoryClient.Web-Release|Any CPU
		{C2B3203C-68DB-4202-8F36-F29481411344}.MemoryClient.Web-Release|ARM.Build.0 = MemoryClient.Web-Release|Any CPU
		{C2B3203C-68DB-4202-8F36-F29481411344}.MemoryClient.Web-Release|iPhone.ActiveCfg = MemoryClient.Web-Release|Any CPU
		{C2B3203C-68DB-4202-8F36-F29481411344}.MemoryClient.Web-Release|iPhone.Build.0 = MemoryClient.Web-Release|Any CPU
		{C2B3203C-68DB-4202-8F36-F29481411344}.MemoryClient.Web-Release|iPhoneSimulator.ActiveCfg = MemoryClient.Web-Release|Any CPU
		{C2B3203C-68DB-4202-8F36-F29481411344}.MemoryClient.Web-Release|iPhoneSimulator.Build.0 = MemoryClient.Web-Release|Any CPU
		{C2B3203C-68DB-4202-8F36-F29481411344}.MemoryClient.Web-Release|x64.ActiveCfg = MemoryClient.Web-Release|Any CPU
		{C2B3203C-68DB-4202-8F36-F29481411344}.MemoryClient.Web-Release|x64.Build.0 = MemoryClient.Web-Release|Any CPU
		{C2B3203C-68DB-4202-8F36-F29481411344}.MemoryClient.Web-Release|x86.ActiveCfg = MemoryClient.Web-Release|Any CPU
		{C2B3203C-68DB-4202-8F36-F29481411344}.MemoryClient.Web-Release|x86.Build.0 = MemoryClient.Web-Release|Any CPU
		{C2B3203C-68DB-4202-8F36-F29481411344}.Release|Any CPU.ActiveCfg = Release|Any CPU
		{C2B3203C-68DB-4202-8F36-F29481411344}.Release|Any CPU.Build.0 = Release|Any CPU
		{C2B3203C-68DB-4202-8F36-F29481411344}.Release|ARM.ActiveCfg = Release|Any CPU
		{C2B3203C-68DB-4202-8F36-F29481411344}.Release|ARM.Build.0 = Release|Any CPU
		{C2B3203C-68DB-4202-8F36-F29481411344}.Release|iPhone.ActiveCfg = Release|Any CPU
		{C2B3203C-68DB-4202-8F36-F29481411344}.Release|iPhone.Build.0 = Release|Any CPU
		{C2B3203C-68DB-4202-8F36-F29481411344}.Release|iPhoneSimulator.ActiveCfg = Release|Any CPU
		{C2B3203C-68DB-4202-8F36-F29481411344}.Release|iPhoneSimulator.Build.0 = Release|Any CPU
		{C2B3203C-68DB-4202-8F36-F29481411344}.Release|x64.ActiveCfg = Release|Any CPU
		{C2B3203C-68DB-4202-8F36-F29481411344}.Release|x64.Build.0 = Release|Any CPU
		{C2B3203C-68DB-4202-8F36-F29481411344}.Release|x86.ActiveCfg = Release|Any CPU
		{C2B3203C-68DB-4202-8F36-F29481411344}.Release|x86.Build.0 = Release|Any CPU
		{195903BB-C9CE-4FE4-83E8-EF1E97E73653}.Ad-Hoc|Any CPU.ActiveCfg = MemoryClient.Web-Release|Any CPU
		{195903BB-C9CE-4FE4-83E8-EF1E97E73653}.Ad-Hoc|Any CPU.Build.0 = MemoryClient.Web-Release|Any CPU
		{195903BB-C9CE-4FE4-83E8-EF1E97E73653}.Ad-Hoc|ARM.ActiveCfg = MemoryClient.Web-Release|Any CPU
		{195903BB-C9CE-4FE4-83E8-EF1E97E73653}.Ad-Hoc|ARM.Build.0 = MemoryClient.Web-Release|Any CPU
		{195903BB-C9CE-4FE4-83E8-EF1E97E73653}.Ad-Hoc|iPhone.ActiveCfg = MemoryClient.Web-Release|Any CPU
		{195903BB-C9CE-4FE4-83E8-EF1E97E73653}.Ad-Hoc|iPhone.Build.0 = MemoryClient.Web-Release|Any CPU
		{195903BB-C9CE-4FE4-83E8-EF1E97E73653}.Ad-Hoc|iPhoneSimulator.ActiveCfg = MemoryClient.Web-Release|Any CPU
		{195903BB-C9CE-4FE4-83E8-EF1E97E73653}.Ad-Hoc|iPhoneSimulator.Build.0 = MemoryClient.Web-Release|Any CPU
		{195903BB-C9CE-4FE4-83E8-EF1E97E73653}.Ad-Hoc|x64.ActiveCfg = MemoryClient.Web-Release|Any CPU
		{195903BB-C9CE-4FE4-83E8-EF1E97E73653}.Ad-Hoc|x64.Build.0 = MemoryClient.Web-Release|Any CPU
		{195903BB-C9CE-4FE4-83E8-EF1E97E73653}.Ad-Hoc|x86.ActiveCfg = MemoryClient.Web-Release|Any CPU
		{195903BB-C9CE-4FE4-83E8-EF1E97E73653}.Ad-Hoc|x86.Build.0 = MemoryClient.Web-Release|Any CPU
		{195903BB-C9CE-4FE4-83E8-EF1E97E73653}.AppStore|Any CPU.ActiveCfg = MemoryClient.Web-Release|Any CPU
		{195903BB-C9CE-4FE4-83E8-EF1E97E73653}.AppStore|Any CPU.Build.0 = MemoryClient.Web-Release|Any CPU
		{195903BB-C9CE-4FE4-83E8-EF1E97E73653}.AppStore|ARM.ActiveCfg = MemoryClient.Web-Release|Any CPU
		{195903BB-C9CE-4FE4-83E8-EF1E97E73653}.AppStore|ARM.Build.0 = MemoryClient.Web-Release|Any CPU
		{195903BB-C9CE-4FE4-83E8-EF1E97E73653}.AppStore|iPhone.ActiveCfg = MemoryClient.Web-Release|Any CPU
		{195903BB-C9CE-4FE4-83E8-EF1E97E73653}.AppStore|iPhone.Build.0 = MemoryClient.Web-Release|Any CPU
		{195903BB-C9CE-4FE4-83E8-EF1E97E73653}.AppStore|iPhoneSimulator.ActiveCfg = MemoryClient.Web-Release|Any CPU
		{195903BB-C9CE-4FE4-83E8-EF1E97E73653}.AppStore|iPhoneSimulator.Build.0 = MemoryClient.Web-Release|Any CPU
		{195903BB-C9CE-4FE4-83E8-EF1E97E73653}.AppStore|x64.ActiveCfg = MemoryClient.Web-Release|Any CPU
		{195903BB-C9CE-4FE4-83E8-EF1E97E73653}.AppStore|x64.Build.0 = MemoryClient.Web-Release|Any CPU
		{195903BB-C9CE-4FE4-83E8-EF1E97E73653}.AppStore|x86.ActiveCfg = MemoryClient.Web-Release|Any CPU
		{195903BB-C9CE-4FE4-83E8-EF1E97E73653}.AppStore|x86.Build.0 = MemoryClient.Web-Release|Any CPU
		{195903BB-C9CE-4FE4-83E8-EF1E97E73653}.Debug|Any CPU.ActiveCfg = Debug|Any CPU
		{195903BB-C9CE-4FE4-83E8-EF1E97E73653}.Debug|Any CPU.Build.0 = Debug|Any CPU
		{195903BB-C9CE-4FE4-83E8-EF1E97E73653}.Debug|ARM.ActiveCfg = Debug|Any CPU
		{195903BB-C9CE-4FE4-83E8-EF1E97E73653}.Debug|ARM.Build.0 = Debug|Any CPU
		{195903BB-C9CE-4FE4-83E8-EF1E97E73653}.Debug|iPhone.ActiveCfg = Debug|Any CPU
		{195903BB-C9CE-4FE4-83E8-EF1E97E73653}.Debug|iPhone.Build.0 = Debug|Any CPU
		{195903BB-C9CE-4FE4-83E8-EF1E97E73653}.Debug|iPhoneSimulator.ActiveCfg = Debug|Any CPU
		{195903BB-C9CE-4FE4-83E8-EF1E97E73653}.Debug|iPhoneSimulator.Build.0 = Debug|Any CPU
		{195903BB-C9CE-4FE4-83E8-EF1E97E73653}.Debug|x64.ActiveCfg = Debug|Any CPU
		{195903BB-C9CE-4FE4-83E8-EF1E97E73653}.Debug|x64.Build.0 = Debug|Any CPU
		{195903BB-C9CE-4FE4-83E8-EF1E97E73653}.Debug|x86.ActiveCfg = Debug|Any CPU
		{195903BB-C9CE-4FE4-83E8-EF1E97E73653}.Debug|x86.Build.0 = Debug|Any CPU
		{195903BB-C9CE-4FE4-83E8-EF1E97E73653}.MemoryApi|Any CPU.ActiveCfg = MemoryApi|Any CPU
		{195903BB-C9CE-4FE4-83E8-EF1E97E73653}.MemoryApi|Any CPU.Build.0 = MemoryApi|Any CPU
		{195903BB-C9CE-4FE4-83E8-EF1E97E73653}.MemoryApi|ARM.ActiveCfg = MemoryApi|Any CPU
		{195903BB-C9CE-4FE4-83E8-EF1E97E73653}.MemoryApi|ARM.Build.0 = MemoryApi|Any CPU
		{195903BB-C9CE-4FE4-83E8-EF1E97E73653}.MemoryApi|iPhone.ActiveCfg = MemoryApi|Any CPU
		{195903BB-C9CE-4FE4-83E8-EF1E97E73653}.MemoryApi|iPhone.Build.0 = MemoryApi|Any CPU
		{195903BB-C9CE-4FE4-83E8-EF1E97E73653}.MemoryApi|iPhoneSimulator.ActiveCfg = MemoryApi|Any CPU
		{195903BB-C9CE-4FE4-83E8-EF1E97E73653}.MemoryApi|iPhoneSimulator.Build.0 = MemoryApi|Any CPU
		{195903BB-C9CE-4FE4-83E8-EF1E97E73653}.MemoryApi|x64.ActiveCfg = MemoryApi|Any CPU
		{195903BB-C9CE-4FE4-83E8-EF1E97E73653}.MemoryApi|x64.Build.0 = MemoryApi|Any CPU
		{195903BB-C9CE-4FE4-83E8-EF1E97E73653}.MemoryApi|x86.ActiveCfg = MemoryApi|Any CPU
		{195903BB-C9CE-4FE4-83E8-EF1E97E73653}.MemoryApi|x86.Build.0 = MemoryApi|Any CPU
		{195903BB-C9CE-4FE4-83E8-EF1E97E73653}.MemoryClient.Web-Release|Any CPU.ActiveCfg = MemoryClient.Web-Release|Any CPU
		{195903BB-C9CE-4FE4-83E8-EF1E97E73653}.MemoryClient.Web-Release|Any CPU.Build.0 = MemoryClient.Web-Release|Any CPU
		{195903BB-C9CE-4FE4-83E8-EF1E97E73653}.MemoryClient.Web-Release|ARM.ActiveCfg = MemoryClient.Web-Release|Any CPU
		{195903BB-C9CE-4FE4-83E8-EF1E97E73653}.MemoryClient.Web-Release|ARM.Build.0 = MemoryClient.Web-Release|Any CPU
		{195903BB-C9CE-4FE4-83E8-EF1E97E73653}.MemoryClient.Web-Release|iPhone.ActiveCfg = MemoryClient.Web-Release|Any CPU
		{195903BB-C9CE-4FE4-83E8-EF1E97E73653}.MemoryClient.Web-Release|iPhone.Build.0 = MemoryClient.Web-Release|Any CPU
		{195903BB-C9CE-4FE4-83E8-EF1E97E73653}.MemoryClient.Web-Release|iPhoneSimulator.ActiveCfg = MemoryClient.Web-Release|Any CPU
		{195903BB-C9CE-4FE4-83E8-EF1E97E73653}.MemoryClient.Web-Release|iPhoneSimulator.Build.0 = MemoryClient.Web-Release|Any CPU
		{195903BB-C9CE-4FE4-83E8-EF1E97E73653}.MemoryClient.Web-Release|x64.ActiveCfg = MemoryClient.Web-Release|Any CPU
		{195903BB-C9CE-4FE4-83E8-EF1E97E73653}.MemoryClient.Web-Release|x64.Build.0 = MemoryClient.Web-Release|Any CPU
		{195903BB-C9CE-4FE4-83E8-EF1E97E73653}.MemoryClient.Web-Release|x86.ActiveCfg = MemoryClient.Web-Release|Any CPU
		{195903BB-C9CE-4FE4-83E8-EF1E97E73653}.MemoryClient.Web-Release|x86.Build.0 = MemoryClient.Web-Release|Any CPU
		{195903BB-C9CE-4FE4-83E8-EF1E97E73653}.Release|Any CPU.ActiveCfg = Release|Any CPU
		{195903BB-C9CE-4FE4-83E8-EF1E97E73653}.Release|Any CPU.Build.0 = Release|Any CPU
		{195903BB-C9CE-4FE4-83E8-EF1E97E73653}.Release|ARM.ActiveCfg = Release|Any CPU
		{195903BB-C9CE-4FE4-83E8-EF1E97E73653}.Release|ARM.Build.0 = Release|Any CPU
		{195903BB-C9CE-4FE4-83E8-EF1E97E73653}.Release|iPhone.ActiveCfg = Release|Any CPU
		{195903BB-C9CE-4FE4-83E8-EF1E97E73653}.Release|iPhone.Build.0 = Release|Any CPU
		{195903BB-C9CE-4FE4-83E8-EF1E97E73653}.Release|iPhoneSimulator.ActiveCfg = Release|Any CPU
		{195903BB-C9CE-4FE4-83E8-EF1E97E73653}.Release|iPhoneSimulator.Build.0 = Release|Any CPU
		{195903BB-C9CE-4FE4-83E8-EF1E97E73653}.Release|x64.ActiveCfg = Release|Any CPU
		{195903BB-C9CE-4FE4-83E8-EF1E97E73653}.Release|x64.Build.0 = Release|Any CPU
		{195903BB-C9CE-4FE4-83E8-EF1E97E73653}.Release|x86.ActiveCfg = Release|Any CPU
		{195903BB-C9CE-4FE4-83E8-EF1E97E73653}.Release|x86.Build.0 = Release|Any CPU
		{7849F184-8BA3-45B8-B3EF-A9C9E92B17EC}.Ad-Hoc|Any CPU.ActiveCfg = Release|x64
		{7849F184-8BA3-45B8-B3EF-A9C9E92B17EC}.Ad-Hoc|Any CPU.Build.0 = Release|x64
		{7849F184-8BA3-45B8-B3EF-A9C9E92B17EC}.Ad-Hoc|Any CPU.Deploy.0 = Release|x64
		{7849F184-8BA3-45B8-B3EF-A9C9E92B17EC}.Ad-Hoc|ARM.ActiveCfg = Release|ARM
		{7849F184-8BA3-45B8-B3EF-A9C9E92B17EC}.Ad-Hoc|ARM.Build.0 = Release|ARM
		{7849F184-8BA3-45B8-B3EF-A9C9E92B17EC}.Ad-Hoc|ARM.Deploy.0 = Release|ARM
		{7849F184-8BA3-45B8-B3EF-A9C9E92B17EC}.Ad-Hoc|iPhone.ActiveCfg = Release|x64
		{7849F184-8BA3-45B8-B3EF-A9C9E92B17EC}.Ad-Hoc|iPhone.Build.0 = Release|x64
		{7849F184-8BA3-45B8-B3EF-A9C9E92B17EC}.Ad-Hoc|iPhone.Deploy.0 = Release|x64
		{7849F184-8BA3-45B8-B3EF-A9C9E92B17EC}.Ad-Hoc|iPhoneSimulator.ActiveCfg = Release|x64
		{7849F184-8BA3-45B8-B3EF-A9C9E92B17EC}.Ad-Hoc|iPhoneSimulator.Build.0 = Release|x64
		{7849F184-8BA3-45B8-B3EF-A9C9E92B17EC}.Ad-Hoc|iPhoneSimulator.Deploy.0 = Release|x64
		{7849F184-8BA3-45B8-B3EF-A9C9E92B17EC}.Ad-Hoc|x64.ActiveCfg = Release|x64
		{7849F184-8BA3-45B8-B3EF-A9C9E92B17EC}.Ad-Hoc|x64.Build.0 = Release|x64
		{7849F184-8BA3-45B8-B3EF-A9C9E92B17EC}.Ad-Hoc|x64.Deploy.0 = Release|x64
		{7849F184-8BA3-45B8-B3EF-A9C9E92B17EC}.Ad-Hoc|x86.ActiveCfg = Release|x86
		{7849F184-8BA3-45B8-B3EF-A9C9E92B17EC}.Ad-Hoc|x86.Build.0 = Release|x86
		{7849F184-8BA3-45B8-B3EF-A9C9E92B17EC}.Ad-Hoc|x86.Deploy.0 = Release|x86
		{7849F184-8BA3-45B8-B3EF-A9C9E92B17EC}.AppStore|Any CPU.ActiveCfg = Release|x64
		{7849F184-8BA3-45B8-B3EF-A9C9E92B17EC}.AppStore|Any CPU.Build.0 = Release|x64
		{7849F184-8BA3-45B8-B3EF-A9C9E92B17EC}.AppStore|Any CPU.Deploy.0 = Release|x64
		{7849F184-8BA3-45B8-B3EF-A9C9E92B17EC}.AppStore|ARM.ActiveCfg = Release|ARM
		{7849F184-8BA3-45B8-B3EF-A9C9E92B17EC}.AppStore|ARM.Build.0 = Release|ARM
		{7849F184-8BA3-45B8-B3EF-A9C9E92B17EC}.AppStore|ARM.Deploy.0 = Release|ARM
		{7849F184-8BA3-45B8-B3EF-A9C9E92B17EC}.AppStore|iPhone.ActiveCfg = Release|x64
		{7849F184-8BA3-45B8-B3EF-A9C9E92B17EC}.AppStore|iPhone.Build.0 = Release|x64
		{7849F184-8BA3-45B8-B3EF-A9C9E92B17EC}.AppStore|iPhone.Deploy.0 = Release|x64
		{7849F184-8BA3-45B8-B3EF-A9C9E92B17EC}.AppStore|iPhoneSimulator.ActiveCfg = Release|x64
		{7849F184-8BA3-45B8-B3EF-A9C9E92B17EC}.AppStore|iPhoneSimulator.Build.0 = Release|x64
		{7849F184-8BA3-45B8-B3EF-A9C9E92B17EC}.AppStore|iPhoneSimulator.Deploy.0 = Release|x64
		{7849F184-8BA3-45B8-B3EF-A9C9E92B17EC}.AppStore|x64.ActiveCfg = Release|x64
		{7849F184-8BA3-45B8-B3EF-A9C9E92B17EC}.AppStore|x64.Build.0 = Release|x64
		{7849F184-8BA3-45B8-B3EF-A9C9E92B17EC}.AppStore|x64.Deploy.0 = Release|x64
		{7849F184-8BA3-45B8-B3EF-A9C9E92B17EC}.AppStore|x86.ActiveCfg = Release|x86
		{7849F184-8BA3-45B8-B3EF-A9C9E92B17EC}.AppStore|x86.Build.0 = Release|x86
		{7849F184-8BA3-45B8-B3EF-A9C9E92B17EC}.AppStore|x86.Deploy.0 = Release|x86
		{7849F184-8BA3-45B8-B3EF-A9C9E92B17EC}.Debug|Any CPU.ActiveCfg = Debug|x86
		{7849F184-8BA3-45B8-B3EF-A9C9E92B17EC}.Debug|ARM.ActiveCfg = Debug|ARM
		{7849F184-8BA3-45B8-B3EF-A9C9E92B17EC}.Debug|ARM.Build.0 = Debug|ARM
		{7849F184-8BA3-45B8-B3EF-A9C9E92B17EC}.Debug|ARM.Deploy.0 = Debug|ARM
		{7849F184-8BA3-45B8-B3EF-A9C9E92B17EC}.Debug|iPhone.ActiveCfg = Debug|x86
		{7849F184-8BA3-45B8-B3EF-A9C9E92B17EC}.Debug|iPhoneSimulator.ActiveCfg = Debug|x86
		{7849F184-8BA3-45B8-B3EF-A9C9E92B17EC}.Debug|x64.ActiveCfg = Debug|x64
		{7849F184-8BA3-45B8-B3EF-A9C9E92B17EC}.Debug|x64.Build.0 = Debug|x64
		{7849F184-8BA3-45B8-B3EF-A9C9E92B17EC}.Debug|x64.Deploy.0 = Debug|x64
		{7849F184-8BA3-45B8-B3EF-A9C9E92B17EC}.Debug|x86.ActiveCfg = Debug|x86
		{7849F184-8BA3-45B8-B3EF-A9C9E92B17EC}.Debug|x86.Build.0 = Debug|x86
		{7849F184-8BA3-45B8-B3EF-A9C9E92B17EC}.Debug|x86.Deploy.0 = Debug|x86
		{7849F184-8BA3-45B8-B3EF-A9C9E92B17EC}.MemoryApi|Any CPU.ActiveCfg = Release|x64
		{7849F184-8BA3-45B8-B3EF-A9C9E92B17EC}.MemoryApi|Any CPU.Build.0 = Release|x64
		{7849F184-8BA3-45B8-B3EF-A9C9E92B17EC}.MemoryApi|Any CPU.Deploy.0 = Release|x64
		{7849F184-8BA3-45B8-B3EF-A9C9E92B17EC}.MemoryApi|ARM.ActiveCfg = Release|ARM
		{7849F184-8BA3-45B8-B3EF-A9C9E92B17EC}.MemoryApi|ARM.Build.0 = Release|ARM
		{7849F184-8BA3-45B8-B3EF-A9C9E92B17EC}.MemoryApi|ARM.Deploy.0 = Release|ARM
		{7849F184-8BA3-45B8-B3EF-A9C9E92B17EC}.MemoryApi|iPhone.ActiveCfg = Release|x64
		{7849F184-8BA3-45B8-B3EF-A9C9E92B17EC}.MemoryApi|iPhone.Build.0 = Release|x64
		{7849F184-8BA3-45B8-B3EF-A9C9E92B17EC}.MemoryApi|iPhone.Deploy.0 = Release|x64
		{7849F184-8BA3-45B8-B3EF-A9C9E92B17EC}.MemoryApi|iPhoneSimulator.ActiveCfg = Release|x64
		{7849F184-8BA3-45B8-B3EF-A9C9E92B17EC}.MemoryApi|iPhoneSimulator.Build.0 = Release|x64
		{7849F184-8BA3-45B8-B3EF-A9C9E92B17EC}.MemoryApi|iPhoneSimulator.Deploy.0 = Release|x64
		{7849F184-8BA3-45B8-B3EF-A9C9E92B17EC}.MemoryApi|x64.ActiveCfg = Release|x64
		{7849F184-8BA3-45B8-B3EF-A9C9E92B17EC}.MemoryApi|x64.Build.0 = Release|x64
		{7849F184-8BA3-45B8-B3EF-A9C9E92B17EC}.MemoryApi|x64.Deploy.0 = Release|x64
		{7849F184-8BA3-45B8-B3EF-A9C9E92B17EC}.MemoryApi|x86.ActiveCfg = Release|x86
		{7849F184-8BA3-45B8-B3EF-A9C9E92B17EC}.MemoryApi|x86.Build.0 = Release|x86
		{7849F184-8BA3-45B8-B3EF-A9C9E92B17EC}.MemoryApi|x86.Deploy.0 = Release|x86
		{7849F184-8BA3-45B8-B3EF-A9C9E92B17EC}.MemoryClient.Web-Release|Any CPU.ActiveCfg = Release|x64
		{7849F184-8BA3-45B8-B3EF-A9C9E92B17EC}.MemoryClient.Web-Release|Any CPU.Build.0 = Release|x64
		{7849F184-8BA3-45B8-B3EF-A9C9E92B17EC}.MemoryClient.Web-Release|Any CPU.Deploy.0 = Release|x64
		{7849F184-8BA3-45B8-B3EF-A9C9E92B17EC}.MemoryClient.Web-Release|ARM.ActiveCfg = Release|ARM
		{7849F184-8BA3-45B8-B3EF-A9C9E92B17EC}.MemoryClient.Web-Release|ARM.Build.0 = Release|ARM
		{7849F184-8BA3-45B8-B3EF-A9C9E92B17EC}.MemoryClient.Web-Release|ARM.Deploy.0 = Release|ARM
		{7849F184-8BA3-45B8-B3EF-A9C9E92B17EC}.MemoryClient.Web-Release|iPhone.ActiveCfg = Release|x64
		{7849F184-8BA3-45B8-B3EF-A9C9E92B17EC}.MemoryClient.Web-Release|iPhone.Build.0 = Release|x64
		{7849F184-8BA3-45B8-B3EF-A9C9E92B17EC}.MemoryClient.Web-Release|iPhone.Deploy.0 = Release|x64
		{7849F184-8BA3-45B8-B3EF-A9C9E92B17EC}.MemoryClient.Web-Release|iPhoneSimulator.ActiveCfg = Release|x64
		{7849F184-8BA3-45B8-B3EF-A9C9E92B17EC}.MemoryClient.Web-Release|iPhoneSimulator.Build.0 = Release|x64
		{7849F184-8BA3-45B8-B3EF-A9C9E92B17EC}.MemoryClient.Web-Release|iPhoneSimulator.Deploy.0 = Release|x64
		{7849F184-8BA3-45B8-B3EF-A9C9E92B17EC}.MemoryClient.Web-Release|x64.ActiveCfg = Release|x64
		{7849F184-8BA3-45B8-B3EF-A9C9E92B17EC}.MemoryClient.Web-Release|x64.Build.0 = Release|x64
		{7849F184-8BA3-45B8-B3EF-A9C9E92B17EC}.MemoryClient.Web-Release|x64.Deploy.0 = Release|x64
		{7849F184-8BA3-45B8-B3EF-A9C9E92B17EC}.MemoryClient.Web-Release|x86.ActiveCfg = Release|x86
		{7849F184-8BA3-45B8-B3EF-A9C9E92B17EC}.MemoryClient.Web-Release|x86.Build.0 = Release|x86
		{7849F184-8BA3-45B8-B3EF-A9C9E92B17EC}.MemoryClient.Web-Release|x86.Deploy.0 = Release|x86
		{7849F184-8BA3-45B8-B3EF-A9C9E92B17EC}.Release|Any CPU.ActiveCfg = Release|x86
		{7849F184-8BA3-45B8-B3EF-A9C9E92B17EC}.Release|ARM.ActiveCfg = Release|ARM
		{7849F184-8BA3-45B8-B3EF-A9C9E92B17EC}.Release|ARM.Build.0 = Release|ARM
		{7849F184-8BA3-45B8-B3EF-A9C9E92B17EC}.Release|ARM.Deploy.0 = Release|ARM
		{7849F184-8BA3-45B8-B3EF-A9C9E92B17EC}.Release|iPhone.ActiveCfg = Release|x86
		{7849F184-8BA3-45B8-B3EF-A9C9E92B17EC}.Release|iPhoneSimulator.ActiveCfg = Release|x86
		{7849F184-8BA3-45B8-B3EF-A9C9E92B17EC}.Release|x64.ActiveCfg = Release|x64
		{7849F184-8BA3-45B8-B3EF-A9C9E92B17EC}.Release|x64.Build.0 = Release|x64
		{7849F184-8BA3-45B8-B3EF-A9C9E92B17EC}.Release|x64.Deploy.0 = Release|x64
		{7849F184-8BA3-45B8-B3EF-A9C9E92B17EC}.Release|x86.ActiveCfg = Release|x86
		{7849F184-8BA3-45B8-B3EF-A9C9E92B17EC}.Release|x86.Build.0 = Release|x86
		{7849F184-8BA3-45B8-B3EF-A9C9E92B17EC}.Release|x86.Deploy.0 = Release|x86
		{DEC7028C-208A-4C28-9D8E-1F467C297560}.Ad-Hoc|Any CPU.ActiveCfg = Release|Any CPU
		{DEC7028C-208A-4C28-9D8E-1F467C297560}.Ad-Hoc|Any CPU.Build.0 = Release|Any CPU
		{DEC7028C-208A-4C28-9D8E-1F467C297560}.Ad-Hoc|Any CPU.Deploy.0 = Release|Any CPU
		{DEC7028C-208A-4C28-9D8E-1F467C297560}.Ad-Hoc|ARM.ActiveCfg = Release|Any CPU
		{DEC7028C-208A-4C28-9D8E-1F467C297560}.Ad-Hoc|ARM.Build.0 = Release|Any CPU
		{DEC7028C-208A-4C28-9D8E-1F467C297560}.Ad-Hoc|ARM.Deploy.0 = Release|Any CPU
		{DEC7028C-208A-4C28-9D8E-1F467C297560}.Ad-Hoc|iPhone.ActiveCfg = Release|Any CPU
		{DEC7028C-208A-4C28-9D8E-1F467C297560}.Ad-Hoc|iPhone.Build.0 = Release|Any CPU
		{DEC7028C-208A-4C28-9D8E-1F467C297560}.Ad-Hoc|iPhone.Deploy.0 = Release|Any CPU
		{DEC7028C-208A-4C28-9D8E-1F467C297560}.Ad-Hoc|iPhoneSimulator.ActiveCfg = Release|Any CPU
		{DEC7028C-208A-4C28-9D8E-1F467C297560}.Ad-Hoc|iPhoneSimulator.Build.0 = Release|Any CPU
		{DEC7028C-208A-4C28-9D8E-1F467C297560}.Ad-Hoc|iPhoneSimulator.Deploy.0 = Release|Any CPU
		{DEC7028C-208A-4C28-9D8E-1F467C297560}.Ad-Hoc|x64.ActiveCfg = Release|Any CPU
		{DEC7028C-208A-4C28-9D8E-1F467C297560}.Ad-Hoc|x64.Build.0 = Release|Any CPU
		{DEC7028C-208A-4C28-9D8E-1F467C297560}.Ad-Hoc|x64.Deploy.0 = Release|Any CPU
		{DEC7028C-208A-4C28-9D8E-1F467C297560}.Ad-Hoc|x86.ActiveCfg = Release|Any CPU
		{DEC7028C-208A-4C28-9D8E-1F467C297560}.Ad-Hoc|x86.Build.0 = Release|Any CPU
		{DEC7028C-208A-4C28-9D8E-1F467C297560}.Ad-Hoc|x86.Deploy.0 = Release|Any CPU
		{DEC7028C-208A-4C28-9D8E-1F467C297560}.AppStore|Any CPU.ActiveCfg = Release|Any CPU
		{DEC7028C-208A-4C28-9D8E-1F467C297560}.AppStore|Any CPU.Build.0 = Release|Any CPU
		{DEC7028C-208A-4C28-9D8E-1F467C297560}.AppStore|Any CPU.Deploy.0 = Release|Any CPU
		{DEC7028C-208A-4C28-9D8E-1F467C297560}.AppStore|ARM.ActiveCfg = Release|Any CPU
		{DEC7028C-208A-4C28-9D8E-1F467C297560}.AppStore|ARM.Build.0 = Release|Any CPU
		{DEC7028C-208A-4C28-9D8E-1F467C297560}.AppStore|ARM.Deploy.0 = Release|Any CPU
		{DEC7028C-208A-4C28-9D8E-1F467C297560}.AppStore|iPhone.ActiveCfg = Release|Any CPU
		{DEC7028C-208A-4C28-9D8E-1F467C297560}.AppStore|iPhone.Build.0 = Release|Any CPU
		{DEC7028C-208A-4C28-9D8E-1F467C297560}.AppStore|iPhone.Deploy.0 = Release|Any CPU
		{DEC7028C-208A-4C28-9D8E-1F467C297560}.AppStore|iPhoneSimulator.ActiveCfg = Release|Any CPU
		{DEC7028C-208A-4C28-9D8E-1F467C297560}.AppStore|iPhoneSimulator.Build.0 = Release|Any CPU
		{DEC7028C-208A-4C28-9D8E-1F467C297560}.AppStore|iPhoneSimulator.Deploy.0 = Release|Any CPU
		{DEC7028C-208A-4C28-9D8E-1F467C297560}.AppStore|x64.ActiveCfg = Release|Any CPU
		{DEC7028C-208A-4C28-9D8E-1F467C297560}.AppStore|x64.Build.0 = Release|Any CPU
		{DEC7028C-208A-4C28-9D8E-1F467C297560}.AppStore|x64.Deploy.0 = Release|Any CPU
		{DEC7028C-208A-4C28-9D8E-1F467C297560}.AppStore|x86.ActiveCfg = Release|Any CPU
		{DEC7028C-208A-4C28-9D8E-1F467C297560}.AppStore|x86.Build.0 = Release|Any CPU
		{DEC7028C-208A-4C28-9D8E-1F467C297560}.AppStore|x86.Deploy.0 = Release|Any CPU
		{DEC7028C-208A-4C28-9D8E-1F467C297560}.Debug|Any CPU.ActiveCfg = Debug|Any CPU
		{DEC7028C-208A-4C28-9D8E-1F467C297560}.Debug|Any CPU.Build.0 = Debug|Any CPU
		{DEC7028C-208A-4C28-9D8E-1F467C297560}.Debug|Any CPU.Deploy.0 = Debug|Any CPU
		{DEC7028C-208A-4C28-9D8E-1F467C297560}.Debug|ARM.ActiveCfg = Debug|Any CPU
		{DEC7028C-208A-4C28-9D8E-1F467C297560}.Debug|ARM.Build.0 = Debug|Any CPU
		{DEC7028C-208A-4C28-9D8E-1F467C297560}.Debug|ARM.Deploy.0 = Debug|Any CPU
		{DEC7028C-208A-4C28-9D8E-1F467C297560}.Debug|iPhone.ActiveCfg = Debug|Any CPU
		{DEC7028C-208A-4C28-9D8E-1F467C297560}.Debug|iPhone.Build.0 = Debug|Any CPU
		{DEC7028C-208A-4C28-9D8E-1F467C297560}.Debug|iPhone.Deploy.0 = Debug|Any CPU
		{DEC7028C-208A-4C28-9D8E-1F467C297560}.Debug|iPhoneSimulator.ActiveCfg = Debug|Any CPU
		{DEC7028C-208A-4C28-9D8E-1F467C297560}.Debug|iPhoneSimulator.Build.0 = Debug|Any CPU
		{DEC7028C-208A-4C28-9D8E-1F467C297560}.Debug|iPhoneSimulator.Deploy.0 = Debug|Any CPU
		{DEC7028C-208A-4C28-9D8E-1F467C297560}.Debug|x64.ActiveCfg = Debug|Any CPU
		{DEC7028C-208A-4C28-9D8E-1F467C297560}.Debug|x64.Build.0 = Debug|Any CPU
		{DEC7028C-208A-4C28-9D8E-1F467C297560}.Debug|x64.Deploy.0 = Debug|Any CPU
		{DEC7028C-208A-4C28-9D8E-1F467C297560}.Debug|x86.ActiveCfg = Debug|Any CPU
		{DEC7028C-208A-4C28-9D8E-1F467C297560}.Debug|x86.Build.0 = Debug|Any CPU
		{DEC7028C-208A-4C28-9D8E-1F467C297560}.Debug|x86.Deploy.0 = Debug|Any CPU
		{DEC7028C-208A-4C28-9D8E-1F467C297560}.MemoryApi|Any CPU.ActiveCfg = Release|Any CPU
		{DEC7028C-208A-4C28-9D8E-1F467C297560}.MemoryApi|Any CPU.Build.0 = Release|Any CPU
		{DEC7028C-208A-4C28-9D8E-1F467C297560}.MemoryApi|Any CPU.Deploy.0 = Release|Any CPU
		{DEC7028C-208A-4C28-9D8E-1F467C297560}.MemoryApi|ARM.ActiveCfg = Release|Any CPU
		{DEC7028C-208A-4C28-9D8E-1F467C297560}.MemoryApi|ARM.Build.0 = Release|Any CPU
		{DEC7028C-208A-4C28-9D8E-1F467C297560}.MemoryApi|ARM.Deploy.0 = Release|Any CPU
		{DEC7028C-208A-4C28-9D8E-1F467C297560}.MemoryApi|iPhone.ActiveCfg = Release|Any CPU
		{DEC7028C-208A-4C28-9D8E-1F467C297560}.MemoryApi|iPhone.Build.0 = Release|Any CPU
		{DEC7028C-208A-4C28-9D8E-1F467C297560}.MemoryApi|iPhone.Deploy.0 = Release|Any CPU
		{DEC7028C-208A-4C28-9D8E-1F467C297560}.MemoryApi|iPhoneSimulator.ActiveCfg = Release|Any CPU
		{DEC7028C-208A-4C28-9D8E-1F467C297560}.MemoryApi|iPhoneSimulator.Build.0 = Release|Any CPU
		{DEC7028C-208A-4C28-9D8E-1F467C297560}.MemoryApi|iPhoneSimulator.Deploy.0 = Release|Any CPU
		{DEC7028C-208A-4C28-9D8E-1F467C297560}.MemoryApi|x64.ActiveCfg = Release|Any CPU
		{DEC7028C-208A-4C28-9D8E-1F467C297560}.MemoryApi|x64.Build.0 = Release|Any CPU
		{DEC7028C-208A-4C28-9D8E-1F467C297560}.MemoryApi|x64.Deploy.0 = Release|Any CPU
		{DEC7028C-208A-4C28-9D8E-1F467C297560}.MemoryApi|x86.ActiveCfg = Release|Any CPU
		{DEC7028C-208A-4C28-9D8E-1F467C297560}.MemoryApi|x86.Build.0 = Release|Any CPU
		{DEC7028C-208A-4C28-9D8E-1F467C297560}.MemoryApi|x86.Deploy.0 = Release|Any CPU
		{DEC7028C-208A-4C28-9D8E-1F467C297560}.MemoryClient.Web-Release|Any CPU.ActiveCfg = Release|Any CPU
		{DEC7028C-208A-4C28-9D8E-1F467C297560}.MemoryClient.Web-Release|Any CPU.Build.0 = Release|Any CPU
		{DEC7028C-208A-4C28-9D8E-1F467C297560}.MemoryClient.Web-Release|Any CPU.Deploy.0 = Release|Any CPU
		{DEC7028C-208A-4C28-9D8E-1F467C297560}.MemoryClient.Web-Release|ARM.ActiveCfg = Release|Any CPU
		{DEC7028C-208A-4C28-9D8E-1F467C297560}.MemoryClient.Web-Release|ARM.Build.0 = Release|Any CPU
		{DEC7028C-208A-4C28-9D8E-1F467C297560}.MemoryClient.Web-Release|ARM.Deploy.0 = Release|Any CPU
		{DEC7028C-208A-4C28-9D8E-1F467C297560}.MemoryClient.Web-Release|iPhone.ActiveCfg = Release|Any CPU
		{DEC7028C-208A-4C28-9D8E-1F467C297560}.MemoryClient.Web-Release|iPhone.Build.0 = Release|Any CPU
		{DEC7028C-208A-4C28-9D8E-1F467C297560}.MemoryClient.Web-Release|iPhone.Deploy.0 = Release|Any CPU
		{DEC7028C-208A-4C28-9D8E-1F467C297560}.MemoryClient.Web-Release|iPhoneSimulator.ActiveCfg = Release|Any CPU
		{DEC7028C-208A-4C28-9D8E-1F467C297560}.MemoryClient.Web-Release|iPhoneSimulator.Build.0 = Release|Any CPU
		{DEC7028C-208A-4C28-9D8E-1F467C297560}.MemoryClient.Web-Release|iPhoneSimulator.Deploy.0 = Release|Any CPU
		{DEC7028C-208A-4C28-9D8E-1F467C297560}.MemoryClient.Web-Release|x64.ActiveCfg = Release|Any CPU
		{DEC7028C-208A-4C28-9D8E-1F467C297560}.MemoryClient.Web-Release|x64.Build.0 = Release|Any CPU
		{DEC7028C-208A-4C28-9D8E-1F467C297560}.MemoryClient.Web-Release|x64.Deploy.0 = Release|Any CPU
		{DEC7028C-208A-4C28-9D8E-1F467C297560}.MemoryClient.Web-Release|x86.ActiveCfg = Release|Any CPU
		{DEC7028C-208A-4C28-9D8E-1F467C297560}.MemoryClient.Web-Release|x86.Build.0 = Release|Any CPU
		{DEC7028C-208A-4C28-9D8E-1F467C297560}.MemoryClient.Web-Release|x86.Deploy.0 = Release|Any CPU
		{DEC7028C-208A-4C28-9D8E-1F467C297560}.Release|Any CPU.ActiveCfg = Release|Any CPU
		{DEC7028C-208A-4C28-9D8E-1F467C297560}.Release|Any CPU.Build.0 = Release|Any CPU
		{DEC7028C-208A-4C28-9D8E-1F467C297560}.Release|Any CPU.Deploy.0 = Release|Any CPU
		{DEC7028C-208A-4C28-9D8E-1F467C297560}.Release|ARM.ActiveCfg = Release|Any CPU
		{DEC7028C-208A-4C28-9D8E-1F467C297560}.Release|ARM.Build.0 = Release|Any CPU
		{DEC7028C-208A-4C28-9D8E-1F467C297560}.Release|ARM.Deploy.0 = Release|Any CPU
		{DEC7028C-208A-4C28-9D8E-1F467C297560}.Release|iPhone.ActiveCfg = Release|Any CPU
		{DEC7028C-208A-4C28-9D8E-1F467C297560}.Release|iPhone.Build.0 = Release|Any CPU
		{DEC7028C-208A-4C28-9D8E-1F467C297560}.Release|iPhone.Deploy.0 = Release|Any CPU
		{DEC7028C-208A-4C28-9D8E-1F467C297560}.Release|iPhoneSimulator.ActiveCfg = Release|Any CPU
		{DEC7028C-208A-4C28-9D8E-1F467C297560}.Release|iPhoneSimulator.Build.0 = Release|Any CPU
		{DEC7028C-208A-4C28-9D8E-1F467C297560}.Release|iPhoneSimulator.Deploy.0 = Release|Any CPU
		{DEC7028C-208A-4C28-9D8E-1F467C297560}.Release|x64.ActiveCfg = Release|Any CPU
		{DEC7028C-208A-4C28-9D8E-1F467C297560}.Release|x64.Build.0 = Release|Any CPU
		{DEC7028C-208A-4C28-9D8E-1F467C297560}.Release|x64.Deploy.0 = Release|Any CPU
		{DEC7028C-208A-4C28-9D8E-1F467C297560}.Release|x86.ActiveCfg = Release|Any CPU
		{DEC7028C-208A-4C28-9D8E-1F467C297560}.Release|x86.Build.0 = Release|Any CPU
		{DEC7028C-208A-4C28-9D8E-1F467C297560}.Release|x86.Deploy.0 = Release|Any CPU
		{72E75281-ED77-490A-8D87-A00FAC121E0F}.Ad-Hoc|Any CPU.ActiveCfg = Release|Any CPU
		{72E75281-ED77-490A-8D87-A00FAC121E0F}.Ad-Hoc|Any CPU.Build.0 = Release|Any CPU
		{72E75281-ED77-490A-8D87-A00FAC121E0F}.Ad-Hoc|ARM.ActiveCfg = Release|Any CPU
		{72E75281-ED77-490A-8D87-A00FAC121E0F}.Ad-Hoc|ARM.Build.0 = Release|Any CPU
		{72E75281-ED77-490A-8D87-A00FAC121E0F}.Ad-Hoc|iPhone.ActiveCfg = Release|Any CPU
		{72E75281-ED77-490A-8D87-A00FAC121E0F}.Ad-Hoc|iPhone.Build.0 = Release|Any CPU
		{72E75281-ED77-490A-8D87-A00FAC121E0F}.Ad-Hoc|iPhoneSimulator.ActiveCfg = Release|Any CPU
		{72E75281-ED77-490A-8D87-A00FAC121E0F}.Ad-Hoc|iPhoneSimulator.Build.0 = Release|Any CPU
		{72E75281-ED77-490A-8D87-A00FAC121E0F}.Ad-Hoc|x64.ActiveCfg = Release|Any CPU
		{72E75281-ED77-490A-8D87-A00FAC121E0F}.Ad-Hoc|x64.Build.0 = Release|Any CPU
		{72E75281-ED77-490A-8D87-A00FAC121E0F}.Ad-Hoc|x86.ActiveCfg = Release|Any CPU
		{72E75281-ED77-490A-8D87-A00FAC121E0F}.Ad-Hoc|x86.Build.0 = Release|Any CPU
		{72E75281-ED77-490A-8D87-A00FAC121E0F}.AppStore|Any CPU.ActiveCfg = Release|Any CPU
		{72E75281-ED77-490A-8D87-A00FAC121E0F}.AppStore|Any CPU.Build.0 = Release|Any CPU
		{72E75281-ED77-490A-8D87-A00FAC121E0F}.AppStore|ARM.ActiveCfg = Release|Any CPU
		{72E75281-ED77-490A-8D87-A00FAC121E0F}.AppStore|ARM.Build.0 = Release|Any CPU
		{72E75281-ED77-490A-8D87-A00FAC121E0F}.AppStore|iPhone.ActiveCfg = Release|Any CPU
		{72E75281-ED77-490A-8D87-A00FAC121E0F}.AppStore|iPhone.Build.0 = Release|Any CPU
		{72E75281-ED77-490A-8D87-A00FAC121E0F}.AppStore|iPhoneSimulator.ActiveCfg = Release|Any CPU
		{72E75281-ED77-490A-8D87-A00FAC121E0F}.AppStore|iPhoneSimulator.Build.0 = Release|Any CPU
		{72E75281-ED77-490A-8D87-A00FAC121E0F}.AppStore|x64.ActiveCfg = Release|Any CPU
		{72E75281-ED77-490A-8D87-A00FAC121E0F}.AppStore|x64.Build.0 = Release|Any CPU
		{72E75281-ED77-490A-8D87-A00FAC121E0F}.AppStore|x86.ActiveCfg = Release|Any CPU
		{72E75281-ED77-490A-8D87-A00FAC121E0F}.AppStore|x86.Build.0 = Release|Any CPU
		{72E75281-ED77-490A-8D87-A00FAC121E0F}.Debug|Any CPU.ActiveCfg = Debug|Any CPU
		{72E75281-ED77-490A-8D87-A00FAC121E0F}.Debug|Any CPU.Build.0 = Debug|Any CPU
		{72E75281-ED77-490A-8D87-A00FAC121E0F}.Debug|ARM.ActiveCfg = Debug|Any CPU
		{72E75281-ED77-490A-8D87-A00FAC121E0F}.Debug|ARM.Build.0 = Debug|Any CPU
		{72E75281-ED77-490A-8D87-A00FAC121E0F}.Debug|iPhone.ActiveCfg = Debug|Any CPU
		{72E75281-ED77-490A-8D87-A00FAC121E0F}.Debug|iPhone.Build.0 = Debug|Any CPU
		{72E75281-ED77-490A-8D87-A00FAC121E0F}.Debug|iPhoneSimulator.ActiveCfg = Debug|Any CPU
		{72E75281-ED77-490A-8D87-A00FAC121E0F}.Debug|iPhoneSimulator.Build.0 = Debug|Any CPU
		{72E75281-ED77-490A-8D87-A00FAC121E0F}.Debug|x64.ActiveCfg = Debug|Any CPU
		{72E75281-ED77-490A-8D87-A00FAC121E0F}.Debug|x64.Build.0 = Debug|Any CPU
		{72E75281-ED77-490A-8D87-A00FAC121E0F}.Debug|x86.ActiveCfg = Debug|Any CPU
		{72E75281-ED77-490A-8D87-A00FAC121E0F}.Debug|x86.Build.0 = Debug|Any CPU
		{72E75281-ED77-490A-8D87-A00FAC121E0F}.MemoryApi|Any CPU.ActiveCfg = Release|Any CPU
		{72E75281-ED77-490A-8D87-A00FAC121E0F}.MemoryApi|Any CPU.Build.0 = Release|Any CPU
		{72E75281-ED77-490A-8D87-A00FAC121E0F}.MemoryApi|ARM.ActiveCfg = Release|Any CPU
		{72E75281-ED77-490A-8D87-A00FAC121E0F}.MemoryApi|ARM.Build.0 = Release|Any CPU
		{72E75281-ED77-490A-8D87-A00FAC121E0F}.MemoryApi|iPhone.ActiveCfg = Release|Any CPU
		{72E75281-ED77-490A-8D87-A00FAC121E0F}.MemoryApi|iPhone.Build.0 = Release|Any CPU
		{72E75281-ED77-490A-8D87-A00FAC121E0F}.MemoryApi|iPhoneSimulator.ActiveCfg = Release|Any CPU
		{72E75281-ED77-490A-8D87-A00FAC121E0F}.MemoryApi|iPhoneSimulator.Build.0 = Release|Any CPU
		{72E75281-ED77-490A-8D87-A00FAC121E0F}.MemoryApi|x64.ActiveCfg = Release|Any CPU
		{72E75281-ED77-490A-8D87-A00FAC121E0F}.MemoryApi|x64.Build.0 = Release|Any CPU
		{72E75281-ED77-490A-8D87-A00FAC121E0F}.MemoryApi|x86.ActiveCfg = Release|Any CPU
		{72E75281-ED77-490A-8D87-A00FAC121E0F}.MemoryApi|x86.Build.0 = Release|Any CPU
		{72E75281-ED77-490A-8D87-A00FAC121E0F}.MemoryClient.Web-Release|Any CPU.ActiveCfg = Release|Any CPU
		{72E75281-ED77-490A-8D87-A00FAC121E0F}.MemoryClient.Web-Release|Any CPU.Build.0 = Release|Any CPU
		{72E75281-ED77-490A-8D87-A00FAC121E0F}.MemoryClient.Web-Release|ARM.ActiveCfg = Release|Any CPU
		{72E75281-ED77-490A-8D87-A00FAC121E0F}.MemoryClient.Web-Release|ARM.Build.0 = Release|Any CPU
		{72E75281-ED77-490A-8D87-A00FAC121E0F}.MemoryClient.Web-Release|iPhone.ActiveCfg = Release|Any CPU
		{72E75281-ED77-490A-8D87-A00FAC121E0F}.MemoryClient.Web-Release|iPhone.Build.0 = Release|Any CPU
		{72E75281-ED77-490A-8D87-A00FAC121E0F}.MemoryClient.Web-Release|iPhoneSimulator.ActiveCfg = Release|Any CPU
		{72E75281-ED77-490A-8D87-A00FAC121E0F}.MemoryClient.Web-Release|iPhoneSimulator.Build.0 = Release|Any CPU
		{72E75281-ED77-490A-8D87-A00FAC121E0F}.MemoryClient.Web-Release|x64.ActiveCfg = Release|Any CPU
		{72E75281-ED77-490A-8D87-A00FAC121E0F}.MemoryClient.Web-Release|x64.Build.0 = Release|Any CPU
		{72E75281-ED77-490A-8D87-A00FAC121E0F}.MemoryClient.Web-Release|x86.ActiveCfg = Release|Any CPU
		{72E75281-ED77-490A-8D87-A00FAC121E0F}.MemoryClient.Web-Release|x86.Build.0 = Release|Any CPU
		{72E75281-ED77-490A-8D87-A00FAC121E0F}.Release|Any CPU.ActiveCfg = Release|Any CPU
		{72E75281-ED77-490A-8D87-A00FAC121E0F}.Release|Any CPU.Build.0 = Release|Any CPU
		{72E75281-ED77-490A-8D87-A00FAC121E0F}.Release|ARM.ActiveCfg = Release|Any CPU
		{72E75281-ED77-490A-8D87-A00FAC121E0F}.Release|ARM.Build.0 = Release|Any CPU
		{72E75281-ED77-490A-8D87-A00FAC121E0F}.Release|iPhone.ActiveCfg = Release|Any CPU
		{72E75281-ED77-490A-8D87-A00FAC121E0F}.Release|iPhone.Build.0 = Release|Any CPU
		{72E75281-ED77-490A-8D87-A00FAC121E0F}.Release|iPhoneSimulator.ActiveCfg = Release|Any CPU
		{72E75281-ED77-490A-8D87-A00FAC121E0F}.Release|iPhoneSimulator.Build.0 = Release|Any CPU
		{72E75281-ED77-490A-8D87-A00FAC121E0F}.Release|x64.ActiveCfg = Release|Any CPU
		{72E75281-ED77-490A-8D87-A00FAC121E0F}.Release|x64.Build.0 = Release|Any CPU
		{72E75281-ED77-490A-8D87-A00FAC121E0F}.Release|x86.ActiveCfg = Release|Any CPU
		{72E75281-ED77-490A-8D87-A00FAC121E0F}.Release|x86.Build.0 = Release|Any CPU
		{6854F8B1-6DD8-48AC-9A00-33FC82DE66A8}.Ad-Hoc|Any CPU.ActiveCfg = Ad-Hoc|iPhone
		{6854F8B1-6DD8-48AC-9A00-33FC82DE66A8}.Ad-Hoc|ARM.ActiveCfg = Ad-Hoc|iPhone
		{6854F8B1-6DD8-48AC-9A00-33FC82DE66A8}.Ad-Hoc|iPhone.ActiveCfg = Ad-Hoc|iPhone
		{6854F8B1-6DD8-48AC-9A00-33FC82DE66A8}.Ad-Hoc|iPhone.Build.0 = Ad-Hoc|iPhone
		{6854F8B1-6DD8-48AC-9A00-33FC82DE66A8}.Ad-Hoc|iPhoneSimulator.ActiveCfg = Ad-Hoc|iPhoneSimulator
		{6854F8B1-6DD8-48AC-9A00-33FC82DE66A8}.Ad-Hoc|iPhoneSimulator.Build.0 = Ad-Hoc|iPhoneSimulator
		{6854F8B1-6DD8-48AC-9A00-33FC82DE66A8}.Ad-Hoc|x64.ActiveCfg = Ad-Hoc|iPhone
		{6854F8B1-6DD8-48AC-9A00-33FC82DE66A8}.Ad-Hoc|x86.ActiveCfg = Ad-Hoc|iPhone
		{6854F8B1-6DD8-48AC-9A00-33FC82DE66A8}.AppStore|Any CPU.ActiveCfg = AppStore|iPhone
		{6854F8B1-6DD8-48AC-9A00-33FC82DE66A8}.AppStore|ARM.ActiveCfg = AppStore|iPhone
		{6854F8B1-6DD8-48AC-9A00-33FC82DE66A8}.AppStore|iPhone.ActiveCfg = AppStore|iPhone
		{6854F8B1-6DD8-48AC-9A00-33FC82DE66A8}.AppStore|iPhone.Build.0 = AppStore|iPhone
		{6854F8B1-6DD8-48AC-9A00-33FC82DE66A8}.AppStore|iPhoneSimulator.ActiveCfg = AppStore|iPhoneSimulator
		{6854F8B1-6DD8-48AC-9A00-33FC82DE66A8}.AppStore|iPhoneSimulator.Build.0 = AppStore|iPhoneSimulator
		{6854F8B1-6DD8-48AC-9A00-33FC82DE66A8}.AppStore|x64.ActiveCfg = AppStore|iPhone
		{6854F8B1-6DD8-48AC-9A00-33FC82DE66A8}.AppStore|x86.ActiveCfg = AppStore|iPhone
		{6854F8B1-6DD8-48AC-9A00-33FC82DE66A8}.Debug|Any CPU.ActiveCfg = Debug|iPhone
		{6854F8B1-6DD8-48AC-9A00-33FC82DE66A8}.Debug|ARM.ActiveCfg = Debug|iPhone
		{6854F8B1-6DD8-48AC-9A00-33FC82DE66A8}.Debug|iPhone.ActiveCfg = Debug|iPhone
		{6854F8B1-6DD8-48AC-9A00-33FC82DE66A8}.Debug|iPhone.Build.0 = Debug|iPhone
		{6854F8B1-6DD8-48AC-9A00-33FC82DE66A8}.Debug|iPhoneSimulator.ActiveCfg = Debug|iPhoneSimulator
		{6854F8B1-6DD8-48AC-9A00-33FC82DE66A8}.Debug|iPhoneSimulator.Build.0 = Debug|iPhoneSimulator
		{6854F8B1-6DD8-48AC-9A00-33FC82DE66A8}.Debug|x64.ActiveCfg = Debug|iPhone
		{6854F8B1-6DD8-48AC-9A00-33FC82DE66A8}.Debug|x86.ActiveCfg = Debug|iPhone
		{6854F8B1-6DD8-48AC-9A00-33FC82DE66A8}.MemoryApi|Any CPU.ActiveCfg = AppStore|iPhone
		{6854F8B1-6DD8-48AC-9A00-33FC82DE66A8}.MemoryApi|Any CPU.Build.0 = AppStore|iPhone
		{6854F8B1-6DD8-48AC-9A00-33FC82DE66A8}.MemoryApi|ARM.ActiveCfg = AppStore|iPhone
		{6854F8B1-6DD8-48AC-9A00-33FC82DE66A8}.MemoryApi|ARM.Build.0 = AppStore|iPhone
		{6854F8B1-6DD8-48AC-9A00-33FC82DE66A8}.MemoryApi|iPhone.ActiveCfg = AppStore|iPhone
		{6854F8B1-6DD8-48AC-9A00-33FC82DE66A8}.MemoryApi|iPhone.Build.0 = AppStore|iPhone
		{6854F8B1-6DD8-48AC-9A00-33FC82DE66A8}.MemoryApi|iPhoneSimulator.ActiveCfg = AppStore|iPhoneSimulator
		{6854F8B1-6DD8-48AC-9A00-33FC82DE66A8}.MemoryApi|iPhoneSimulator.Build.0 = AppStore|iPhoneSimulator
		{6854F8B1-6DD8-48AC-9A00-33FC82DE66A8}.MemoryApi|x64.ActiveCfg = AppStore|iPhone
		{6854F8B1-6DD8-48AC-9A00-33FC82DE66A8}.MemoryApi|x64.Build.0 = AppStore|iPhone
		{6854F8B1-6DD8-48AC-9A00-33FC82DE66A8}.MemoryApi|x86.ActiveCfg = AppStore|iPhone
		{6854F8B1-6DD8-48AC-9A00-33FC82DE66A8}.MemoryApi|x86.Build.0 = AppStore|iPhone
		{6854F8B1-6DD8-48AC-9A00-33FC82DE66A8}.MemoryClient.Web-Release|Any CPU.ActiveCfg = AppStore|iPhone
		{6854F8B1-6DD8-48AC-9A00-33FC82DE66A8}.MemoryClient.Web-Release|Any CPU.Build.0 = AppStore|iPhone
		{6854F8B1-6DD8-48AC-9A00-33FC82DE66A8}.MemoryClient.Web-Release|ARM.ActiveCfg = AppStore|iPhone
		{6854F8B1-6DD8-48AC-9A00-33FC82DE66A8}.MemoryClient.Web-Release|ARM.Build.0 = AppStore|iPhone
		{6854F8B1-6DD8-48AC-9A00-33FC82DE66A8}.MemoryClient.Web-Release|iPhone.ActiveCfg = Release|iPhone
		{6854F8B1-6DD8-48AC-9A00-33FC82DE66A8}.MemoryClient.Web-Release|iPhone.Build.0 = Release|iPhone
		{6854F8B1-6DD8-48AC-9A00-33FC82DE66A8}.MemoryClient.Web-Release|iPhoneSimulator.ActiveCfg = Release|iPhoneSimulator
		{6854F8B1-6DD8-48AC-9A00-33FC82DE66A8}.MemoryClient.Web-Release|iPhoneSimulator.Build.0 = Release|iPhoneSimulator
		{6854F8B1-6DD8-48AC-9A00-33FC82DE66A8}.MemoryClient.Web-Release|x64.ActiveCfg = AppStore|iPhone
		{6854F8B1-6DD8-48AC-9A00-33FC82DE66A8}.MemoryClient.Web-Release|x64.Build.0 = AppStore|iPhone
		{6854F8B1-6DD8-48AC-9A00-33FC82DE66A8}.MemoryClient.Web-Release|x86.ActiveCfg = AppStore|iPhone
		{6854F8B1-6DD8-48AC-9A00-33FC82DE66A8}.MemoryClient.Web-Release|x86.Build.0 = AppStore|iPhone
		{6854F8B1-6DD8-48AC-9A00-33FC82DE66A8}.Release|Any CPU.ActiveCfg = Release|iPhone
		{6854F8B1-6DD8-48AC-9A00-33FC82DE66A8}.Release|ARM.ActiveCfg = Release|iPhone
		{6854F8B1-6DD8-48AC-9A00-33FC82DE66A8}.Release|iPhone.ActiveCfg = Release|iPhone
		{6854F8B1-6DD8-48AC-9A00-33FC82DE66A8}.Release|iPhone.Build.0 = Release|iPhone
		{6854F8B1-6DD8-48AC-9A00-33FC82DE66A8}.Release|iPhoneSimulator.ActiveCfg = Release|iPhoneSimulator
		{6854F8B1-6DD8-48AC-9A00-33FC82DE66A8}.Release|iPhoneSimulator.Build.0 = Release|iPhoneSimulator
		{6854F8B1-6DD8-48AC-9A00-33FC82DE66A8}.Release|x64.ActiveCfg = Release|iPhone
		{6854F8B1-6DD8-48AC-9A00-33FC82DE66A8}.Release|x86.ActiveCfg = Release|iPhone
		{D55F91B7-9C10-4BBC-8A93-94AC6FEA6D22}.Ad-Hoc|Any CPU.ActiveCfg = Release|x64
		{D55F91B7-9C10-4BBC-8A93-94AC6FEA6D22}.Ad-Hoc|Any CPU.Build.0 = Release|x64
		{D55F91B7-9C10-4BBC-8A93-94AC6FEA6D22}.Ad-Hoc|Any CPU.Deploy.0 = Release|x64
		{D55F91B7-9C10-4BBC-8A93-94AC6FEA6D22}.Ad-Hoc|ARM.ActiveCfg = Release|ARM
		{D55F91B7-9C10-4BBC-8A93-94AC6FEA6D22}.Ad-Hoc|ARM.Build.0 = Release|ARM
		{D55F91B7-9C10-4BBC-8A93-94AC6FEA6D22}.Ad-Hoc|ARM.Deploy.0 = Release|ARM
		{D55F91B7-9C10-4BBC-8A93-94AC6FEA6D22}.Ad-Hoc|iPhone.ActiveCfg = Release|x64
		{D55F91B7-9C10-4BBC-8A93-94AC6FEA6D22}.Ad-Hoc|iPhone.Build.0 = Release|x64
		{D55F91B7-9C10-4BBC-8A93-94AC6FEA6D22}.Ad-Hoc|iPhone.Deploy.0 = Release|x64
		{D55F91B7-9C10-4BBC-8A93-94AC6FEA6D22}.Ad-Hoc|iPhoneSimulator.ActiveCfg = Release|x64
		{D55F91B7-9C10-4BBC-8A93-94AC6FEA6D22}.Ad-Hoc|iPhoneSimulator.Build.0 = Release|x64
		{D55F91B7-9C10-4BBC-8A93-94AC6FEA6D22}.Ad-Hoc|iPhoneSimulator.Deploy.0 = Release|x64
		{D55F91B7-9C10-4BBC-8A93-94AC6FEA6D22}.Ad-Hoc|x64.ActiveCfg = Release|x64
		{D55F91B7-9C10-4BBC-8A93-94AC6FEA6D22}.Ad-Hoc|x64.Build.0 = Release|x64
		{D55F91B7-9C10-4BBC-8A93-94AC6FEA6D22}.Ad-Hoc|x64.Deploy.0 = Release|x64
		{D55F91B7-9C10-4BBC-8A93-94AC6FEA6D22}.Ad-Hoc|x86.ActiveCfg = Release|x86
		{D55F91B7-9C10-4BBC-8A93-94AC6FEA6D22}.Ad-Hoc|x86.Build.0 = Release|x86
		{D55F91B7-9C10-4BBC-8A93-94AC6FEA6D22}.Ad-Hoc|x86.Deploy.0 = Release|x86
		{D55F91B7-9C10-4BBC-8A93-94AC6FEA6D22}.AppStore|Any CPU.ActiveCfg = Release|x64
		{D55F91B7-9C10-4BBC-8A93-94AC6FEA6D22}.AppStore|Any CPU.Build.0 = Release|x64
		{D55F91B7-9C10-4BBC-8A93-94AC6FEA6D22}.AppStore|Any CPU.Deploy.0 = Release|x64
		{D55F91B7-9C10-4BBC-8A93-94AC6FEA6D22}.AppStore|ARM.ActiveCfg = Release|ARM
		{D55F91B7-9C10-4BBC-8A93-94AC6FEA6D22}.AppStore|ARM.Build.0 = Release|ARM
		{D55F91B7-9C10-4BBC-8A93-94AC6FEA6D22}.AppStore|ARM.Deploy.0 = Release|ARM
		{D55F91B7-9C10-4BBC-8A93-94AC6FEA6D22}.AppStore|iPhone.ActiveCfg = Release|x64
		{D55F91B7-9C10-4BBC-8A93-94AC6FEA6D22}.AppStore|iPhone.Build.0 = Release|x64
		{D55F91B7-9C10-4BBC-8A93-94AC6FEA6D22}.AppStore|iPhone.Deploy.0 = Release|x64
		{D55F91B7-9C10-4BBC-8A93-94AC6FEA6D22}.AppStore|iPhoneSimulator.ActiveCfg = Release|x64
		{D55F91B7-9C10-4BBC-8A93-94AC6FEA6D22}.AppStore|iPhoneSimulator.Build.0 = Release|x64
		{D55F91B7-9C10-4BBC-8A93-94AC6FEA6D22}.AppStore|iPhoneSimulator.Deploy.0 = Release|x64
		{D55F91B7-9C10-4BBC-8A93-94AC6FEA6D22}.AppStore|x64.ActiveCfg = Release|x64
		{D55F91B7-9C10-4BBC-8A93-94AC6FEA6D22}.AppStore|x64.Build.0 = Release|x64
		{D55F91B7-9C10-4BBC-8A93-94AC6FEA6D22}.AppStore|x64.Deploy.0 = Release|x64
		{D55F91B7-9C10-4BBC-8A93-94AC6FEA6D22}.AppStore|x86.ActiveCfg = Release|x86
		{D55F91B7-9C10-4BBC-8A93-94AC6FEA6D22}.AppStore|x86.Build.0 = Release|x86
		{D55F91B7-9C10-4BBC-8A93-94AC6FEA6D22}.AppStore|x86.Deploy.0 = Release|x86
		{D55F91B7-9C10-4BBC-8A93-94AC6FEA6D22}.Debug|Any CPU.ActiveCfg = Debug|x86
		{D55F91B7-9C10-4BBC-8A93-94AC6FEA6D22}.Debug|ARM.ActiveCfg = Debug|ARM
		{D55F91B7-9C10-4BBC-8A93-94AC6FEA6D22}.Debug|ARM.Build.0 = Debug|ARM
		{D55F91B7-9C10-4BBC-8A93-94AC6FEA6D22}.Debug|ARM.Deploy.0 = Debug|ARM
		{D55F91B7-9C10-4BBC-8A93-94AC6FEA6D22}.Debug|iPhone.ActiveCfg = Debug|x86
		{D55F91B7-9C10-4BBC-8A93-94AC6FEA6D22}.Debug|iPhoneSimulator.ActiveCfg = Debug|x86
		{D55F91B7-9C10-4BBC-8A93-94AC6FEA6D22}.Debug|x64.ActiveCfg = Debug|x64
		{D55F91B7-9C10-4BBC-8A93-94AC6FEA6D22}.Debug|x64.Build.0 = Debug|x64
		{D55F91B7-9C10-4BBC-8A93-94AC6FEA6D22}.Debug|x64.Deploy.0 = Debug|x64
		{D55F91B7-9C10-4BBC-8A93-94AC6FEA6D22}.Debug|x86.ActiveCfg = Debug|x86
		{D55F91B7-9C10-4BBC-8A93-94AC6FEA6D22}.Debug|x86.Build.0 = Debug|x86
		{D55F91B7-9C10-4BBC-8A93-94AC6FEA6D22}.Debug|x86.Deploy.0 = Debug|x86
		{D55F91B7-9C10-4BBC-8A93-94AC6FEA6D22}.MemoryApi|Any CPU.ActiveCfg = Release|x64
		{D55F91B7-9C10-4BBC-8A93-94AC6FEA6D22}.MemoryApi|Any CPU.Build.0 = Release|x64
		{D55F91B7-9C10-4BBC-8A93-94AC6FEA6D22}.MemoryApi|Any CPU.Deploy.0 = Release|x64
		{D55F91B7-9C10-4BBC-8A93-94AC6FEA6D22}.MemoryApi|ARM.ActiveCfg = Release|ARM
		{D55F91B7-9C10-4BBC-8A93-94AC6FEA6D22}.MemoryApi|ARM.Build.0 = Release|ARM
		{D55F91B7-9C10-4BBC-8A93-94AC6FEA6D22}.MemoryApi|ARM.Deploy.0 = Release|ARM
		{D55F91B7-9C10-4BBC-8A93-94AC6FEA6D22}.MemoryApi|iPhone.ActiveCfg = Release|x64
		{D55F91B7-9C10-4BBC-8A93-94AC6FEA6D22}.MemoryApi|iPhone.Build.0 = Release|x64
		{D55F91B7-9C10-4BBC-8A93-94AC6FEA6D22}.MemoryApi|iPhone.Deploy.0 = Release|x64
		{D55F91B7-9C10-4BBC-8A93-94AC6FEA6D22}.MemoryApi|iPhoneSimulator.ActiveCfg = Release|x64
		{D55F91B7-9C10-4BBC-8A93-94AC6FEA6D22}.MemoryApi|iPhoneSimulator.Build.0 = Release|x64
		{D55F91B7-9C10-4BBC-8A93-94AC6FEA6D22}.MemoryApi|iPhoneSimulator.Deploy.0 = Release|x64
		{D55F91B7-9C10-4BBC-8A93-94AC6FEA6D22}.MemoryApi|x64.ActiveCfg = Release|x64
		{D55F91B7-9C10-4BBC-8A93-94AC6FEA6D22}.MemoryApi|x64.Build.0 = Release|x64
		{D55F91B7-9C10-4BBC-8A93-94AC6FEA6D22}.MemoryApi|x64.Deploy.0 = Release|x64
		{D55F91B7-9C10-4BBC-8A93-94AC6FEA6D22}.MemoryApi|x86.ActiveCfg = Release|x86
		{D55F91B7-9C10-4BBC-8A93-94AC6FEA6D22}.MemoryApi|x86.Build.0 = Release|x86
		{D55F91B7-9C10-4BBC-8A93-94AC6FEA6D22}.MemoryApi|x86.Deploy.0 = Release|x86
		{D55F91B7-9C10-4BBC-8A93-94AC6FEA6D22}.MemoryClient.Web-Release|Any CPU.ActiveCfg = Release|x64
		{D55F91B7-9C10-4BBC-8A93-94AC6FEA6D22}.MemoryClient.Web-Release|Any CPU.Build.0 = Release|x64
		{D55F91B7-9C10-4BBC-8A93-94AC6FEA6D22}.MemoryClient.Web-Release|Any CPU.Deploy.0 = Release|x64
		{D55F91B7-9C10-4BBC-8A93-94AC6FEA6D22}.MemoryClient.Web-Release|ARM.ActiveCfg = Release|ARM
		{D55F91B7-9C10-4BBC-8A93-94AC6FEA6D22}.MemoryClient.Web-Release|ARM.Build.0 = Release|ARM
		{D55F91B7-9C10-4BBC-8A93-94AC6FEA6D22}.MemoryClient.Web-Release|ARM.Deploy.0 = Release|ARM
		{D55F91B7-9C10-4BBC-8A93-94AC6FEA6D22}.MemoryClient.Web-Release|iPhone.ActiveCfg = Release|x64
		{D55F91B7-9C10-4BBC-8A93-94AC6FEA6D22}.MemoryClient.Web-Release|iPhone.Build.0 = Release|x64
		{D55F91B7-9C10-4BBC-8A93-94AC6FEA6D22}.MemoryClient.Web-Release|iPhone.Deploy.0 = Release|x64
		{D55F91B7-9C10-4BBC-8A93-94AC6FEA6D22}.MemoryClient.Web-Release|iPhoneSimulator.ActiveCfg = Release|x64
		{D55F91B7-9C10-4BBC-8A93-94AC6FEA6D22}.MemoryClient.Web-Release|iPhoneSimulator.Build.0 = Release|x64
		{D55F91B7-9C10-4BBC-8A93-94AC6FEA6D22}.MemoryClient.Web-Release|iPhoneSimulator.Deploy.0 = Release|x64
		{D55F91B7-9C10-4BBC-8A93-94AC6FEA6D22}.MemoryClient.Web-Release|x64.ActiveCfg = Release|x64
		{D55F91B7-9C10-4BBC-8A93-94AC6FEA6D22}.MemoryClient.Web-Release|x64.Build.0 = Release|x64
		{D55F91B7-9C10-4BBC-8A93-94AC6FEA6D22}.MemoryClient.Web-Release|x64.Deploy.0 = Release|x64
		{D55F91B7-9C10-4BBC-8A93-94AC6FEA6D22}.MemoryClient.Web-Release|x86.ActiveCfg = Release|x86
		{D55F91B7-9C10-4BBC-8A93-94AC6FEA6D22}.MemoryClient.Web-Release|x86.Build.0 = Release|x86
		{D55F91B7-9C10-4BBC-8A93-94AC6FEA6D22}.MemoryClient.Web-Release|x86.Deploy.0 = Release|x86
		{D55F91B7-9C10-4BBC-8A93-94AC6FEA6D22}.Release|Any CPU.ActiveCfg = Release|x86
		{D55F91B7-9C10-4BBC-8A93-94AC6FEA6D22}.Release|ARM.ActiveCfg = Release|ARM
		{D55F91B7-9C10-4BBC-8A93-94AC6FEA6D22}.Release|ARM.Build.0 = Release|ARM
		{D55F91B7-9C10-4BBC-8A93-94AC6FEA6D22}.Release|ARM.Deploy.0 = Release|ARM
		{D55F91B7-9C10-4BBC-8A93-94AC6FEA6D22}.Release|iPhone.ActiveCfg = Release|x86
		{D55F91B7-9C10-4BBC-8A93-94AC6FEA6D22}.Release|iPhoneSimulator.ActiveCfg = Release|x86
		{D55F91B7-9C10-4BBC-8A93-94AC6FEA6D22}.Release|x64.ActiveCfg = Release|x64
		{D55F91B7-9C10-4BBC-8A93-94AC6FEA6D22}.Release|x64.Build.0 = Release|x64
		{D55F91B7-9C10-4BBC-8A93-94AC6FEA6D22}.Release|x64.Deploy.0 = Release|x64
		{D55F91B7-9C10-4BBC-8A93-94AC6FEA6D22}.Release|x86.ActiveCfg = Release|x86
		{D55F91B7-9C10-4BBC-8A93-94AC6FEA6D22}.Release|x86.Build.0 = Release|x86
		{D55F91B7-9C10-4BBC-8A93-94AC6FEA6D22}.Release|x86.Deploy.0 = Release|x86
		{054E43BE-CCC7-4C7B-998B-F317673C3E8D}.Ad-Hoc|Any CPU.ActiveCfg = Release|Any CPU
		{054E43BE-CCC7-4C7B-998B-F317673C3E8D}.Ad-Hoc|Any CPU.Build.0 = Release|Any CPU
		{054E43BE-CCC7-4C7B-998B-F317673C3E8D}.Ad-Hoc|ARM.ActiveCfg = Release|Any CPU
		{054E43BE-CCC7-4C7B-998B-F317673C3E8D}.Ad-Hoc|ARM.Build.0 = Release|Any CPU
		{054E43BE-CCC7-4C7B-998B-F317673C3E8D}.Ad-Hoc|iPhone.ActiveCfg = Release|Any CPU
		{054E43BE-CCC7-4C7B-998B-F317673C3E8D}.Ad-Hoc|iPhone.Build.0 = Release|Any CPU
		{054E43BE-CCC7-4C7B-998B-F317673C3E8D}.Ad-Hoc|iPhoneSimulator.ActiveCfg = Release|Any CPU
		{054E43BE-CCC7-4C7B-998B-F317673C3E8D}.Ad-Hoc|iPhoneSimulator.Build.0 = Release|Any CPU
		{054E43BE-CCC7-4C7B-998B-F317673C3E8D}.Ad-Hoc|x64.ActiveCfg = Release|Any CPU
		{054E43BE-CCC7-4C7B-998B-F317673C3E8D}.Ad-Hoc|x64.Build.0 = Release|Any CPU
		{054E43BE-CCC7-4C7B-998B-F317673C3E8D}.Ad-Hoc|x86.ActiveCfg = Release|Any CPU
		{054E43BE-CCC7-4C7B-998B-F317673C3E8D}.Ad-Hoc|x86.Build.0 = Release|Any CPU
		{054E43BE-CCC7-4C7B-998B-F317673C3E8D}.AppStore|Any CPU.ActiveCfg = Release|Any CPU
		{054E43BE-CCC7-4C7B-998B-F317673C3E8D}.AppStore|Any CPU.Build.0 = Release|Any CPU
		{054E43BE-CCC7-4C7B-998B-F317673C3E8D}.AppStore|ARM.ActiveCfg = Release|Any CPU
		{054E43BE-CCC7-4C7B-998B-F317673C3E8D}.AppStore|ARM.Build.0 = Release|Any CPU
		{054E43BE-CCC7-4C7B-998B-F317673C3E8D}.AppStore|iPhone.ActiveCfg = Release|Any CPU
		{054E43BE-CCC7-4C7B-998B-F317673C3E8D}.AppStore|iPhone.Build.0 = Release|Any CPU
		{054E43BE-CCC7-4C7B-998B-F317673C3E8D}.AppStore|iPhoneSimulator.ActiveCfg = Release|Any CPU
		{054E43BE-CCC7-4C7B-998B-F317673C3E8D}.AppStore|iPhoneSimulator.Build.0 = Release|Any CPU
		{054E43BE-CCC7-4C7B-998B-F317673C3E8D}.AppStore|x64.ActiveCfg = Release|Any CPU
		{054E43BE-CCC7-4C7B-998B-F317673C3E8D}.AppStore|x64.Build.0 = Release|Any CPU
		{054E43BE-CCC7-4C7B-998B-F317673C3E8D}.AppStore|x86.ActiveCfg = Release|Any CPU
		{054E43BE-CCC7-4C7B-998B-F317673C3E8D}.AppStore|x86.Build.0 = Release|Any CPU
		{054E43BE-CCC7-4C7B-998B-F317673C3E8D}.Debug|Any CPU.ActiveCfg = Debug|Any CPU
		{054E43BE-CCC7-4C7B-998B-F317673C3E8D}.Debug|Any CPU.Build.0 = Debug|Any CPU
		{054E43BE-CCC7-4C7B-998B-F317673C3E8D}.Debug|ARM.ActiveCfg = Debug|Any CPU
		{054E43BE-CCC7-4C7B-998B-F317673C3E8D}.Debug|ARM.Build.0 = Debug|Any CPU
		{054E43BE-CCC7-4C7B-998B-F317673C3E8D}.Debug|iPhone.ActiveCfg = Debug|Any CPU
		{054E43BE-CCC7-4C7B-998B-F317673C3E8D}.Debug|iPhone.Build.0 = Debug|Any CPU
		{054E43BE-CCC7-4C7B-998B-F317673C3E8D}.Debug|iPhoneSimulator.ActiveCfg = Debug|Any CPU
		{054E43BE-CCC7-4C7B-998B-F317673C3E8D}.Debug|iPhoneSimulator.Build.0 = Debug|Any CPU
		{054E43BE-CCC7-4C7B-998B-F317673C3E8D}.Debug|x64.ActiveCfg = Debug|Any CPU
		{054E43BE-CCC7-4C7B-998B-F317673C3E8D}.Debug|x64.Build.0 = Debug|Any CPU
		{054E43BE-CCC7-4C7B-998B-F317673C3E8D}.Debug|x86.ActiveCfg = Debug|Any CPU
		{054E43BE-CCC7-4C7B-998B-F317673C3E8D}.Debug|x86.Build.0 = Debug|Any CPU
		{054E43BE-CCC7-4C7B-998B-F317673C3E8D}.MemoryApi|Any CPU.ActiveCfg = Release|Any CPU
		{054E43BE-CCC7-4C7B-998B-F317673C3E8D}.MemoryApi|Any CPU.Build.0 = Release|Any CPU
		{054E43BE-CCC7-4C7B-998B-F317673C3E8D}.MemoryApi|ARM.ActiveCfg = Release|Any CPU
		{054E43BE-CCC7-4C7B-998B-F317673C3E8D}.MemoryApi|ARM.Build.0 = Release|Any CPU
		{054E43BE-CCC7-4C7B-998B-F317673C3E8D}.MemoryApi|iPhone.ActiveCfg = Release|Any CPU
		{054E43BE-CCC7-4C7B-998B-F317673C3E8D}.MemoryApi|iPhone.Build.0 = Release|Any CPU
		{054E43BE-CCC7-4C7B-998B-F317673C3E8D}.MemoryApi|iPhoneSimulator.ActiveCfg = Release|Any CPU
		{054E43BE-CCC7-4C7B-998B-F317673C3E8D}.MemoryApi|iPhoneSimulator.Build.0 = Release|Any CPU
		{054E43BE-CCC7-4C7B-998B-F317673C3E8D}.MemoryApi|x64.ActiveCfg = Release|Any CPU
		{054E43BE-CCC7-4C7B-998B-F317673C3E8D}.MemoryApi|x64.Build.0 = Release|Any CPU
		{054E43BE-CCC7-4C7B-998B-F317673C3E8D}.MemoryApi|x86.ActiveCfg = Release|Any CPU
		{054E43BE-CCC7-4C7B-998B-F317673C3E8D}.MemoryApi|x86.Build.0 = Release|Any CPU
		{054E43BE-CCC7-4C7B-998B-F317673C3E8D}.MemoryClient.Web-Release|Any CPU.ActiveCfg = Release|Any CPU
		{054E43BE-CCC7-4C7B-998B-F317673C3E8D}.MemoryClient.Web-Release|Any CPU.Build.0 = Release|Any CPU
		{054E43BE-CCC7-4C7B-998B-F317673C3E8D}.MemoryClient.Web-Release|ARM.ActiveCfg = Release|Any CPU
		{054E43BE-CCC7-4C7B-998B-F317673C3E8D}.MemoryClient.Web-Release|ARM.Build.0 = Release|Any CPU
		{054E43BE-CCC7-4C7B-998B-F317673C3E8D}.MemoryClient.Web-Release|iPhone.ActiveCfg = Release|Any CPU
		{054E43BE-CCC7-4C7B-998B-F317673C3E8D}.MemoryClient.Web-Release|iPhone.Build.0 = Release|Any CPU
		{054E43BE-CCC7-4C7B-998B-F317673C3E8D}.MemoryClient.Web-Release|iPhoneSimulator.ActiveCfg = Release|Any CPU
		{054E43BE-CCC7-4C7B-998B-F317673C3E8D}.MemoryClient.Web-Release|iPhoneSimulator.Build.0 = Release|Any CPU
		{054E43BE-CCC7-4C7B-998B-F317673C3E8D}.MemoryClient.Web-Release|x64.ActiveCfg = Release|Any CPU
		{054E43BE-CCC7-4C7B-998B-F317673C3E8D}.MemoryClient.Web-Release|x64.Build.0 = Release|Any CPU
		{054E43BE-CCC7-4C7B-998B-F317673C3E8D}.MemoryClient.Web-Release|x86.ActiveCfg = Release|Any CPU
		{054E43BE-CCC7-4C7B-998B-F317673C3E8D}.MemoryClient.Web-Release|x86.Build.0 = Release|Any CPU
		{054E43BE-CCC7-4C7B-998B-F317673C3E8D}.Release|Any CPU.ActiveCfg = Release|Any CPU
		{054E43BE-CCC7-4C7B-998B-F317673C3E8D}.Release|Any CPU.Build.0 = Release|Any CPU
		{054E43BE-CCC7-4C7B-998B-F317673C3E8D}.Release|ARM.ActiveCfg = Release|Any CPU
		{054E43BE-CCC7-4C7B-998B-F317673C3E8D}.Release|ARM.Build.0 = Release|Any CPU
		{054E43BE-CCC7-4C7B-998B-F317673C3E8D}.Release|iPhone.ActiveCfg = Release|Any CPU
		{054E43BE-CCC7-4C7B-998B-F317673C3E8D}.Release|iPhone.Build.0 = Release|Any CPU
		{054E43BE-CCC7-4C7B-998B-F317673C3E8D}.Release|iPhoneSimulator.ActiveCfg = Release|Any CPU
		{054E43BE-CCC7-4C7B-998B-F317673C3E8D}.Release|iPhoneSimulator.Build.0 = Release|Any CPU
		{054E43BE-CCC7-4C7B-998B-F317673C3E8D}.Release|x64.ActiveCfg = Release|Any CPU
		{054E43BE-CCC7-4C7B-998B-F317673C3E8D}.Release|x64.Build.0 = Release|Any CPU
		{054E43BE-CCC7-4C7B-998B-F317673C3E8D}.Release|x86.ActiveCfg = Release|Any CPU
		{054E43BE-CCC7-4C7B-998B-F317673C3E8D}.Release|x86.Build.0 = Release|Any CPU
	EndGlobalSection
	GlobalSection(SolutionProperties) = preSolution
		HideSolutionNode = FALSE
	EndGlobalSection
	GlobalSection(ExtensibilityGlobals) = postSolution
		SolutionGuid = {2E82AFF3-1A97-44C4-9E84-034BCECFFFC0}
	EndGlobalSection
EndGlobal
