
Microsoft Visual Studio Solution File, Format Version 12.00
# Visual Studio 15
VisualStudioVersion = 15.0.26730.12
MinimumVisualStudioVersion = 10.0.40219.1
Project("{9A19103F-16F7-4668-BE54-9A1E7A4F7556}") = "MemoryClient.Desktop.MacOS", "MemoryClient.Desktop\MemoryClient.Desktop.MacOS\MemoryClient.Desktop.MacOS.csproj", "{8E70F929-E4EB-4302-AB0C-99D2BD6EB0F3}"
EndProject
Project("{9092AA53-FB77-4645-B42D-1CCCA6BD08BD}") = "MemoryClient.Web.Static", "MemoryClient.Web\MemoryClient.Web.Static\MemoryClient.Web.Static.njsproj", "{C2B3203C-68DB-4202-8F36-F29481411344}"
EndProject
Project("{9A19103F-16F7-4668-BE54-9A1E7A4F7556}") = "MemoryClient.Web.Functions", "MemoryClient.Web\MemoryClient.Web.Functions\MemoryClient.Web.Functions.csproj", "{195903BB-C9CE-4FE4-83E8-EF1E97E73653}"
EndProject
Project("{FAE04EC0-301F-11D3-BF4B-00C04F79EFBC}") = "MemoryClient.Desktop", "MemoryClient.Desktop\MemoryClient.Desktop\MemoryClient.Desktop.csproj", "{6A5C0272-67D5-4432-A1AC-9BF620C5086C}"
EndProject
Project("{FAE04EC0-301F-11D3-BF4B-00C04F79EFBC}") = "MemoryClient.Desktop.iOS", "MemoryClient.Desktop\MemoryClient.Desktop.iOS\MemoryClient.Desktop.iOS.csproj", "{49D75C83-0EA2-4693-95AC-B65A7D463F53}"
EndProject
Project("{FAE04EC0-301F-11D3-BF4B-00C04F79EFBC}") = "MemoryClient.Desktop.UWP", "MemoryClient.Desktop\MemoryClient.Desktop.UWP\MemoryClient.Desktop.UWP.csproj", "{F681C236-3C72-465C-9F65-386E4D7AD6F6}"
EndProject
Project("{FAE04EC0-301F-11D3-BF4B-00C04F79EFBC}") = "MemoryClient.Mobile", "MemoryClient.Mobile\MemoryClient.Mobile\MemoryClient.Mobile.csproj", "{A96733A9-BDD3-4C8A-984F-459A591F7126}"
EndProject
Project("{FAE04EC0-301F-11D3-BF4B-00C04F79EFBC}") = "MemoryClient.Mobile.Droid", "MemoryClient.Mobile\MemoryClient.Mobile.Droid\MemoryClient.Mobile.Droid.csproj", "{9DFAC6B3-8181-4342-B2A0-E32075A45EF1}"
EndProject
Project("{FAE04EC0-301F-11D3-BF4B-00C04F79EFBC}") = "MemoryClient.Mobile.iOS", "MemoryClient.Mobile\MemoryClient.Mobile.iOS\MemoryClient.Mobile.iOS.csproj", "{85B73A19-428D-4BAE-8529-C9A155ED4676}"
EndProject
Project("{FAE04EC0-301F-11D3-BF4B-00C04F79EFBC}") = "MemoryClient.Mobile.UWP", "MemoryClient.Mobile\MemoryClient.Mobile.UWP\MemoryClient.Mobile.UWP.csproj", "{9B37EC2C-BB06-4861-8C0D-0E5EDE40FCA8}"
EndProject
Project("{FAE04EC0-301F-11D3-BF4B-00C04F79EFBC}") = "MemoryClient.Xamarin", "MemoryClient.Xamarin\MemoryClient.Xamarin.csproj", "{E87DD65A-1104-4170-AE75-BB322769AA51}"
EndProject
Project("{FAE04EC0-301F-11D3-BF4B-00C04F79EFBC}") = "MemoryClient.Core", "MemoryClient.Core\MemoryClient.Core.csproj", "{F065B03C-330D-4187-99FA-A08302881115}"
EndProject
Global
	GlobalSection(SolutionConfigurationPlatforms) = preSolution
		Ad-Hoc|Any CPU = Ad-Hoc|Any CPU
		Ad-Hoc|ARM = Ad-Hoc|ARM
		Ad-Hoc|iPhone = Ad-Hoc|iPhone
		Ad-Hoc|iPhoneSimulator = Ad-Hoc|iPhoneSimulator
		Ad-Hoc|x64 = Ad-Hoc|x64
		Ad-Hoc|x86 = Ad-Hoc|x86
		AppStore|Any CPU = AppStore|Any CPU
		AppStore|ARM = AppStore|ARM
		AppStore|iPhone = AppStore|iPhone
		AppStore|iPhoneSimulator = AppStore|iPhoneSimulator
		AppStore|x64 = AppStore|x64
		AppStore|x86 = AppStore|x86
		Debug|Any CPU = Debug|Any CPU
		Debug|ARM = Debug|ARM
		Debug|iPhone = Debug|iPhone
		Debug|iPhoneSimulator = Debug|iPhoneSimulator
		Debug|x64 = Debug|x64
		Debug|x86 = Debug|x86
		MemoryApi|Any CPU = MemoryApi|Any CPU
		MemoryApi|ARM = MemoryApi|ARM
		MemoryApi|iPhone = MemoryApi|iPhone
		MemoryApi|iPhoneSimulator = MemoryApi|iPhoneSimulator
		MemoryApi|x64 = MemoryApi|x64
		MemoryApi|x86 = MemoryApi|x86
		MemoryClient.Web-Release|Any CPU = MemoryClient.Web-Release|Any CPU
		MemoryClient.Web-Release|ARM = MemoryClient.Web-Release|ARM
		MemoryClient.Web-Release|iPhone = MemoryClient.Web-Release|iPhone
		MemoryClient.Web-Release|iPhoneSimulator = MemoryClient.Web-Release|iPhoneSimulator
		MemoryClient.Web-Release|x64 = MemoryClient.Web-Release|x64
		MemoryClient.Web-Release|x86 = MemoryClient.Web-Release|x86
		Release|Any CPU = Release|Any CPU
		Release|ARM = Release|ARM
		Release|iPhone = Release|iPhone
		Release|iPhoneSimulator = Release|iPhoneSimulator
		Release|x64 = Release|x64
		Release|x86 = Release|x86
	EndGlobalSection
	GlobalSection(ProjectConfigurationPlatforms) = postSolution
		{8E70F929-E4EB-4302-AB0C-99D2BD6EB0F3}.Ad-Hoc|Any CPU.ActiveCfg = Debug|Any CPU
		{8E70F929-E4EB-4302-AB0C-99D2BD6EB0F3}.Ad-Hoc|Any CPU.Build.0 = Debug|Any CPU
		{8E70F929-E4EB-4302-AB0C-99D2BD6EB0F3}.Ad-Hoc|ARM.ActiveCfg = Debug|Any CPU
		{8E70F929-E4EB-4302-AB0C-99D2BD6EB0F3}.Ad-Hoc|ARM.Build.0 = Debug|Any CPU
		{8E70F929-E4EB-4302-AB0C-99D2BD6EB0F3}.Ad-Hoc|iPhone.ActiveCfg = Debug|Any CPU
		{8E70F929-E4EB-4302-AB0C-99D2BD6EB0F3}.Ad-Hoc|iPhone.Build.0 = Debug|Any CPU
		{8E70F929-E4EB-4302-AB0C-99D2BD6EB0F3}.Ad-Hoc|iPhoneSimulator.ActiveCfg = Debug|Any CPU
		{8E70F929-E4EB-4302-AB0C-99D2BD6EB0F3}.Ad-Hoc|iPhoneSimulator.Build.0 = Debug|Any CPU
		{8E70F929-E4EB-4302-AB0C-99D2BD6EB0F3}.Ad-Hoc|x64.ActiveCfg = Debug|Any CPU
		{8E70F929-E4EB-4302-AB0C-99D2BD6EB0F3}.Ad-Hoc|x64.Build.0 = Debug|Any CPU
		{8E70F929-E4EB-4302-AB0C-99D2BD6EB0F3}.Ad-Hoc|x86.ActiveCfg = Debug|Any CPU
		{8E70F929-E4EB-4302-AB0C-99D2BD6EB0F3}.Ad-Hoc|x86.Build.0 = Debug|Any CPU
		{8E70F929-E4EB-4302-AB0C-99D2BD6EB0F3}.AppStore|Any CPU.ActiveCfg = Debug|Any CPU
		{8E70F929-E4EB-4302-AB0C-99D2BD6EB0F3}.AppStore|Any CPU.Build.0 = Debug|Any CPU
		{8E70F929-E4EB-4302-AB0C-99D2BD6EB0F3}.AppStore|ARM.ActiveCfg = Debug|Any CPU
		{8E70F929-E4EB-4302-AB0C-99D2BD6EB0F3}.AppStore|ARM.Build.0 = Debug|Any CPU
		{8E70F929-E4EB-4302-AB0C-99D2BD6EB0F3}.AppStore|iPhone.ActiveCfg = Debug|Any CPU
		{8E70F929-E4EB-4302-AB0C-99D2BD6EB0F3}.AppStore|iPhone.Build.0 = Debug|Any CPU
		{8E70F929-E4EB-4302-AB0C-99D2BD6EB0F3}.AppStore|iPhoneSimulator.ActiveCfg = Debug|Any CPU
		{8E70F929-E4EB-4302-AB0C-99D2BD6EB0F3}.AppStore|iPhoneSimulator.Build.0 = Debug|Any CPU
		{8E70F929-E4EB-4302-AB0C-99D2BD6EB0F3}.AppStore|x64.ActiveCfg = Debug|Any CPU
		{8E70F929-E4EB-4302-AB0C-99D2BD6EB0F3}.AppStore|x64.Build.0 = Debug|Any CPU
		{8E70F929-E4EB-4302-AB0C-99D2BD6EB0F3}.AppStore|x86.ActiveCfg = Debug|Any CPU
		{8E70F929-E4EB-4302-AB0C-99D2BD6EB0F3}.AppStore|x86.Build.0 = Debug|Any CPU
		{8E70F929-E4EB-4302-AB0C-99D2BD6EB0F3}.Debug|Any CPU.ActiveCfg = Debug|Any CPU
		{8E70F929-E4EB-4302-AB0C-99D2BD6EB0F3}.Debug|Any CPU.Build.0 = Debug|Any CPU
		{8E70F929-E4EB-4302-AB0C-99D2BD6EB0F3}.Debug|ARM.ActiveCfg = Debug|Any CPU
		{8E70F929-E4EB-4302-AB0C-99D2BD6EB0F3}.Debug|ARM.Build.0 = Debug|Any CPU
		{8E70F929-E4EB-4302-AB0C-99D2BD6EB0F3}.Debug|iPhone.ActiveCfg = Debug|Any CPU
		{8E70F929-E4EB-4302-AB0C-99D2BD6EB0F3}.Debug|iPhone.Build.0 = Debug|Any CPU
		{8E70F929-E4EB-4302-AB0C-99D2BD6EB0F3}.Debug|iPhoneSimulator.ActiveCfg = Debug|Any CPU
		{8E70F929-E4EB-4302-AB0C-99D2BD6EB0F3}.Debug|iPhoneSimulator.Build.0 = Debug|Any CPU
		{8E70F929-E4EB-4302-AB0C-99D2BD6EB0F3}.Debug|x64.ActiveCfg = Debug|Any CPU
		{8E70F929-E4EB-4302-AB0C-99D2BD6EB0F3}.Debug|x64.Build.0 = Debug|Any CPU
		{8E70F929-E4EB-4302-AB0C-99D2BD6EB0F3}.Debug|x86.ActiveCfg = Debug|Any CPU
		{8E70F929-E4EB-4302-AB0C-99D2BD6EB0F3}.Debug|x86.Build.0 = Debug|Any CPU
		{8E70F929-E4EB-4302-AB0C-99D2BD6EB0F3}.MemoryApi|Any CPU.ActiveCfg = Debug|Any CPU
		{8E70F929-E4EB-4302-AB0C-99D2BD6EB0F3}.MemoryApi|Any CPU.Build.0 = Debug|Any CPU
		{8E70F929-E4EB-4302-AB0C-99D2BD6EB0F3}.MemoryApi|ARM.ActiveCfg = Debug|Any CPU
		{8E70F929-E4EB-4302-AB0C-99D2BD6EB0F3}.MemoryApi|ARM.Build.0 = Debug|Any CPU
		{8E70F929-E4EB-4302-AB0C-99D2BD6EB0F3}.MemoryApi|iPhone.ActiveCfg = Debug|Any CPU
		{8E70F929-E4EB-4302-AB0C-99D2BD6EB0F3}.MemoryApi|iPhone.Build.0 = Debug|Any CPU
		{8E70F929-E4EB-4302-AB0C-99D2BD6EB0F3}.MemoryApi|iPhoneSimulator.ActiveCfg = Debug|Any CPU
		{8E70F929-E4EB-4302-AB0C-99D2BD6EB0F3}.MemoryApi|iPhoneSimulator.Build.0 = Debug|Any CPU
		{8E70F929-E4EB-4302-AB0C-99D2BD6EB0F3}.MemoryApi|x64.ActiveCfg = Debug|Any CPU
		{8E70F929-E4EB-4302-AB0C-99D2BD6EB0F3}.MemoryApi|x64.Build.0 = Debug|Any CPU
		{8E70F929-E4EB-4302-AB0C-99D2BD6EB0F3}.MemoryApi|x86.ActiveCfg = Debug|Any CPU
		{8E70F929-E4EB-4302-AB0C-99D2BD6EB0F3}.MemoryApi|x86.Build.0 = Debug|Any CPU
		{8E70F929-E4EB-4302-AB0C-99D2BD6EB0F3}.MemoryClient.Web-Release|Any CPU.ActiveCfg = Release|Any CPU
		{8E70F929-E4EB-4302-AB0C-99D2BD6EB0F3}.MemoryClient.Web-Release|Any CPU.Build.0 = Release|Any CPU
		{8E70F929-E4EB-4302-AB0C-99D2BD6EB0F3}.MemoryClient.Web-Release|ARM.ActiveCfg = Release|Any CPU
		{8E70F929-E4EB-4302-AB0C-99D2BD6EB0F3}.MemoryClient.Web-Release|ARM.Build.0 = Release|Any CPU
		{8E70F929-E4EB-4302-AB0C-99D2BD6EB0F3}.MemoryClient.Web-Release|iPhone.ActiveCfg = Release|Any CPU
		{8E70F929-E4EB-4302-AB0C-99D2BD6EB0F3}.MemoryClient.Web-Release|iPhone.Build.0 = Release|Any CPU
		{8E70F929-E4EB-4302-AB0C-99D2BD6EB0F3}.MemoryClient.Web-Release|iPhoneSimulator.ActiveCfg = Release|Any CPU
		{8E70F929-E4EB-4302-AB0C-99D2BD6EB0F3}.MemoryClient.Web-Release|iPhoneSimulator.Build.0 = Release|Any CPU
		{8E70F929-E4EB-4302-AB0C-99D2BD6EB0F3}.MemoryClient.Web-Release|x64.ActiveCfg = Release|Any CPU
		{8E70F929-E4EB-4302-AB0C-99D2BD6EB0F3}.MemoryClient.Web-Release|x64.Build.0 = Release|Any CPU
		{8E70F929-E4EB-4302-AB0C-99D2BD6EB0F3}.MemoryClient.Web-Release|x86.ActiveCfg = Release|Any CPU
		{8E70F929-E4EB-4302-AB0C-99D2BD6EB0F3}.MemoryClient.Web-Release|x86.Build.0 = Release|Any CPU
		{8E70F929-E4EB-4302-AB0C-99D2BD6EB0F3}.Release|Any CPU.ActiveCfg = Release|Any CPU
		{8E70F929-E4EB-4302-AB0C-99D2BD6EB0F3}.Release|Any CPU.Build.0 = Release|Any CPU
		{8E70F929-E4EB-4302-AB0C-99D2BD6EB0F3}.Release|ARM.ActiveCfg = Release|Any CPU
		{8E70F929-E4EB-4302-AB0C-99D2BD6EB0F3}.Release|ARM.Build.0 = Release|Any CPU
		{8E70F929-E4EB-4302-AB0C-99D2BD6EB0F3}.Release|iPhone.ActiveCfg = Release|Any CPU
		{8E70F929-E4EB-4302-AB0C-99D2BD6EB0F3}.Release|iPhone.Build.0 = Release|Any CPU
		{8E70F929-E4EB-4302-AB0C-99D2BD6EB0F3}.Release|iPhoneSimulator.ActiveCfg = Release|Any CPU
		{8E70F929-E4EB-4302-AB0C-99D2BD6EB0F3}.Release|iPhoneSimulator.Build.0 = Release|Any CPU
		{8E70F929-E4EB-4302-AB0C-99D2BD6EB0F3}.Release|x64.ActiveCfg = Release|Any CPU
		{8E70F929-E4EB-4302-AB0C-99D2BD6EB0F3}.Release|x64.Build.0 = Release|Any CPU
		{8E70F929-E4EB-4302-AB0C-99D2BD6EB0F3}.Release|x86.ActiveCfg = Release|Any CPU
		{8E70F929-E4EB-4302-AB0C-99D2BD6EB0F3}.Release|x86.Build.0 = Release|Any CPU
		{C2B3203C-68DB-4202-8F36-F29481411344}.Ad-Hoc|Any CPU.ActiveCfg = MemoryClient.Web-Release|Any CPU
		{C2B3203C-68DB-4202-8F36-F29481411344}.Ad-Hoc|Any CPU.Build.0 = MemoryClient.Web-Release|Any CPU
		{C2B3203C-68DB-4202-8F36-F29481411344}.Ad-Hoc|ARM.ActiveCfg = MemoryClient.Web-Release|Any CPU
		{C2B3203C-68DB-4202-8F36-F29481411344}.Ad-Hoc|ARM.Build.0 = MemoryClient.Web-Release|Any CPU
		{C2B3203C-68DB-4202-8F36-F29481411344}.Ad-Hoc|iPhone.ActiveCfg = MemoryClient.Web-Release|Any CPU
		{C2B3203C-68DB-4202-8F36-F29481411344}.Ad-Hoc|iPhone.Build.0 = MemoryClient.Web-Release|Any CPU
		{C2B3203C-68DB-4202-8F36-F29481411344}.Ad-Hoc|iPhoneSimulator.ActiveCfg = MemoryClient.Web-Release|Any CPU
		{C2B3203C-68DB-4202-8F36-F29481411344}.Ad-Hoc|iPhoneSimulator.Build.0 = MemoryClient.Web-Release|Any CPU
		{C2B3203C-68DB-4202-8F36-F29481411344}.Ad-Hoc|x64.ActiveCfg = MemoryClient.Web-Release|Any CPU
		{C2B3203C-68DB-4202-8F36-F29481411344}.Ad-Hoc|x64.Build.0 = MemoryClient.Web-Release|Any CPU
		{C2B3203C-68DB-4202-8F36-F29481411344}.Ad-Hoc|x86.ActiveCfg = MemoryClient.Web-Release|Any CPU
		{C2B3203C-68DB-4202-8F36-F29481411344}.Ad-Hoc|x86.Build.0 = MemoryClient.Web-Release|Any CPU
		{C2B3203C-68DB-4202-8F36-F29481411344}.AppStore|Any CPU.ActiveCfg = MemoryClient.Web-Release|Any CPU
		{C2B3203C-68DB-4202-8F36-F29481411344}.AppStore|Any CPU.Build.0 = MemoryClient.Web-Release|Any CPU
		{C2B3203C-68DB-4202-8F36-F29481411344}.AppStore|ARM.ActiveCfg = MemoryClient.Web-Release|Any CPU
		{C2B3203C-68DB-4202-8F36-F29481411344}.AppStore|ARM.Build.0 = MemoryClient.Web-Release|Any CPU
		{C2B3203C-68DB-4202-8F36-F29481411344}.AppStore|iPhone.ActiveCfg = MemoryClient.Web-Release|Any CPU
		{C2B3203C-68DB-4202-8F36-F29481411344}.AppStore|iPhone.Build.0 = MemoryClient.Web-Release|Any CPU
		{C2B3203C-68DB-4202-8F36-F29481411344}.AppStore|iPhoneSimulator.ActiveCfg = MemoryClient.Web-Release|Any CPU
		{C2B3203C-68DB-4202-8F36-F29481411344}.AppStore|iPhoneSimulator.Build.0 = MemoryClient.Web-Release|Any CPU
		{C2B3203C-68DB-4202-8F36-F29481411344}.AppStore|x64.ActiveCfg = MemoryClient.Web-Release|Any CPU
		{C2B3203C-68DB-4202-8F36-F29481411344}.AppStore|x64.Build.0 = MemoryClient.Web-Release|Any CPU
		{C2B3203C-68DB-4202-8F36-F29481411344}.AppStore|x86.ActiveCfg = MemoryClient.Web-Release|Any CPU
		{C2B3203C-68DB-4202-8F36-F29481411344}.AppStore|x86.Build.0 = MemoryClient.Web-Release|Any CPU
		{C2B3203C-68DB-4202-8F36-F29481411344}.Debug|Any CPU.ActiveCfg = Debug|Any CPU
		{C2B3203C-68DB-4202-8F36-F29481411344}.Debug|Any CPU.Build.0 = Debug|Any CPU
		{C2B3203C-68DB-4202-8F36-F29481411344}.Debug|ARM.ActiveCfg = Debug|Any CPU
		{C2B3203C-68DB-4202-8F36-F29481411344}.Debug|ARM.Build.0 = Debug|Any CPU
		{C2B3203C-68DB-4202-8F36-F29481411344}.Debug|iPhone.ActiveCfg = Debug|Any CPU
		{C2B3203C-68DB-4202-8F36-F29481411344}.Debug|iPhone.Build.0 = Debug|Any CPU
		{C2B3203C-68DB-4202-8F36-F29481411344}.Debug|iPhoneSimulator.ActiveCfg = Debug|Any CPU
		{C2B3203C-68DB-4202-8F36-F29481411344}.Debug|iPhoneSimulator.Build.0 = Debug|Any CPU
		{C2B3203C-68DB-4202-8F36-F29481411344}.Debug|x64.ActiveCfg = Debug|Any CPU
		{C2B3203C-68DB-4202-8F36-F29481411344}.Debug|x64.Build.0 = Debug|Any CPU
		{C2B3203C-68DB-4202-8F36-F29481411344}.Debug|x86.ActiveCfg = Debug|Any CPU
		{C2B3203C-68DB-4202-8F36-F29481411344}.Debug|x86.Build.0 = Debug|Any CPU
		{C2B3203C-68DB-4202-8F36-F29481411344}.MemoryApi|Any CPU.ActiveCfg = MemoryApi|Any CPU
		{C2B3203C-68DB-4202-8F36-F29481411344}.MemoryApi|Any CPU.Build.0 = MemoryApi|Any CPU
		{C2B3203C-68DB-4202-8F36-F29481411344}.MemoryApi|ARM.ActiveCfg = MemoryApi|Any CPU
		{C2B3203C-68DB-4202-8F36-F29481411344}.MemoryApi|ARM.Build.0 = MemoryApi|Any CPU
		{C2B3203C-68DB-4202-8F36-F29481411344}.MemoryApi|iPhone.ActiveCfg = MemoryApi|Any CPU
		{C2B3203C-68DB-4202-8F36-F29481411344}.MemoryApi|iPhone.Build.0 = MemoryApi|Any CPU
		{C2B3203C-68DB-4202-8F36-F29481411344}.MemoryApi|iPhoneSimulator.ActiveCfg = MemoryApi|Any CPU
		{C2B3203C-68DB-4202-8F36-F29481411344}.MemoryApi|iPhoneSimulator.Build.0 = MemoryApi|Any CPU
		{C2B3203C-68DB-4202-8F36-F29481411344}.MemoryApi|x64.ActiveCfg = MemoryApi|Any CPU
		{C2B3203C-68DB-4202-8F36-F29481411344}.MemoryApi|x64.Build.0 = MemoryApi|Any CPU
		{C2B3203C-68DB-4202-8F36-F29481411344}.MemoryApi|x86.ActiveCfg = MemoryApi|Any CPU
		{C2B3203C-68DB-4202-8F36-F29481411344}.MemoryApi|x86.Build.0 = MemoryApi|Any CPU
		{C2B3203C-68DB-4202-8F36-F29481411344}.MemoryClient.Web-Release|Any CPU.ActiveCfg = MemoryClient.Web-Release|Any CPU
		{C2B3203C-68DB-4202-8F36-F29481411344}.MemoryClient.Web-Release|Any CPU.Build.0 = MemoryClient.Web-Release|Any CPU
		{C2B3203C-68DB-4202-8F36-F29481411344}.MemoryClient.Web-Release|ARM.ActiveCfg = MemoryClient.Web-Release|Any CPU
		{C2B3203C-68DB-4202-8F36-F29481411344}.MemoryClient.Web-Release|ARM.Build.0 = MemoryClient.Web-Release|Any CPU
		{C2B3203C-68DB-4202-8F36-F29481411344}.MemoryClient.Web-Release|iPhone.ActiveCfg = MemoryClient.Web-Release|Any CPU
		{C2B3203C-68DB-4202-8F36-F29481411344}.MemoryClient.Web-Release|iPhone.Build.0 = MemoryClient.Web-Release|Any CPU
		{C2B3203C-68DB-4202-8F36-F29481411344}.MemoryClient.Web-Release|iPhoneSimulator.ActiveCfg = MemoryClient.Web-Release|Any CPU
		{C2B3203C-68DB-4202-8F36-F29481411344}.MemoryClient.Web-Release|iPhoneSimulator.Build.0 = MemoryClient.Web-Release|Any CPU
		{C2B3203C-68DB-4202-8F36-F29481411344}.MemoryClient.Web-Release|x64.ActiveCfg = MemoryClient.Web-Release|Any CPU
		{C2B3203C-68DB-4202-8F36-F29481411344}.MemoryClient.Web-Release|x64.Build.0 = MemoryClient.Web-Release|Any CPU
		{C2B3203C-68DB-4202-8F36-F29481411344}.MemoryClient.Web-Release|x86.ActiveCfg = MemoryClient.Web-Release|Any CPU
		{C2B3203C-68DB-4202-8F36-F29481411344}.MemoryClient.Web-Release|x86.Build.0 = MemoryClient.Web-Release|Any CPU
		{C2B3203C-68DB-4202-8F36-F29481411344}.Release|Any CPU.ActiveCfg = Release|Any CPU
		{C2B3203C-68DB-4202-8F36-F29481411344}.Release|Any CPU.Build.0 = Release|Any CPU
		{C2B3203C-68DB-4202-8F36-F29481411344}.Release|ARM.ActiveCfg = Release|Any CPU
		{C2B3203C-68DB-4202-8F36-F29481411344}.Release|ARM.Build.0 = Release|Any CPU
		{C2B3203C-68DB-4202-8F36-F29481411344}.Release|iPhone.ActiveCfg = Release|Any CPU
		{C2B3203C-68DB-4202-8F36-F29481411344}.Release|iPhone.Build.0 = Release|Any CPU
		{C2B3203C-68DB-4202-8F36-F29481411344}.Release|iPhoneSimulator.ActiveCfg = Release|Any CPU
		{C2B3203C-68DB-4202-8F36-F29481411344}.Release|iPhoneSimulator.Build.0 = Release|Any CPU
		{C2B3203C-68DB-4202-8F36-F29481411344}.Release|x64.ActiveCfg = Release|Any CPU
		{C2B3203C-68DB-4202-8F36-F29481411344}.Release|x64.Build.0 = Release|Any CPU
		{C2B3203C-68DB-4202-8F36-F29481411344}.Release|x86.ActiveCfg = Release|Any CPU
		{C2B3203C-68DB-4202-8F36-F29481411344}.Release|x86.Build.0 = Release|Any CPU
		{195903BB-C9CE-4FE4-83E8-EF1E97E73653}.Ad-Hoc|Any CPU.ActiveCfg = MemoryClient.Web-Release|Any CPU
		{195903BB-C9CE-4FE4-83E8-EF1E97E73653}.Ad-Hoc|Any CPU.Build.0 = MemoryClient.Web-Release|Any CPU
		{195903BB-C9CE-4FE4-83E8-EF1E97E73653}.Ad-Hoc|ARM.ActiveCfg = MemoryClient.Web-Release|Any CPU
		{195903BB-C9CE-4FE4-83E8-EF1E97E73653}.Ad-Hoc|ARM.Build.0 = MemoryClient.Web-Release|Any CPU
		{195903BB-C9CE-4FE4-83E8-EF1E97E73653}.Ad-Hoc|iPhone.ActiveCfg = MemoryClient.Web-Release|Any CPU
		{195903BB-C9CE-4FE4-83E8-EF1E97E73653}.Ad-Hoc|iPhone.Build.0 = MemoryClient.Web-Release|Any CPU
		{195903BB-C9CE-4FE4-83E8-EF1E97E73653}.Ad-Hoc|iPhoneSimulator.ActiveCfg = MemoryClient.Web-Release|Any CPU
		{195903BB-C9CE-4FE4-83E8-EF1E97E73653}.Ad-Hoc|iPhoneSimulator.Build.0 = MemoryClient.Web-Release|Any CPU
		{195903BB-C9CE-4FE4-83E8-EF1E97E73653}.Ad-Hoc|x64.ActiveCfg = MemoryClient.Web-Release|Any CPU
		{195903BB-C9CE-4FE4-83E8-EF1E97E73653}.Ad-Hoc|x64.Build.0 = MemoryClient.Web-Release|Any CPU
		{195903BB-C9CE-4FE4-83E8-EF1E97E73653}.Ad-Hoc|x86.ActiveCfg = MemoryClient.Web-Release|Any CPU
		{195903BB-C9CE-4FE4-83E8-EF1E97E73653}.Ad-Hoc|x86.Build.0 = MemoryClient.Web-Release|Any CPU
		{195903BB-C9CE-4FE4-83E8-EF1E97E73653}.AppStore|Any CPU.ActiveCfg = MemoryClient.Web-Release|Any CPU
		{195903BB-C9CE-4FE4-83E8-EF1E97E73653}.AppStore|Any CPU.Build.0 = MemoryClient.Web-Release|Any CPU
		{195903BB-C9CE-4FE4-83E8-EF1E97E73653}.AppStore|ARM.ActiveCfg = MemoryClient.Web-Release|Any CPU
		{195903BB-C9CE-4FE4-83E8-EF1E97E73653}.AppStore|ARM.Build.0 = MemoryClient.Web-Release|Any CPU
		{195903BB-C9CE-4FE4-83E8-EF1E97E73653}.AppStore|iPhone.ActiveCfg = MemoryClient.Web-Release|Any CPU
		{195903BB-C9CE-4FE4-83E8-EF1E97E73653}.AppStore|iPhone.Build.0 = MemoryClient.Web-Release|Any CPU
		{195903BB-C9CE-4FE4-83E8-EF1E97E73653}.AppStore|iPhoneSimulator.ActiveCfg = MemoryClient.Web-Release|Any CPU
		{195903BB-C9CE-4FE4-83E8-EF1E97E73653}.AppStore|iPhoneSimulator.Build.0 = MemoryClient.Web-Release|Any CPU
		{195903BB-C9CE-4FE4-83E8-EF1E97E73653}.AppStore|x64.ActiveCfg = MemoryClient.Web-Release|Any CPU
		{195903BB-C9CE-4FE4-83E8-EF1E97E73653}.AppStore|x64.Build.0 = MemoryClient.Web-Release|Any CPU
		{195903BB-C9CE-4FE4-83E8-EF1E97E73653}.AppStore|x86.ActiveCfg = MemoryClient.Web-Release|Any CPU
		{195903BB-C9CE-4FE4-83E8-EF1E97E73653}.AppStore|x86.Build.0 = MemoryClient.Web-Release|Any CPU
		{195903BB-C9CE-4FE4-83E8-EF1E97E73653}.Debug|Any CPU.ActiveCfg = Debug|Any CPU
		{195903BB-C9CE-4FE4-83E8-EF1E97E73653}.Debug|Any CPU.Build.0 = Debug|Any CPU
		{195903BB-C9CE-4FE4-83E8-EF1E97E73653}.Debug|ARM.ActiveCfg = Debug|Any CPU
		{195903BB-C9CE-4FE4-83E8-EF1E97E73653}.Debug|ARM.Build.0 = Debug|Any CPU
		{195903BB-C9CE-4FE4-83E8-EF1E97E73653}.Debug|iPhone.ActiveCfg = Debug|Any CPU
		{195903BB-C9CE-4FE4-83E8-EF1E97E73653}.Debug|iPhone.Build.0 = Debug|Any CPU
		{195903BB-C9CE-4FE4-83E8-EF1E97E73653}.Debug|iPhoneSimulator.ActiveCfg = Debug|Any CPU
		{195903BB-C9CE-4FE4-83E8-EF1E97E73653}.Debug|iPhoneSimulator.Build.0 = Debug|Any CPU
		{195903BB-C9CE-4FE4-83E8-EF1E97E73653}.Debug|x64.ActiveCfg = Debug|Any CPU
		{195903BB-C9CE-4FE4-83E8-EF1E97E73653}.Debug|x64.Build.0 = Debug|Any CPU
		{195903BB-C9CE-4FE4-83E8-EF1E97E73653}.Debug|x86.ActiveCfg = Debug|Any CPU
		{195903BB-C9CE-4FE4-83E8-EF1E97E73653}.Debug|x86.Build.0 = Debug|Any CPU
		{195903BB-C9CE-4FE4-83E8-EF1E97E73653}.MemoryApi|Any CPU.ActiveCfg = MemoryApi|Any CPU
		{195903BB-C9CE-4FE4-83E8-EF1E97E73653}.MemoryApi|Any CPU.Build.0 = MemoryApi|Any CPU
		{195903BB-C9CE-4FE4-83E8-EF1E97E73653}.MemoryApi|ARM.ActiveCfg = MemoryApi|Any CPU
		{195903BB-C9CE-4FE4-83E8-EF1E97E73653}.MemoryApi|ARM.Build.0 = MemoryApi|Any CPU
		{195903BB-C9CE-4FE4-83E8-EF1E97E73653}.MemoryApi|iPhone.ActiveCfg = MemoryApi|Any CPU
		{195903BB-C9CE-4FE4-83E8-EF1E97E73653}.MemoryApi|iPhone.Build.0 = MemoryApi|Any CPU
		{195903BB-C9CE-4FE4-83E8-EF1E97E73653}.MemoryApi|iPhoneSimulator.ActiveCfg = MemoryApi|Any CPU
		{195903BB-C9CE-4FE4-83E8-EF1E97E73653}.MemoryApi|iPhoneSimulator.Build.0 = MemoryApi|Any CPU
		{195903BB-C9CE-4FE4-83E8-EF1E97E73653}.MemoryApi|x64.ActiveCfg = MemoryApi|Any CPU
		{195903BB-C9CE-4FE4-83E8-EF1E97E73653}.MemoryApi|x64.Build.0 = MemoryApi|Any CPU
		{195903BB-C9CE-4FE4-83E8-EF1E97E73653}.MemoryApi|x86.ActiveCfg = MemoryApi|Any CPU
		{195903BB-C9CE-4FE4-83E8-EF1E97E73653}.MemoryApi|x86.Build.0 = MemoryApi|Any CPU
		{195903BB-C9CE-4FE4-83E8-EF1E97E73653}.MemoryClient.Web-Release|Any CPU.ActiveCfg = MemoryClient.Web-Release|Any CPU
		{195903BB-C9CE-4FE4-83E8-EF1E97E73653}.MemoryClient.Web-Release|Any CPU.Build.0 = MemoryClient.Web-Release|Any CPU
		{195903BB-C9CE-4FE4-83E8-EF1E97E73653}.MemoryClient.Web-Release|ARM.ActiveCfg = MemoryClient.Web-Release|Any CPU
		{195903BB-C9CE-4FE4-83E8-EF1E97E73653}.MemoryClient.Web-Release|ARM.Build.0 = MemoryClient.Web-Release|Any CPU
		{195903BB-C9CE-4FE4-83E8-EF1E97E73653}.MemoryClient.Web-Release|iPhone.ActiveCfg = MemoryClient.Web-Release|Any CPU
		{195903BB-C9CE-4FE4-83E8-EF1E97E73653}.MemoryClient.Web-Release|iPhone.Build.0 = MemoryClient.Web-Release|Any CPU
		{195903BB-C9CE-4FE4-83E8-EF1E97E73653}.MemoryClient.Web-Release|iPhoneSimulator.ActiveCfg = MemoryClient.Web-Release|Any CPU
		{195903BB-C9CE-4FE4-83E8-EF1E97E73653}.MemoryClient.Web-Release|iPhoneSimulator.Build.0 = MemoryClient.Web-Release|Any CPU
		{195903BB-C9CE-4FE4-83E8-EF1E97E73653}.MemoryClient.Web-Release|x64.ActiveCfg = MemoryClient.Web-Release|Any CPU
		{195903BB-C9CE-4FE4-83E8-EF1E97E73653}.MemoryClient.Web-Release|x64.Build.0 = MemoryClient.Web-Release|Any CPU
		{195903BB-C9CE-4FE4-83E8-EF1E97E73653}.MemoryClient.Web-Release|x86.ActiveCfg = MemoryClient.Web-Release|Any CPU
		{195903BB-C9CE-4FE4-83E8-EF1E97E73653}.MemoryClient.Web-Release|x86.Build.0 = MemoryClient.Web-Release|Any CPU
		{195903BB-C9CE-4FE4-83E8-EF1E97E73653}.Release|Any CPU.ActiveCfg = Release|Any CPU
		{195903BB-C9CE-4FE4-83E8-EF1E97E73653}.Release|Any CPU.Build.0 = Release|Any CPU
		{195903BB-C9CE-4FE4-83E8-EF1E97E73653}.Release|ARM.ActiveCfg = Release|Any CPU
		{195903BB-C9CE-4FE4-83E8-EF1E97E73653}.Release|ARM.Build.0 = Release|Any CPU
		{195903BB-C9CE-4FE4-83E8-EF1E97E73653}.Release|iPhone.ActiveCfg = Release|Any CPU
		{195903BB-C9CE-4FE4-83E8-EF1E97E73653}.Release|iPhone.Build.0 = Release|Any CPU
		{195903BB-C9CE-4FE4-83E8-EF1E97E73653}.Release|iPhoneSimulator.ActiveCfg = Release|Any CPU
		{195903BB-C9CE-4FE4-83E8-EF1E97E73653}.Release|iPhoneSimulator.Build.0 = Release|Any CPU
		{195903BB-C9CE-4FE4-83E8-EF1E97E73653}.Release|x64.ActiveCfg = Release|Any CPU
		{195903BB-C9CE-4FE4-83E8-EF1E97E73653}.Release|x64.Build.0 = Release|Any CPU
		{195903BB-C9CE-4FE4-83E8-EF1E97E73653}.Release|x86.ActiveCfg = Release|Any CPU
		{195903BB-C9CE-4FE4-83E8-EF1E97E73653}.Release|x86.Build.0 = Release|Any CPU
		{6A5C0272-67D5-4432-A1AC-9BF620C5086C}.Ad-Hoc|Any CPU.ActiveCfg = Release|Any CPU
		{6A5C0272-67D5-4432-A1AC-9BF620C5086C}.Ad-Hoc|Any CPU.Build.0 = Release|Any CPU
		{6A5C0272-67D5-4432-A1AC-9BF620C5086C}.Ad-Hoc|ARM.ActiveCfg = Release|Any CPU
		{6A5C0272-67D5-4432-A1AC-9BF620C5086C}.Ad-Hoc|ARM.Build.0 = Release|Any CPU
		{6A5C0272-67D5-4432-A1AC-9BF620C5086C}.Ad-Hoc|iPhone.ActiveCfg = Release|Any CPU
		{6A5C0272-67D5-4432-A1AC-9BF620C5086C}.Ad-Hoc|iPhone.Build.0 = Release|Any CPU
		{6A5C0272-67D5-4432-A1AC-9BF620C5086C}.Ad-Hoc|iPhoneSimulator.ActiveCfg = Release|Any CPU
		{6A5C0272-67D5-4432-A1AC-9BF620C5086C}.Ad-Hoc|iPhoneSimulator.Build.0 = Release|Any CPU
		{6A5C0272-67D5-4432-A1AC-9BF620C5086C}.Ad-Hoc|x64.ActiveCfg = Release|Any CPU
		{6A5C0272-67D5-4432-A1AC-9BF620C5086C}.Ad-Hoc|x64.Build.0 = Release|Any CPU
		{6A5C0272-67D5-4432-A1AC-9BF620C5086C}.Ad-Hoc|x86.ActiveCfg = Release|Any CPU
		{6A5C0272-67D5-4432-A1AC-9BF620C5086C}.Ad-Hoc|x86.Build.0 = Release|Any CPU
		{6A5C0272-67D5-4432-A1AC-9BF620C5086C}.AppStore|Any CPU.ActiveCfg = Release|Any CPU
		{6A5C0272-67D5-4432-A1AC-9BF620C5086C}.AppStore|Any CPU.Build.0 = Release|Any CPU
		{6A5C0272-67D5-4432-A1AC-9BF620C5086C}.AppStore|ARM.ActiveCfg = Release|Any CPU
		{6A5C0272-67D5-4432-A1AC-9BF620C5086C}.AppStore|ARM.Build.0 = Release|Any CPU
		{6A5C0272-67D5-4432-A1AC-9BF620C5086C}.AppStore|iPhone.ActiveCfg = Release|Any CPU
		{6A5C0272-67D5-4432-A1AC-9BF620C5086C}.AppStore|iPhone.Build.0 = Release|Any CPU
		{6A5C0272-67D5-4432-A1AC-9BF620C5086C}.AppStore|iPhoneSimulator.ActiveCfg = Release|Any CPU
		{6A5C0272-67D5-4432-A1AC-9BF620C5086C}.AppStore|iPhoneSimulator.Build.0 = Release|Any CPU
		{6A5C0272-67D5-4432-A1AC-9BF620C5086C}.AppStore|x64.ActiveCfg = Release|Any CPU
		{6A5C0272-67D5-4432-A1AC-9BF620C5086C}.AppStore|x64.Build.0 = Release|Any CPU
		{6A5C0272-67D5-4432-A1AC-9BF620C5086C}.AppStore|x86.ActiveCfg = Release|Any CPU
		{6A5C0272-67D5-4432-A1AC-9BF620C5086C}.AppStore|x86.Build.0 = Release|Any CPU
		{6A5C0272-67D5-4432-A1AC-9BF620C5086C}.Debug|Any CPU.ActiveCfg = Debug|Any CPU
		{6A5C0272-67D5-4432-A1AC-9BF620C5086C}.Debug|Any CPU.Build.0 = Debug|Any CPU
		{6A5C0272-67D5-4432-A1AC-9BF620C5086C}.Debug|ARM.ActiveCfg = Debug|Any CPU
		{6A5C0272-67D5-4432-A1AC-9BF620C5086C}.Debug|ARM.Build.0 = Debug|Any CPU
		{6A5C0272-67D5-4432-A1AC-9BF620C5086C}.Debug|iPhone.ActiveCfg = Debug|Any CPU
		{6A5C0272-67D5-4432-A1AC-9BF620C5086C}.Debug|iPhone.Build.0 = Debug|Any CPU
		{6A5C0272-67D5-4432-A1AC-9BF620C5086C}.Debug|iPhoneSimulator.ActiveCfg = Debug|Any CPU
		{6A5C0272-67D5-4432-A1AC-9BF620C5086C}.Debug|iPhoneSimulator.Build.0 = Debug|Any CPU
		{6A5C0272-67D5-4432-A1AC-9BF620C5086C}.Debug|x64.ActiveCfg = Debug|Any CPU
		{6A5C0272-67D5-4432-A1AC-9BF620C5086C}.Debug|x64.Build.0 = Debug|Any CPU
		{6A5C0272-67D5-4432-A1AC-9BF620C5086C}.Debug|x86.ActiveCfg = Debug|Any CPU
		{6A5C0272-67D5-4432-A1AC-9BF620C5086C}.Debug|x86.Build.0 = Debug|Any CPU
		{6A5C0272-67D5-4432-A1AC-9BF620C5086C}.MemoryApi|Any CPU.ActiveCfg = Release|Any CPU
		{6A5C0272-67D5-4432-A1AC-9BF620C5086C}.MemoryApi|Any CPU.Build.0 = Release|Any CPU
		{6A5C0272-67D5-4432-A1AC-9BF620C5086C}.MemoryApi|ARM.ActiveCfg = Release|Any CPU
		{6A5C0272-67D5-4432-A1AC-9BF620C5086C}.MemoryApi|ARM.Build.0 = Release|Any CPU
		{6A5C0272-67D5-4432-A1AC-9BF620C5086C}.MemoryApi|iPhone.ActiveCfg = Release|Any CPU
		{6A5C0272-67D5-4432-A1AC-9BF620C5086C}.MemoryApi|iPhone.Build.0 = Release|Any CPU
		{6A5C0272-67D5-4432-A1AC-9BF620C5086C}.MemoryApi|iPhoneSimulator.ActiveCfg = Release|Any CPU
		{6A5C0272-67D5-4432-A1AC-9BF620C5086C}.MemoryApi|iPhoneSimulator.Build.0 = Release|Any CPU
		{6A5C0272-67D5-4432-A1AC-9BF620C5086C}.MemoryApi|x64.ActiveCfg = Release|Any CPU
		{6A5C0272-67D5-4432-A1AC-9BF620C5086C}.MemoryApi|x64.Build.0 = Release|Any CPU
		{6A5C0272-67D5-4432-A1AC-9BF620C5086C}.MemoryApi|x86.ActiveCfg = Release|Any CPU
		{6A5C0272-67D5-4432-A1AC-9BF620C5086C}.MemoryApi|x86.Build.0 = Release|Any CPU
		{6A5C0272-67D5-4432-A1AC-9BF620C5086C}.MemoryClient.Web-Release|Any CPU.ActiveCfg = Release|Any CPU
		{6A5C0272-67D5-4432-A1AC-9BF620C5086C}.MemoryClient.Web-Release|Any CPU.Build.0 = Release|Any CPU
		{6A5C0272-67D5-4432-A1AC-9BF620C5086C}.MemoryClient.Web-Release|ARM.ActiveCfg = Release|Any CPU
		{6A5C0272-67D5-4432-A1AC-9BF620C5086C}.MemoryClient.Web-Release|ARM.Build.0 = Release|Any CPU
		{6A5C0272-67D5-4432-A1AC-9BF620C5086C}.MemoryClient.Web-Release|iPhone.ActiveCfg = Release|Any CPU
		{6A5C0272-67D5-4432-A1AC-9BF620C5086C}.MemoryClient.Web-Release|iPhone.Build.0 = Release|Any CPU
		{6A5C0272-67D5-4432-A1AC-9BF620C5086C}.MemoryClient.Web-Release|iPhoneSimulator.ActiveCfg = Release|Any CPU
		{6A5C0272-67D5-4432-A1AC-9BF620C5086C}.MemoryClient.Web-Release|iPhoneSimulator.Build.0 = Release|Any CPU
		{6A5C0272-67D5-4432-A1AC-9BF620C5086C}.MemoryClient.Web-Release|x64.ActiveCfg = Release|Any CPU
		{6A5C0272-67D5-4432-A1AC-9BF620C5086C}.MemoryClient.Web-Release|x64.Build.0 = Release|Any CPU
		{6A5C0272-67D5-4432-A1AC-9BF620C5086C}.MemoryClient.Web-Release|x86.ActiveCfg = Release|Any CPU
		{6A5C0272-67D5-4432-A1AC-9BF620C5086C}.MemoryClient.Web-Release|x86.Build.0 = Release|Any CPU
		{6A5C0272-67D5-4432-A1AC-9BF620C5086C}.Release|Any CPU.ActiveCfg = Release|Any CPU
		{6A5C0272-67D5-4432-A1AC-9BF620C5086C}.Release|Any CPU.Build.0 = Release|Any CPU
		{6A5C0272-67D5-4432-A1AC-9BF620C5086C}.Release|ARM.ActiveCfg = Release|Any CPU
		{6A5C0272-67D5-4432-A1AC-9BF620C5086C}.Release|ARM.Build.0 = Release|Any CPU
		{6A5C0272-67D5-4432-A1AC-9BF620C5086C}.Release|iPhone.ActiveCfg = Release|Any CPU
		{6A5C0272-67D5-4432-A1AC-9BF620C5086C}.Release|iPhone.Build.0 = Release|Any CPU
		{6A5C0272-67D5-4432-A1AC-9BF620C5086C}.Release|iPhoneSimulator.ActiveCfg = Release|Any CPU
		{6A5C0272-67D5-4432-A1AC-9BF620C5086C}.Release|iPhoneSimulator.Build.0 = Release|Any CPU
		{6A5C0272-67D5-4432-A1AC-9BF620C5086C}.Release|x64.ActiveCfg = Release|Any CPU
		{6A5C0272-67D5-4432-A1AC-9BF620C5086C}.Release|x64.Build.0 = Release|Any CPU
		{6A5C0272-67D5-4432-A1AC-9BF620C5086C}.Release|x86.ActiveCfg = Release|Any CPU
		{6A5C0272-67D5-4432-A1AC-9BF620C5086C}.Release|x86.Build.0 = Release|Any CPU
		{49D75C83-0EA2-4693-95AC-B65A7D463F53}.Ad-Hoc|Any CPU.ActiveCfg = Ad-Hoc|iPhone
		{49D75C83-0EA2-4693-95AC-B65A7D463F53}.Ad-Hoc|ARM.ActiveCfg = Ad-Hoc|iPhone
		{49D75C83-0EA2-4693-95AC-B65A7D463F53}.Ad-Hoc|iPhone.ActiveCfg = Ad-Hoc|iPhone
		{49D75C83-0EA2-4693-95AC-B65A7D463F53}.Ad-Hoc|iPhone.Build.0 = Ad-Hoc|iPhone
		{49D75C83-0EA2-4693-95AC-B65A7D463F53}.Ad-Hoc|iPhoneSimulator.ActiveCfg = Ad-Hoc|iPhoneSimulator
		{49D75C83-0EA2-4693-95AC-B65A7D463F53}.Ad-Hoc|iPhoneSimulator.Build.0 = Ad-Hoc|iPhoneSimulator
		{49D75C83-0EA2-4693-95AC-B65A7D463F53}.Ad-Hoc|x64.ActiveCfg = Ad-Hoc|iPhone
		{49D75C83-0EA2-4693-95AC-B65A7D463F53}.Ad-Hoc|x86.ActiveCfg = Ad-Hoc|iPhone
		{49D75C83-0EA2-4693-95AC-B65A7D463F53}.AppStore|Any CPU.ActiveCfg = AppStore|iPhone
		{49D75C83-0EA2-4693-95AC-B65A7D463F53}.AppStore|ARM.ActiveCfg = AppStore|iPhone
		{49D75C83-0EA2-4693-95AC-B65A7D463F53}.AppStore|iPhone.ActiveCfg = AppStore|iPhone
		{49D75C83-0EA2-4693-95AC-B65A7D463F53}.AppStore|iPhone.Build.0 = AppStore|iPhone
		{49D75C83-0EA2-4693-95AC-B65A7D463F53}.AppStore|iPhoneSimulator.ActiveCfg = AppStore|iPhoneSimulator
		{49D75C83-0EA2-4693-95AC-B65A7D463F53}.AppStore|iPhoneSimulator.Build.0 = AppStore|iPhoneSimulator
		{49D75C83-0EA2-4693-95AC-B65A7D463F53}.AppStore|x64.ActiveCfg = AppStore|iPhone
		{49D75C83-0EA2-4693-95AC-B65A7D463F53}.AppStore|x86.ActiveCfg = AppStore|iPhone
		{49D75C83-0EA2-4693-95AC-B65A7D463F53}.Debug|Any CPU.ActiveCfg = Debug|iPhone
		{49D75C83-0EA2-4693-95AC-B65A7D463F53}.Debug|ARM.ActiveCfg = Debug|iPhone
		{49D75C83-0EA2-4693-95AC-B65A7D463F53}.Debug|iPhone.ActiveCfg = Debug|iPhone
		{49D75C83-0EA2-4693-95AC-B65A7D463F53}.Debug|iPhone.Build.0 = Debug|iPhone
		{49D75C83-0EA2-4693-95AC-B65A7D463F53}.Debug|iPhoneSimulator.ActiveCfg = Debug|iPhoneSimulator
		{49D75C83-0EA2-4693-95AC-B65A7D463F53}.Debug|iPhoneSimulator.Build.0 = Debug|iPhoneSimulator
		{49D75C83-0EA2-4693-95AC-B65A7D463F53}.Debug|x64.ActiveCfg = Debug|iPhone
		{49D75C83-0EA2-4693-95AC-B65A7D463F53}.Debug|x86.ActiveCfg = Debug|iPhone
		{49D75C83-0EA2-4693-95AC-B65A7D463F53}.MemoryApi|Any CPU.ActiveCfg = AppStore|iPhone
		{49D75C83-0EA2-4693-95AC-B65A7D463F53}.MemoryApi|Any CPU.Build.0 = AppStore|iPhone
		{49D75C83-0EA2-4693-95AC-B65A7D463F53}.MemoryApi|ARM.ActiveCfg = AppStore|iPhone
		{49D75C83-0EA2-4693-95AC-B65A7D463F53}.MemoryApi|ARM.Build.0 = AppStore|iPhone
		{49D75C83-0EA2-4693-95AC-B65A7D463F53}.MemoryApi|iPhone.ActiveCfg = AppStore|iPhone
		{49D75C83-0EA2-4693-95AC-B65A7D463F53}.MemoryApi|iPhone.Build.0 = AppStore|iPhone
		{49D75C83-0EA2-4693-95AC-B65A7D463F53}.MemoryApi|iPhoneSimulator.ActiveCfg = AppStore|iPhoneSimulator
		{49D75C83-0EA2-4693-95AC-B65A7D463F53}.MemoryApi|iPhoneSimulator.Build.0 = AppStore|iPhoneSimulator
		{49D75C83-0EA2-4693-95AC-B65A7D463F53}.MemoryApi|x64.ActiveCfg = AppStore|iPhone
		{49D75C83-0EA2-4693-95AC-B65A7D463F53}.MemoryApi|x64.Build.0 = AppStore|iPhone
		{49D75C83-0EA2-4693-95AC-B65A7D463F53}.MemoryApi|x86.ActiveCfg = AppStore|iPhone
		{49D75C83-0EA2-4693-95AC-B65A7D463F53}.MemoryApi|x86.Build.0 = AppStore|iPhone
		{49D75C83-0EA2-4693-95AC-B65A7D463F53}.MemoryClient.Web-Release|Any CPU.ActiveCfg = AppStore|iPhone
		{49D75C83-0EA2-4693-95AC-B65A7D463F53}.MemoryClient.Web-Release|Any CPU.Build.0 = AppStore|iPhone
		{49D75C83-0EA2-4693-95AC-B65A7D463F53}.MemoryClient.Web-Release|ARM.ActiveCfg = AppStore|iPhone
		{49D75C83-0EA2-4693-95AC-B65A7D463F53}.MemoryClient.Web-Release|ARM.Build.0 = AppStore|iPhone
		{49D75C83-0EA2-4693-95AC-B65A7D463F53}.MemoryClient.Web-Release|iPhone.ActiveCfg = Release|iPhone
		{49D75C83-0EA2-4693-95AC-B65A7D463F53}.MemoryClient.Web-Release|iPhone.Build.0 = Release|iPhone
		{49D75C83-0EA2-4693-95AC-B65A7D463F53}.MemoryClient.Web-Release|iPhoneSimulator.ActiveCfg = Release|iPhoneSimulator
		{49D75C83-0EA2-4693-95AC-B65A7D463F53}.MemoryClient.Web-Release|iPhoneSimulator.Build.0 = Release|iPhoneSimulator
		{49D75C83-0EA2-4693-95AC-B65A7D463F53}.MemoryClient.Web-Release|x64.ActiveCfg = AppStore|iPhone
		{49D75C83-0EA2-4693-95AC-B65A7D463F53}.MemoryClient.Web-Release|x64.Build.0 = AppStore|iPhone
		{49D75C83-0EA2-4693-95AC-B65A7D463F53}.MemoryClient.Web-Release|x86.ActiveCfg = AppStore|iPhone
		{49D75C83-0EA2-4693-95AC-B65A7D463F53}.MemoryClient.Web-Release|x86.Build.0 = AppStore|iPhone
		{49D75C83-0EA2-4693-95AC-B65A7D463F53}.Release|Any CPU.ActiveCfg = Release|iPhone
		{49D75C83-0EA2-4693-95AC-B65A7D463F53}.Release|ARM.ActiveCfg = Release|iPhone
		{49D75C83-0EA2-4693-95AC-B65A7D463F53}.Release|iPhone.ActiveCfg = Release|iPhone
		{49D75C83-0EA2-4693-95AC-B65A7D463F53}.Release|iPhone.Build.0 = Release|iPhone
		{49D75C83-0EA2-4693-95AC-B65A7D463F53}.Release|iPhoneSimulator.ActiveCfg = Release|iPhoneSimulator
		{49D75C83-0EA2-4693-95AC-B65A7D463F53}.Release|iPhoneSimulator.Build.0 = Release|iPhoneSimulator
		{49D75C83-0EA2-4693-95AC-B65A7D463F53}.Release|x64.ActiveCfg = Release|iPhone
		{49D75C83-0EA2-4693-95AC-B65A7D463F53}.Release|x86.ActiveCfg = Release|iPhone
		{F681C236-3C72-465C-9F65-386E4D7AD6F6}.Ad-Hoc|Any CPU.ActiveCfg = Release|x86
		{F681C236-3C72-465C-9F65-386E4D7AD6F6}.Ad-Hoc|Any CPU.Build.0 = Release|x86
		{F681C236-3C72-465C-9F65-386E4D7AD6F6}.Ad-Hoc|Any CPU.Deploy.0 = Release|x86
		{F681C236-3C72-465C-9F65-386E4D7AD6F6}.Ad-Hoc|ARM.ActiveCfg = Release|ARM
		{F681C236-3C72-465C-9F65-386E4D7AD6F6}.Ad-Hoc|ARM.Build.0 = Release|ARM
		{F681C236-3C72-465C-9F65-386E4D7AD6F6}.Ad-Hoc|ARM.Deploy.0 = Release|ARM
		{F681C236-3C72-465C-9F65-386E4D7AD6F6}.Ad-Hoc|iPhone.ActiveCfg = Release|x86
		{F681C236-3C72-465C-9F65-386E4D7AD6F6}.Ad-Hoc|iPhone.Build.0 = Release|x86
		{F681C236-3C72-465C-9F65-386E4D7AD6F6}.Ad-Hoc|iPhone.Deploy.0 = Release|x86
		{F681C236-3C72-465C-9F65-386E4D7AD6F6}.Ad-Hoc|iPhoneSimulator.ActiveCfg = Release|x86
		{F681C236-3C72-465C-9F65-386E4D7AD6F6}.Ad-Hoc|iPhoneSimulator.Build.0 = Release|x86
		{F681C236-3C72-465C-9F65-386E4D7AD6F6}.Ad-Hoc|iPhoneSimulator.Deploy.0 = Release|x86
		{F681C236-3C72-465C-9F65-386E4D7AD6F6}.Ad-Hoc|x64.ActiveCfg = Release|x64
		{F681C236-3C72-465C-9F65-386E4D7AD6F6}.Ad-Hoc|x64.Build.0 = Release|x64
		{F681C236-3C72-465C-9F65-386E4D7AD6F6}.Ad-Hoc|x64.Deploy.0 = Release|x64
		{F681C236-3C72-465C-9F65-386E4D7AD6F6}.Ad-Hoc|x86.ActiveCfg = Release|x86
		{F681C236-3C72-465C-9F65-386E4D7AD6F6}.Ad-Hoc|x86.Build.0 = Release|x86
		{F681C236-3C72-465C-9F65-386E4D7AD6F6}.Ad-Hoc|x86.Deploy.0 = Release|x86
		{F681C236-3C72-465C-9F65-386E4D7AD6F6}.AppStore|Any CPU.ActiveCfg = Release|x86
		{F681C236-3C72-465C-9F65-386E4D7AD6F6}.AppStore|Any CPU.Build.0 = Release|x86
		{F681C236-3C72-465C-9F65-386E4D7AD6F6}.AppStore|Any CPU.Deploy.0 = Release|x86
		{F681C236-3C72-465C-9F65-386E4D7AD6F6}.AppStore|ARM.ActiveCfg = Release|ARM
		{F681C236-3C72-465C-9F65-386E4D7AD6F6}.AppStore|ARM.Build.0 = Release|ARM
		{F681C236-3C72-465C-9F65-386E4D7AD6F6}.AppStore|ARM.Deploy.0 = Release|ARM
		{F681C236-3C72-465C-9F65-386E4D7AD6F6}.AppStore|iPhone.ActiveCfg = Release|x86
		{F681C236-3C72-465C-9F65-386E4D7AD6F6}.AppStore|iPhone.Build.0 = Release|x86
		{F681C236-3C72-465C-9F65-386E4D7AD6F6}.AppStore|iPhone.Deploy.0 = Release|x86
		{F681C236-3C72-465C-9F65-386E4D7AD6F6}.AppStore|iPhoneSimulator.ActiveCfg = Release|x86
		{F681C236-3C72-465C-9F65-386E4D7AD6F6}.AppStore|iPhoneSimulator.Build.0 = Release|x86
		{F681C236-3C72-465C-9F65-386E4D7AD6F6}.AppStore|iPhoneSimulator.Deploy.0 = Release|x86
		{F681C236-3C72-465C-9F65-386E4D7AD6F6}.AppStore|x64.ActiveCfg = Release|x64
		{F681C236-3C72-465C-9F65-386E4D7AD6F6}.AppStore|x64.Build.0 = Release|x64
		{F681C236-3C72-465C-9F65-386E4D7AD6F6}.AppStore|x64.Deploy.0 = Release|x64
		{F681C236-3C72-465C-9F65-386E4D7AD6F6}.AppStore|x86.ActiveCfg = Release|x86
		{F681C236-3C72-465C-9F65-386E4D7AD6F6}.AppStore|x86.Build.0 = Release|x86
		{F681C236-3C72-465C-9F65-386E4D7AD6F6}.AppStore|x86.Deploy.0 = Release|x86
		{F681C236-3C72-465C-9F65-386E4D7AD6F6}.Debug|Any CPU.ActiveCfg = Debug|x86
		{F681C236-3C72-465C-9F65-386E4D7AD6F6}.Debug|ARM.ActiveCfg = Debug|ARM
		{F681C236-3C72-465C-9F65-386E4D7AD6F6}.Debug|ARM.Build.0 = Debug|ARM
		{F681C236-3C72-465C-9F65-386E4D7AD6F6}.Debug|ARM.Deploy.0 = Debug|ARM
		{F681C236-3C72-465C-9F65-386E4D7AD6F6}.Debug|iPhone.ActiveCfg = Debug|x86
		{F681C236-3C72-465C-9F65-386E4D7AD6F6}.Debug|iPhoneSimulator.ActiveCfg = Debug|x86
		{F681C236-3C72-465C-9F65-386E4D7AD6F6}.Debug|x64.ActiveCfg = Debug|x64
		{F681C236-3C72-465C-9F65-386E4D7AD6F6}.Debug|x64.Build.0 = Debug|x64
		{F681C236-3C72-465C-9F65-386E4D7AD6F6}.Debug|x64.Deploy.0 = Debug|x64
		{F681C236-3C72-465C-9F65-386E4D7AD6F6}.Debug|x86.ActiveCfg = Debug|x86
		{F681C236-3C72-465C-9F65-386E4D7AD6F6}.Debug|x86.Build.0 = Debug|x86
		{F681C236-3C72-465C-9F65-386E4D7AD6F6}.Debug|x86.Deploy.0 = Debug|x86
		{F681C236-3C72-465C-9F65-386E4D7AD6F6}.MemoryApi|Any CPU.ActiveCfg = Release|x86
		{F681C236-3C72-465C-9F65-386E4D7AD6F6}.MemoryApi|Any CPU.Build.0 = Release|x86
		{F681C236-3C72-465C-9F65-386E4D7AD6F6}.MemoryApi|Any CPU.Deploy.0 = Release|x86
		{F681C236-3C72-465C-9F65-386E4D7AD6F6}.MemoryApi|ARM.ActiveCfg = Release|ARM
		{F681C236-3C72-465C-9F65-386E4D7AD6F6}.MemoryApi|ARM.Build.0 = Release|ARM
		{F681C236-3C72-465C-9F65-386E4D7AD6F6}.MemoryApi|ARM.Deploy.0 = Release|ARM
		{F681C236-3C72-465C-9F65-386E4D7AD6F6}.MemoryApi|iPhone.ActiveCfg = Release|x86
		{F681C236-3C72-465C-9F65-386E4D7AD6F6}.MemoryApi|iPhone.Build.0 = Release|x86
		{F681C236-3C72-465C-9F65-386E4D7AD6F6}.MemoryApi|iPhone.Deploy.0 = Release|x86
		{F681C236-3C72-465C-9F65-386E4D7AD6F6}.MemoryApi|iPhoneSimulator.ActiveCfg = Release|x86
		{F681C236-3C72-465C-9F65-386E4D7AD6F6}.MemoryApi|iPhoneSimulator.Build.0 = Release|x86
		{F681C236-3C72-465C-9F65-386E4D7AD6F6}.MemoryApi|iPhoneSimulator.Deploy.0 = Release|x86
		{F681C236-3C72-465C-9F65-386E4D7AD6F6}.MemoryApi|x64.ActiveCfg = Release|x64
		{F681C236-3C72-465C-9F65-386E4D7AD6F6}.MemoryApi|x64.Build.0 = Release|x64
		{F681C236-3C72-465C-9F65-386E4D7AD6F6}.MemoryApi|x64.Deploy.0 = Release|x64
		{F681C236-3C72-465C-9F65-386E4D7AD6F6}.MemoryApi|x86.ActiveCfg = Release|x86
		{F681C236-3C72-465C-9F65-386E4D7AD6F6}.MemoryApi|x86.Build.0 = Release|x86
		{F681C236-3C72-465C-9F65-386E4D7AD6F6}.MemoryApi|x86.Deploy.0 = Release|x86
		{F681C236-3C72-465C-9F65-386E4D7AD6F6}.MemoryClient.Web-Release|Any CPU.ActiveCfg = Release|x86
		{F681C236-3C72-465C-9F65-386E4D7AD6F6}.MemoryClient.Web-Release|Any CPU.Build.0 = Release|x86
		{F681C236-3C72-465C-9F65-386E4D7AD6F6}.MemoryClient.Web-Release|Any CPU.Deploy.0 = Release|x86
		{F681C236-3C72-465C-9F65-386E4D7AD6F6}.MemoryClient.Web-Release|ARM.ActiveCfg = Release|ARM
		{F681C236-3C72-465C-9F65-386E4D7AD6F6}.MemoryClient.Web-Release|ARM.Build.0 = Release|ARM
		{F681C236-3C72-465C-9F65-386E4D7AD6F6}.MemoryClient.Web-Release|ARM.Deploy.0 = Release|ARM
		{F681C236-3C72-465C-9F65-386E4D7AD6F6}.MemoryClient.Web-Release|iPhone.ActiveCfg = Release|x86
		{F681C236-3C72-465C-9F65-386E4D7AD6F6}.MemoryClient.Web-Release|iPhone.Build.0 = Release|x86
		{F681C236-3C72-465C-9F65-386E4D7AD6F6}.MemoryClient.Web-Release|iPhone.Deploy.0 = Release|x86
		{F681C236-3C72-465C-9F65-386E4D7AD6F6}.MemoryClient.Web-Release|iPhoneSimulator.ActiveCfg = Release|x86
		{F681C236-3C72-465C-9F65-386E4D7AD6F6}.MemoryClient.Web-Release|iPhoneSimulator.Build.0 = Release|x86
		{F681C236-3C72-465C-9F65-386E4D7AD6F6}.MemoryClient.Web-Release|iPhoneSimulator.Deploy.0 = Release|x86
		{F681C236-3C72-465C-9F65-386E4D7AD6F6}.MemoryClient.Web-Release|x64.ActiveCfg = Release|x64
		{F681C236-3C72-465C-9F65-386E4D7AD6F6}.MemoryClient.Web-Release|x64.Build.0 = Release|x64
		{F681C236-3C72-465C-9F65-386E4D7AD6F6}.MemoryClient.Web-Release|x64.Deploy.0 = Release|x64
		{F681C236-3C72-465C-9F65-386E4D7AD6F6}.MemoryClient.Web-Release|x86.ActiveCfg = Release|x86
		{F681C236-3C72-465C-9F65-386E4D7AD6F6}.MemoryClient.Web-Release|x86.Build.0 = Release|x86
		{F681C236-3C72-465C-9F65-386E4D7AD6F6}.MemoryClient.Web-Release|x86.Deploy.0 = Release|x86
		{F681C236-3C72-465C-9F65-386E4D7AD6F6}.Release|Any CPU.ActiveCfg = Release|x86
		{F681C236-3C72-465C-9F65-386E4D7AD6F6}.Release|ARM.ActiveCfg = Release|ARM
		{F681C236-3C72-465C-9F65-386E4D7AD6F6}.Release|ARM.Build.0 = Release|ARM
		{F681C236-3C72-465C-9F65-386E4D7AD6F6}.Release|ARM.Deploy.0 = Release|ARM
		{F681C236-3C72-465C-9F65-386E4D7AD6F6}.Release|iPhone.ActiveCfg = Release|x86
		{F681C236-3C72-465C-9F65-386E4D7AD6F6}.Release|iPhoneSimulator.ActiveCfg = Release|x86
		{F681C236-3C72-465C-9F65-386E4D7AD6F6}.Release|x64.ActiveCfg = Release|x64
		{F681C236-3C72-465C-9F65-386E4D7AD6F6}.Release|x64.Build.0 = Release|x64
		{F681C236-3C72-465C-9F65-386E4D7AD6F6}.Release|x64.Deploy.0 = Release|x64
		{F681C236-3C72-465C-9F65-386E4D7AD6F6}.Release|x86.ActiveCfg = Release|x86
		{F681C236-3C72-465C-9F65-386E4D7AD6F6}.Release|x86.Build.0 = Release|x86
		{F681C236-3C72-465C-9F65-386E4D7AD6F6}.Release|x86.Deploy.0 = Release|x86
		{A96733A9-BDD3-4C8A-984F-459A591F7126}.Ad-Hoc|Any CPU.ActiveCfg = Release|Any CPU
		{A96733A9-BDD3-4C8A-984F-459A591F7126}.Ad-Hoc|Any CPU.Build.0 = Release|Any CPU
		{A96733A9-BDD3-4C8A-984F-459A591F7126}.Ad-Hoc|ARM.ActiveCfg = Release|Any CPU
		{A96733A9-BDD3-4C8A-984F-459A591F7126}.Ad-Hoc|ARM.Build.0 = Release|Any CPU
		{A96733A9-BDD3-4C8A-984F-459A591F7126}.Ad-Hoc|iPhone.ActiveCfg = Release|Any CPU
		{A96733A9-BDD3-4C8A-984F-459A591F7126}.Ad-Hoc|iPhone.Build.0 = Release|Any CPU
		{A96733A9-BDD3-4C8A-984F-459A591F7126}.Ad-Hoc|iPhoneSimulator.ActiveCfg = Release|Any CPU
		{A96733A9-BDD3-4C8A-984F-459A591F7126}.Ad-Hoc|iPhoneSimulator.Build.0 = Release|Any CPU
		{A96733A9-BDD3-4C8A-984F-459A591F7126}.Ad-Hoc|x64.ActiveCfg = Release|Any CPU
		{A96733A9-BDD3-4C8A-984F-459A591F7126}.Ad-Hoc|x64.Build.0 = Release|Any CPU
		{A96733A9-BDD3-4C8A-984F-459A591F7126}.Ad-Hoc|x86.ActiveCfg = Release|Any CPU
		{A96733A9-BDD3-4C8A-984F-459A591F7126}.Ad-Hoc|x86.Build.0 = Release|Any CPU
		{A96733A9-BDD3-4C8A-984F-459A591F7126}.AppStore|Any CPU.ActiveCfg = Release|Any CPU
		{A96733A9-BDD3-4C8A-984F-459A591F7126}.AppStore|Any CPU.Build.0 = Release|Any CPU
		{A96733A9-BDD3-4C8A-984F-459A591F7126}.AppStore|ARM.ActiveCfg = Release|Any CPU
		{A96733A9-BDD3-4C8A-984F-459A591F7126}.AppStore|ARM.Build.0 = Release|Any CPU
		{A96733A9-BDD3-4C8A-984F-459A591F7126}.AppStore|iPhone.ActiveCfg = Release|Any CPU
		{A96733A9-BDD3-4C8A-984F-459A591F7126}.AppStore|iPhone.Build.0 = Release|Any CPU
		{A96733A9-BDD3-4C8A-984F-459A591F7126}.AppStore|iPhoneSimulator.ActiveCfg = Release|Any CPU
		{A96733A9-BDD3-4C8A-984F-459A591F7126}.AppStore|iPhoneSimulator.Build.0 = Release|Any CPU
		{A96733A9-BDD3-4C8A-984F-459A591F7126}.AppStore|x64.ActiveCfg = Release|Any CPU
		{A96733A9-BDD3-4C8A-984F-459A591F7126}.AppStore|x64.Build.0 = Release|Any CPU
		{A96733A9-BDD3-4C8A-984F-459A591F7126}.AppStore|x86.ActiveCfg = Release|Any CPU
		{A96733A9-BDD3-4C8A-984F-459A591F7126}.AppStore|x86.Build.0 = Release|Any CPU
		{A96733A9-BDD3-4C8A-984F-459A591F7126}.Debug|Any CPU.ActiveCfg = Debug|Any CPU
		{A96733A9-BDD3-4C8A-984F-459A591F7126}.Debug|Any CPU.Build.0 = Debug|Any CPU
		{A96733A9-BDD3-4C8A-984F-459A591F7126}.Debug|ARM.ActiveCfg = Debug|Any CPU
		{A96733A9-BDD3-4C8A-984F-459A591F7126}.Debug|ARM.Build.0 = Debug|Any CPU
		{A96733A9-BDD3-4C8A-984F-459A591F7126}.Debug|iPhone.ActiveCfg = Debug|Any CPU
		{A96733A9-BDD3-4C8A-984F-459A591F7126}.Debug|iPhone.Build.0 = Debug|Any CPU
		{A96733A9-BDD3-4C8A-984F-459A591F7126}.Debug|iPhoneSimulator.ActiveCfg = Debug|Any CPU
		{A96733A9-BDD3-4C8A-984F-459A591F7126}.Debug|iPhoneSimulator.Build.0 = Debug|Any CPU
		{A96733A9-BDD3-4C8A-984F-459A591F7126}.Debug|x64.ActiveCfg = Debug|Any CPU
		{A96733A9-BDD3-4C8A-984F-459A591F7126}.Debug|x64.Build.0 = Debug|Any CPU
		{A96733A9-BDD3-4C8A-984F-459A591F7126}.Debug|x86.ActiveCfg = Debug|Any CPU
		{A96733A9-BDD3-4C8A-984F-459A591F7126}.Debug|x86.Build.0 = Debug|Any CPU
		{A96733A9-BDD3-4C8A-984F-459A591F7126}.MemoryApi|Any CPU.ActiveCfg = Release|Any CPU
		{A96733A9-BDD3-4C8A-984F-459A591F7126}.MemoryApi|Any CPU.Build.0 = Release|Any CPU
		{A96733A9-BDD3-4C8A-984F-459A591F7126}.MemoryApi|ARM.ActiveCfg = Release|Any CPU
		{A96733A9-BDD3-4C8A-984F-459A591F7126}.MemoryApi|ARM.Build.0 = Release|Any CPU
		{A96733A9-BDD3-4C8A-984F-459A591F7126}.MemoryApi|iPhone.ActiveCfg = Release|Any CPU
		{A96733A9-BDD3-4C8A-984F-459A591F7126}.MemoryApi|iPhone.Build.0 = Release|Any CPU
		{A96733A9-BDD3-4C8A-984F-459A591F7126}.MemoryApi|iPhoneSimulator.ActiveCfg = Release|Any CPU
		{A96733A9-BDD3-4C8A-984F-459A591F7126}.MemoryApi|iPhoneSimulator.Build.0 = Release|Any CPU
		{A96733A9-BDD3-4C8A-984F-459A591F7126}.MemoryApi|x64.ActiveCfg = Release|Any CPU
		{A96733A9-BDD3-4C8A-984F-459A591F7126}.MemoryApi|x64.Build.0 = Release|Any CPU
		{A96733A9-BDD3-4C8A-984F-459A591F7126}.MemoryApi|x86.ActiveCfg = Release|Any CPU
		{A96733A9-BDD3-4C8A-984F-459A591F7126}.MemoryApi|x86.Build.0 = Release|Any CPU
		{A96733A9-BDD3-4C8A-984F-459A591F7126}.MemoryClient.Web-Release|Any CPU.ActiveCfg = Release|Any CPU
		{A96733A9-BDD3-4C8A-984F-459A591F7126}.MemoryClient.Web-Release|Any CPU.Build.0 = Release|Any CPU
		{A96733A9-BDD3-4C8A-984F-459A591F7126}.MemoryClient.Web-Release|ARM.ActiveCfg = Release|Any CPU
		{A96733A9-BDD3-4C8A-984F-459A591F7126}.MemoryClient.Web-Release|ARM.Build.0 = Release|Any CPU
		{A96733A9-BDD3-4C8A-984F-459A591F7126}.MemoryClient.Web-Release|iPhone.ActiveCfg = Release|Any CPU
		{A96733A9-BDD3-4C8A-984F-459A591F7126}.MemoryClient.Web-Release|iPhone.Build.0 = Release|Any CPU
		{A96733A9-BDD3-4C8A-984F-459A591F7126}.MemoryClient.Web-Release|iPhoneSimulator.ActiveCfg = Release|Any CPU
		{A96733A9-BDD3-4C8A-984F-459A591F7126}.MemoryClient.Web-Release|iPhoneSimulator.Build.0 = Release|Any CPU
		{A96733A9-BDD3-4C8A-984F-459A591F7126}.MemoryClient.Web-Release|x64.ActiveCfg = Release|Any CPU
		{A96733A9-BDD3-4C8A-984F-459A591F7126}.MemoryClient.Web-Release|x64.Build.0 = Release|Any CPU
		{A96733A9-BDD3-4C8A-984F-459A591F7126}.MemoryClient.Web-Release|x86.ActiveCfg = Release|Any CPU
		{A96733A9-BDD3-4C8A-984F-459A591F7126}.MemoryClient.Web-Release|x86.Build.0 = Release|Any CPU
		{A96733A9-BDD3-4C8A-984F-459A591F7126}.Release|Any CPU.ActiveCfg = Release|Any CPU
		{A96733A9-BDD3-4C8A-984F-459A591F7126}.Release|Any CPU.Build.0 = Release|Any CPU
		{A96733A9-BDD3-4C8A-984F-459A591F7126}.Release|ARM.ActiveCfg = Release|Any CPU
		{A96733A9-BDD3-4C8A-984F-459A591F7126}.Release|ARM.Build.0 = Release|Any CPU
		{A96733A9-BDD3-4C8A-984F-459A591F7126}.Release|iPhone.ActiveCfg = Release|Any CPU
		{A96733A9-BDD3-4C8A-984F-459A591F7126}.Release|iPhone.Build.0 = Release|Any CPU
		{A96733A9-BDD3-4C8A-984F-459A591F7126}.Release|iPhoneSimulator.ActiveCfg = Release|Any CPU
		{A96733A9-BDD3-4C8A-984F-459A591F7126}.Release|iPhoneSimulator.Build.0 = Release|Any CPU
		{A96733A9-BDD3-4C8A-984F-459A591F7126}.Release|x64.ActiveCfg = Release|Any CPU
		{A96733A9-BDD3-4C8A-984F-459A591F7126}.Release|x64.Build.0 = Release|Any CPU
		{A96733A9-BDD3-4C8A-984F-459A591F7126}.Release|x86.ActiveCfg = Release|Any CPU
		{A96733A9-BDD3-4C8A-984F-459A591F7126}.Release|x86.Build.0 = Release|Any CPU
		{9DFAC6B3-8181-4342-B2A0-E32075A45EF1}.Ad-Hoc|Any CPU.ActiveCfg = Release|Any CPU
		{9DFAC6B3-8181-4342-B2A0-E32075A45EF1}.Ad-Hoc|Any CPU.Build.0 = Release|Any CPU
		{9DFAC6B3-8181-4342-B2A0-E32075A45EF1}.Ad-Hoc|Any CPU.Deploy.0 = Release|Any CPU
		{9DFAC6B3-8181-4342-B2A0-E32075A45EF1}.Ad-Hoc|ARM.ActiveCfg = Release|Any CPU
		{9DFAC6B3-8181-4342-B2A0-E32075A45EF1}.Ad-Hoc|ARM.Build.0 = Release|Any CPU
		{9DFAC6B3-8181-4342-B2A0-E32075A45EF1}.Ad-Hoc|ARM.Deploy.0 = Release|Any CPU
		{9DFAC6B3-8181-4342-B2A0-E32075A45EF1}.Ad-Hoc|iPhone.ActiveCfg = Release|Any CPU
		{9DFAC6B3-8181-4342-B2A0-E32075A45EF1}.Ad-Hoc|iPhone.Build.0 = Release|Any CPU
		{9DFAC6B3-8181-4342-B2A0-E32075A45EF1}.Ad-Hoc|iPhone.Deploy.0 = Release|Any CPU
		{9DFAC6B3-8181-4342-B2A0-E32075A45EF1}.Ad-Hoc|iPhoneSimulator.ActiveCfg = Release|Any CPU
		{9DFAC6B3-8181-4342-B2A0-E32075A45EF1}.Ad-Hoc|iPhoneSimulator.Build.0 = Release|Any CPU
		{9DFAC6B3-8181-4342-B2A0-E32075A45EF1}.Ad-Hoc|iPhoneSimulator.Deploy.0 = Release|Any CPU
		{9DFAC6B3-8181-4342-B2A0-E32075A45EF1}.Ad-Hoc|x64.ActiveCfg = Release|Any CPU
		{9DFAC6B3-8181-4342-B2A0-E32075A45EF1}.Ad-Hoc|x64.Build.0 = Release|Any CPU
		{9DFAC6B3-8181-4342-B2A0-E32075A45EF1}.Ad-Hoc|x64.Deploy.0 = Release|Any CPU
		{9DFAC6B3-8181-4342-B2A0-E32075A45EF1}.Ad-Hoc|x86.ActiveCfg = Release|Any CPU
		{9DFAC6B3-8181-4342-B2A0-E32075A45EF1}.Ad-Hoc|x86.Build.0 = Release|Any CPU
		{9DFAC6B3-8181-4342-B2A0-E32075A45EF1}.Ad-Hoc|x86.Deploy.0 = Release|Any CPU
		{9DFAC6B3-8181-4342-B2A0-E32075A45EF1}.AppStore|Any CPU.ActiveCfg = Release|Any CPU
		{9DFAC6B3-8181-4342-B2A0-E32075A45EF1}.AppStore|Any CPU.Build.0 = Release|Any CPU
		{9DFAC6B3-8181-4342-B2A0-E32075A45EF1}.AppStore|Any CPU.Deploy.0 = Release|Any CPU
		{9DFAC6B3-8181-4342-B2A0-E32075A45EF1}.AppStore|ARM.ActiveCfg = Release|Any CPU
		{9DFAC6B3-8181-4342-B2A0-E32075A45EF1}.AppStore|ARM.Build.0 = Release|Any CPU
		{9DFAC6B3-8181-4342-B2A0-E32075A45EF1}.AppStore|ARM.Deploy.0 = Release|Any CPU
		{9DFAC6B3-8181-4342-B2A0-E32075A45EF1}.AppStore|iPhone.ActiveCfg = Release|Any CPU
		{9DFAC6B3-8181-4342-B2A0-E32075A45EF1}.AppStore|iPhone.Build.0 = Release|Any CPU
		{9DFAC6B3-8181-4342-B2A0-E32075A45EF1}.AppStore|iPhone.Deploy.0 = Release|Any CPU
		{9DFAC6B3-8181-4342-B2A0-E32075A45EF1}.AppStore|iPhoneSimulator.ActiveCfg = Release|Any CPU
		{9DFAC6B3-8181-4342-B2A0-E32075A45EF1}.AppStore|iPhoneSimulator.Build.0 = Release|Any CPU
		{9DFAC6B3-8181-4342-B2A0-E32075A45EF1}.AppStore|iPhoneSimulator.Deploy.0 = Release|Any CPU
		{9DFAC6B3-8181-4342-B2A0-E32075A45EF1}.AppStore|x64.ActiveCfg = Release|Any CPU
		{9DFAC6B3-8181-4342-B2A0-E32075A45EF1}.AppStore|x64.Build.0 = Release|Any CPU
		{9DFAC6B3-8181-4342-B2A0-E32075A45EF1}.AppStore|x64.Deploy.0 = Release|Any CPU
		{9DFAC6B3-8181-4342-B2A0-E32075A45EF1}.AppStore|x86.ActiveCfg = Release|Any CPU
		{9DFAC6B3-8181-4342-B2A0-E32075A45EF1}.AppStore|x86.Build.0 = Release|Any CPU
		{9DFAC6B3-8181-4342-B2A0-E32075A45EF1}.AppStore|x86.Deploy.0 = Release|Any CPU
		{9DFAC6B3-8181-4342-B2A0-E32075A45EF1}.Debug|Any CPU.ActiveCfg = Debug|Any CPU
		{9DFAC6B3-8181-4342-B2A0-E32075A45EF1}.Debug|Any CPU.Build.0 = Debug|Any CPU
		{9DFAC6B3-8181-4342-B2A0-E32075A45EF1}.Debug|Any CPU.Deploy.0 = Debug|Any CPU
		{9DFAC6B3-8181-4342-B2A0-E32075A45EF1}.Debug|ARM.ActiveCfg = Debug|Any CPU
		{9DFAC6B3-8181-4342-B2A0-E32075A45EF1}.Debug|ARM.Build.0 = Debug|Any CPU
		{9DFAC6B3-8181-4342-B2A0-E32075A45EF1}.Debug|ARM.Deploy.0 = Debug|Any CPU
		{9DFAC6B3-8181-4342-B2A0-E32075A45EF1}.Debug|iPhone.ActiveCfg = Debug|Any CPU
		{9DFAC6B3-8181-4342-B2A0-E32075A45EF1}.Debug|iPhone.Build.0 = Debug|Any CPU
		{9DFAC6B3-8181-4342-B2A0-E32075A45EF1}.Debug|iPhone.Deploy.0 = Debug|Any CPU
		{9DFAC6B3-8181-4342-B2A0-E32075A45EF1}.Debug|iPhoneSimulator.ActiveCfg = Debug|Any CPU
		{9DFAC6B3-8181-4342-B2A0-E32075A45EF1}.Debug|iPhoneSimulator.Build.0 = Debug|Any CPU
		{9DFAC6B3-8181-4342-B2A0-E32075A45EF1}.Debug|iPhoneSimulator.Deploy.0 = Debug|Any CPU
		{9DFAC6B3-8181-4342-B2A0-E32075A45EF1}.Debug|x64.ActiveCfg = Debug|Any CPU
		{9DFAC6B3-8181-4342-B2A0-E32075A45EF1}.Debug|x64.Build.0 = Debug|Any CPU
		{9DFAC6B3-8181-4342-B2A0-E32075A45EF1}.Debug|x64.Deploy.0 = Debug|Any CPU
		{9DFAC6B3-8181-4342-B2A0-E32075A45EF1}.Debug|x86.ActiveCfg = Debug|Any CPU
		{9DFAC6B3-8181-4342-B2A0-E32075A45EF1}.Debug|x86.Build.0 = Debug|Any CPU
		{9DFAC6B3-8181-4342-B2A0-E32075A45EF1}.Debug|x86.Deploy.0 = Debug|Any CPU
		{9DFAC6B3-8181-4342-B2A0-E32075A45EF1}.MemoryApi|Any CPU.ActiveCfg = Release|Any CPU
		{9DFAC6B3-8181-4342-B2A0-E32075A45EF1}.MemoryApi|Any CPU.Build.0 = Release|Any CPU
		{9DFAC6B3-8181-4342-B2A0-E32075A45EF1}.MemoryApi|Any CPU.Deploy.0 = Release|Any CPU
		{9DFAC6B3-8181-4342-B2A0-E32075A45EF1}.MemoryApi|ARM.ActiveCfg = Release|Any CPU
		{9DFAC6B3-8181-4342-B2A0-E32075A45EF1}.MemoryApi|ARM.Build.0 = Release|Any CPU
		{9DFAC6B3-8181-4342-B2A0-E32075A45EF1}.MemoryApi|ARM.Deploy.0 = Release|Any CPU
		{9DFAC6B3-8181-4342-B2A0-E32075A45EF1}.MemoryApi|iPhone.ActiveCfg = Release|Any CPU
		{9DFAC6B3-8181-4342-B2A0-E32075A45EF1}.MemoryApi|iPhone.Build.0 = Release|Any CPU
		{9DFAC6B3-8181-4342-B2A0-E32075A45EF1}.MemoryApi|iPhone.Deploy.0 = Release|Any CPU
		{9DFAC6B3-8181-4342-B2A0-E32075A45EF1}.MemoryApi|iPhoneSimulator.ActiveCfg = Release|Any CPU
		{9DFAC6B3-8181-4342-B2A0-E32075A45EF1}.MemoryApi|iPhoneSimulator.Build.0 = Release|Any CPU
		{9DFAC6B3-8181-4342-B2A0-E32075A45EF1}.MemoryApi|iPhoneSimulator.Deploy.0 = Release|Any CPU
		{9DFAC6B3-8181-4342-B2A0-E32075A45EF1}.MemoryApi|x64.ActiveCfg = Release|Any CPU
		{9DFAC6B3-8181-4342-B2A0-E32075A45EF1}.MemoryApi|x64.Build.0 = Release|Any CPU
		{9DFAC6B3-8181-4342-B2A0-E32075A45EF1}.MemoryApi|x64.Deploy.0 = Release|Any CPU
		{9DFAC6B3-8181-4342-B2A0-E32075A45EF1}.MemoryApi|x86.ActiveCfg = Release|Any CPU
		{9DFAC6B3-8181-4342-B2A0-E32075A45EF1}.MemoryApi|x86.Build.0 = Release|Any CPU
		{9DFAC6B3-8181-4342-B2A0-E32075A45EF1}.MemoryApi|x86.Deploy.0 = Release|Any CPU
		{9DFAC6B3-8181-4342-B2A0-E32075A45EF1}.MemoryClient.Web-Release|Any CPU.ActiveCfg = Release|Any CPU
		{9DFAC6B3-8181-4342-B2A0-E32075A45EF1}.MemoryClient.Web-Release|Any CPU.Build.0 = Release|Any CPU
		{9DFAC6B3-8181-4342-B2A0-E32075A45EF1}.MemoryClient.Web-Release|Any CPU.Deploy.0 = Release|Any CPU
		{9DFAC6B3-8181-4342-B2A0-E32075A45EF1}.MemoryClient.Web-Release|ARM.ActiveCfg = Release|Any CPU
		{9DFAC6B3-8181-4342-B2A0-E32075A45EF1}.MemoryClient.Web-Release|ARM.Build.0 = Release|Any CPU
		{9DFAC6B3-8181-4342-B2A0-E32075A45EF1}.MemoryClient.Web-Release|ARM.Deploy.0 = Release|Any CPU
		{9DFAC6B3-8181-4342-B2A0-E32075A45EF1}.MemoryClient.Web-Release|iPhone.ActiveCfg = Release|Any CPU
		{9DFAC6B3-8181-4342-B2A0-E32075A45EF1}.MemoryClient.Web-Release|iPhone.Build.0 = Release|Any CPU
		{9DFAC6B3-8181-4342-B2A0-E32075A45EF1}.MemoryClient.Web-Release|iPhone.Deploy.0 = Release|Any CPU
		{9DFAC6B3-8181-4342-B2A0-E32075A45EF1}.MemoryClient.Web-Release|iPhoneSimulator.ActiveCfg = Release|Any CPU
		{9DFAC6B3-8181-4342-B2A0-E32075A45EF1}.MemoryClient.Web-Release|iPhoneSimulator.Build.0 = Release|Any CPU
		{9DFAC6B3-8181-4342-B2A0-E32075A45EF1}.MemoryClient.Web-Release|iPhoneSimulator.Deploy.0 = Release|Any CPU
		{9DFAC6B3-8181-4342-B2A0-E32075A45EF1}.MemoryClient.Web-Release|x64.ActiveCfg = Release|Any CPU
		{9DFAC6B3-8181-4342-B2A0-E32075A45EF1}.MemoryClient.Web-Release|x64.Build.0 = Release|Any CPU
		{9DFAC6B3-8181-4342-B2A0-E32075A45EF1}.MemoryClient.Web-Release|x64.Deploy.0 = Release|Any CPU
		{9DFAC6B3-8181-4342-B2A0-E32075A45EF1}.MemoryClient.Web-Release|x86.ActiveCfg = Release|Any CPU
		{9DFAC6B3-8181-4342-B2A0-E32075A45EF1}.MemoryClient.Web-Release|x86.Build.0 = Release|Any CPU
		{9DFAC6B3-8181-4342-B2A0-E32075A45EF1}.MemoryClient.Web-Release|x86.Deploy.0 = Release|Any CPU
		{9DFAC6B3-8181-4342-B2A0-E32075A45EF1}.Release|Any CPU.ActiveCfg = Release|Any CPU
		{9DFAC6B3-8181-4342-B2A0-E32075A45EF1}.Release|Any CPU.Build.0 = Release|Any CPU
		{9DFAC6B3-8181-4342-B2A0-E32075A45EF1}.Release|Any CPU.Deploy.0 = Release|Any CPU
		{9DFAC6B3-8181-4342-B2A0-E32075A45EF1}.Release|ARM.ActiveCfg = Release|Any CPU
		{9DFAC6B3-8181-4342-B2A0-E32075A45EF1}.Release|ARM.Build.0 = Release|Any CPU
		{9DFAC6B3-8181-4342-B2A0-E32075A45EF1}.Release|ARM.Deploy.0 = Release|Any CPU
		{9DFAC6B3-8181-4342-B2A0-E32075A45EF1}.Release|iPhone.ActiveCfg = Release|Any CPU
		{9DFAC6B3-8181-4342-B2A0-E32075A45EF1}.Release|iPhone.Build.0 = Release|Any CPU
		{9DFAC6B3-8181-4342-B2A0-E32075A45EF1}.Release|iPhone.Deploy.0 = Release|Any CPU
		{9DFAC6B3-8181-4342-B2A0-E32075A45EF1}.Release|iPhoneSimulator.ActiveCfg = Release|Any CPU
		{9DFAC6B3-8181-4342-B2A0-E32075A45EF1}.Release|iPhoneSimulator.Build.0 = Release|Any CPU
		{9DFAC6B3-8181-4342-B2A0-E32075A45EF1}.Release|iPhoneSimulator.Deploy.0 = Release|Any CPU
		{9DFAC6B3-8181-4342-B2A0-E32075A45EF1}.Release|x64.ActiveCfg = Release|Any CPU
		{9DFAC6B3-8181-4342-B2A0-E32075A45EF1}.Release|x64.Build.0 = Release|Any CPU
		{9DFAC6B3-8181-4342-B2A0-E32075A45EF1}.Release|x64.Deploy.0 = Release|Any CPU
		{9DFAC6B3-8181-4342-B2A0-E32075A45EF1}.Release|x86.ActiveCfg = Release|Any CPU
		{9DFAC6B3-8181-4342-B2A0-E32075A45EF1}.Release|x86.Build.0 = Release|Any CPU
		{9DFAC6B3-8181-4342-B2A0-E32075A45EF1}.Release|x86.Deploy.0 = Release|Any CPU
		{85B73A19-428D-4BAE-8529-C9A155ED4676}.Ad-Hoc|Any CPU.ActiveCfg = Ad-Hoc|iPhone
		{85B73A19-428D-4BAE-8529-C9A155ED4676}.Ad-Hoc|ARM.ActiveCfg = Ad-Hoc|iPhone
		{85B73A19-428D-4BAE-8529-C9A155ED4676}.Ad-Hoc|iPhone.ActiveCfg = Ad-Hoc|iPhone
		{85B73A19-428D-4BAE-8529-C9A155ED4676}.Ad-Hoc|iPhone.Build.0 = Ad-Hoc|iPhone
		{85B73A19-428D-4BAE-8529-C9A155ED4676}.Ad-Hoc|iPhoneSimulator.ActiveCfg = Ad-Hoc|iPhoneSimulator
		{85B73A19-428D-4BAE-8529-C9A155ED4676}.Ad-Hoc|iPhoneSimulator.Build.0 = Ad-Hoc|iPhoneSimulator
		{85B73A19-428D-4BAE-8529-C9A155ED4676}.Ad-Hoc|x64.ActiveCfg = Ad-Hoc|iPhone
		{85B73A19-428D-4BAE-8529-C9A155ED4676}.Ad-Hoc|x86.ActiveCfg = Ad-Hoc|iPhone
		{85B73A19-428D-4BAE-8529-C9A155ED4676}.AppStore|Any CPU.ActiveCfg = AppStore|iPhone
		{85B73A19-428D-4BAE-8529-C9A155ED4676}.AppStore|ARM.ActiveCfg = AppStore|iPhone
		{85B73A19-428D-4BAE-8529-C9A155ED4676}.AppStore|iPhone.ActiveCfg = AppStore|iPhone
		{85B73A19-428D-4BAE-8529-C9A155ED4676}.AppStore|iPhone.Build.0 = AppStore|iPhone
		{85B73A19-428D-4BAE-8529-C9A155ED4676}.AppStore|iPhoneSimulator.ActiveCfg = AppStore|iPhoneSimulator
		{85B73A19-428D-4BAE-8529-C9A155ED4676}.AppStore|iPhoneSimulator.Build.0 = AppStore|iPhoneSimulator
		{85B73A19-428D-4BAE-8529-C9A155ED4676}.AppStore|x64.ActiveCfg = AppStore|iPhone
		{85B73A19-428D-4BAE-8529-C9A155ED4676}.AppStore|x86.ActiveCfg = AppStore|iPhone
		{85B73A19-428D-4BAE-8529-C9A155ED4676}.Debug|Any CPU.ActiveCfg = Debug|iPhone
		{85B73A19-428D-4BAE-8529-C9A155ED4676}.Debug|ARM.ActiveCfg = Debug|iPhone
		{85B73A19-428D-4BAE-8529-C9A155ED4676}.Debug|iPhone.ActiveCfg = Debug|iPhone
		{85B73A19-428D-4BAE-8529-C9A155ED4676}.Debug|iPhone.Build.0 = Debug|iPhone
		{85B73A19-428D-4BAE-8529-C9A155ED4676}.Debug|iPhoneSimulator.ActiveCfg = Debug|iPhoneSimulator
		{85B73A19-428D-4BAE-8529-C9A155ED4676}.Debug|iPhoneSimulator.Build.0 = Debug|iPhoneSimulator
		{85B73A19-428D-4BAE-8529-C9A155ED4676}.Debug|x64.ActiveCfg = Debug|iPhone
		{85B73A19-428D-4BAE-8529-C9A155ED4676}.Debug|x86.ActiveCfg = Debug|iPhone
		{85B73A19-428D-4BAE-8529-C9A155ED4676}.MemoryApi|Any CPU.ActiveCfg = AppStore|iPhone
		{85B73A19-428D-4BAE-8529-C9A155ED4676}.MemoryApi|Any CPU.Build.0 = AppStore|iPhone
		{85B73A19-428D-4BAE-8529-C9A155ED4676}.MemoryApi|ARM.ActiveCfg = AppStore|iPhone
		{85B73A19-428D-4BAE-8529-C9A155ED4676}.MemoryApi|ARM.Build.0 = AppStore|iPhone
		{85B73A19-428D-4BAE-8529-C9A155ED4676}.MemoryApi|iPhone.ActiveCfg = AppStore|iPhone
		{85B73A19-428D-4BAE-8529-C9A155ED4676}.MemoryApi|iPhone.Build.0 = AppStore|iPhone
		{85B73A19-428D-4BAE-8529-C9A155ED4676}.MemoryApi|iPhoneSimulator.ActiveCfg = AppStore|iPhoneSimulator
		{85B73A19-428D-4BAE-8529-C9A155ED4676}.MemoryApi|iPhoneSimulator.Build.0 = AppStore|iPhoneSimulator
		{85B73A19-428D-4BAE-8529-C9A155ED4676}.MemoryApi|x64.ActiveCfg = AppStore|iPhone
		{85B73A19-428D-4BAE-8529-C9A155ED4676}.MemoryApi|x64.Build.0 = AppStore|iPhone
		{85B73A19-428D-4BAE-8529-C9A155ED4676}.MemoryApi|x86.ActiveCfg = AppStore|iPhone
		{85B73A19-428D-4BAE-8529-C9A155ED4676}.MemoryApi|x86.Build.0 = AppStore|iPhone
		{85B73A19-428D-4BAE-8529-C9A155ED4676}.MemoryClient.Web-Release|Any CPU.ActiveCfg = AppStore|iPhone
		{85B73A19-428D-4BAE-8529-C9A155ED4676}.MemoryClient.Web-Release|Any CPU.Build.0 = AppStore|iPhone
		{85B73A19-428D-4BAE-8529-C9A155ED4676}.MemoryClient.Web-Release|ARM.ActiveCfg = AppStore|iPhone
		{85B73A19-428D-4BAE-8529-C9A155ED4676}.MemoryClient.Web-Release|ARM.Build.0 = AppStore|iPhone
		{85B73A19-428D-4BAE-8529-C9A155ED4676}.MemoryClient.Web-Release|iPhone.ActiveCfg = Release|iPhone
		{85B73A19-428D-4BAE-8529-C9A155ED4676}.MemoryClient.Web-Release|iPhone.Build.0 = Release|iPhone
		{85B73A19-428D-4BAE-8529-C9A155ED4676}.MemoryClient.Web-Release|iPhoneSimulator.ActiveCfg = Release|iPhoneSimulator
		{85B73A19-428D-4BAE-8529-C9A155ED4676}.MemoryClient.Web-Release|iPhoneSimulator.Build.0 = Release|iPhoneSimulator
		{85B73A19-428D-4BAE-8529-C9A155ED4676}.MemoryClient.Web-Release|x64.ActiveCfg = AppStore|iPhone
		{85B73A19-428D-4BAE-8529-C9A155ED4676}.MemoryClient.Web-Release|x64.Build.0 = AppStore|iPhone
		{85B73A19-428D-4BAE-8529-C9A155ED4676}.MemoryClient.Web-Release|x86.ActiveCfg = AppStore|iPhone
		{85B73A19-428D-4BAE-8529-C9A155ED4676}.MemoryClient.Web-Release|x86.Build.0 = AppStore|iPhone
		{85B73A19-428D-4BAE-8529-C9A155ED4676}.Release|Any CPU.ActiveCfg = Release|iPhone
		{85B73A19-428D-4BAE-8529-C9A155ED4676}.Release|ARM.ActiveCfg = Release|iPhone
		{85B73A19-428D-4BAE-8529-C9A155ED4676}.Release|iPhone.ActiveCfg = Release|iPhone
		{85B73A19-428D-4BAE-8529-C9A155ED4676}.Release|iPhone.Build.0 = Release|iPhone
		{85B73A19-428D-4BAE-8529-C9A155ED4676}.Release|iPhoneSimulator.ActiveCfg = Release|iPhoneSimulator
		{85B73A19-428D-4BAE-8529-C9A155ED4676}.Release|iPhoneSimulator.Build.0 = Release|iPhoneSimulator
		{85B73A19-428D-4BAE-8529-C9A155ED4676}.Release|x64.ActiveCfg = Release|iPhone
		{85B73A19-428D-4BAE-8529-C9A155ED4676}.Release|x86.ActiveCfg = Release|iPhone
		{9B37EC2C-BB06-4861-8C0D-0E5EDE40FCA8}.Ad-Hoc|Any CPU.ActiveCfg = Release|x86
		{9B37EC2C-BB06-4861-8C0D-0E5EDE40FCA8}.Ad-Hoc|Any CPU.Build.0 = Release|x86
		{9B37EC2C-BB06-4861-8C0D-0E5EDE40FCA8}.Ad-Hoc|Any CPU.Deploy.0 = Release|x86
		{9B37EC2C-BB06-4861-8C0D-0E5EDE40FCA8}.Ad-Hoc|ARM.ActiveCfg = Release|ARM
		{9B37EC2C-BB06-4861-8C0D-0E5EDE40FCA8}.Ad-Hoc|ARM.Build.0 = Release|ARM
		{9B37EC2C-BB06-4861-8C0D-0E5EDE40FCA8}.Ad-Hoc|ARM.Deploy.0 = Release|ARM
		{9B37EC2C-BB06-4861-8C0D-0E5EDE40FCA8}.Ad-Hoc|iPhone.ActiveCfg = Release|x86
		{9B37EC2C-BB06-4861-8C0D-0E5EDE40FCA8}.Ad-Hoc|iPhone.Build.0 = Release|x86
		{9B37EC2C-BB06-4861-8C0D-0E5EDE40FCA8}.Ad-Hoc|iPhone.Deploy.0 = Release|x86
		{9B37EC2C-BB06-4861-8C0D-0E5EDE40FCA8}.Ad-Hoc|iPhoneSimulator.ActiveCfg = Release|x86
		{9B37EC2C-BB06-4861-8C0D-0E5EDE40FCA8}.Ad-Hoc|iPhoneSimulator.Build.0 = Release|x86
		{9B37EC2C-BB06-4861-8C0D-0E5EDE40FCA8}.Ad-Hoc|iPhoneSimulator.Deploy.0 = Release|x86
		{9B37EC2C-BB06-4861-8C0D-0E5EDE40FCA8}.Ad-Hoc|x64.ActiveCfg = Release|x64
		{9B37EC2C-BB06-4861-8C0D-0E5EDE40FCA8}.Ad-Hoc|x64.Build.0 = Release|x64
		{9B37EC2C-BB06-4861-8C0D-0E5EDE40FCA8}.Ad-Hoc|x64.Deploy.0 = Release|x64
		{9B37EC2C-BB06-4861-8C0D-0E5EDE40FCA8}.Ad-Hoc|x86.ActiveCfg = Release|x86
		{9B37EC2C-BB06-4861-8C0D-0E5EDE40FCA8}.Ad-Hoc|x86.Build.0 = Release|x86
		{9B37EC2C-BB06-4861-8C0D-0E5EDE40FCA8}.Ad-Hoc|x86.Deploy.0 = Release|x86
		{9B37EC2C-BB06-4861-8C0D-0E5EDE40FCA8}.AppStore|Any CPU.ActiveCfg = Release|x86
		{9B37EC2C-BB06-4861-8C0D-0E5EDE40FCA8}.AppStore|Any CPU.Build.0 = Release|x86
		{9B37EC2C-BB06-4861-8C0D-0E5EDE40FCA8}.AppStore|Any CPU.Deploy.0 = Release|x86
		{9B37EC2C-BB06-4861-8C0D-0E5EDE40FCA8}.AppStore|ARM.ActiveCfg = Release|ARM
		{9B37EC2C-BB06-4861-8C0D-0E5EDE40FCA8}.AppStore|ARM.Build.0 = Release|ARM
		{9B37EC2C-BB06-4861-8C0D-0E5EDE40FCA8}.AppStore|ARM.Deploy.0 = Release|ARM
		{9B37EC2C-BB06-4861-8C0D-0E5EDE40FCA8}.AppStore|iPhone.ActiveCfg = Release|x86
		{9B37EC2C-BB06-4861-8C0D-0E5EDE40FCA8}.AppStore|iPhone.Build.0 = Release|x86
		{9B37EC2C-BB06-4861-8C0D-0E5EDE40FCA8}.AppStore|iPhone.Deploy.0 = Release|x86
		{9B37EC2C-BB06-4861-8C0D-0E5EDE40FCA8}.AppStore|iPhoneSimulator.ActiveCfg = Release|x86
		{9B37EC2C-BB06-4861-8C0D-0E5EDE40FCA8}.AppStore|iPhoneSimulator.Build.0 = Release|x86
		{9B37EC2C-BB06-4861-8C0D-0E5EDE40FCA8}.AppStore|iPhoneSimulator.Deploy.0 = Release|x86
		{9B37EC2C-BB06-4861-8C0D-0E5EDE40FCA8}.AppStore|x64.ActiveCfg = Release|x64
		{9B37EC2C-BB06-4861-8C0D-0E5EDE40FCA8}.AppStore|x64.Build.0 = Release|x64
		{9B37EC2C-BB06-4861-8C0D-0E5EDE40FCA8}.AppStore|x64.Deploy.0 = Release|x64
		{9B37EC2C-BB06-4861-8C0D-0E5EDE40FCA8}.AppStore|x86.ActiveCfg = Release|x86
		{9B37EC2C-BB06-4861-8C0D-0E5EDE40FCA8}.AppStore|x86.Build.0 = Release|x86
		{9B37EC2C-BB06-4861-8C0D-0E5EDE40FCA8}.AppStore|x86.Deploy.0 = Release|x86
		{9B37EC2C-BB06-4861-8C0D-0E5EDE40FCA8}.Debug|Any CPU.ActiveCfg = Debug|x86
		{9B37EC2C-BB06-4861-8C0D-0E5EDE40FCA8}.Debug|ARM.ActiveCfg = Debug|ARM
		{9B37EC2C-BB06-4861-8C0D-0E5EDE40FCA8}.Debug|ARM.Build.0 = Debug|ARM
		{9B37EC2C-BB06-4861-8C0D-0E5EDE40FCA8}.Debug|ARM.Deploy.0 = Debug|ARM
		{9B37EC2C-BB06-4861-8C0D-0E5EDE40FCA8}.Debug|iPhone.ActiveCfg = Debug|x86
		{9B37EC2C-BB06-4861-8C0D-0E5EDE40FCA8}.Debug|iPhoneSimulator.ActiveCfg = Debug|x86
		{9B37EC2C-BB06-4861-8C0D-0E5EDE40FCA8}.Debug|x64.ActiveCfg = Debug|x64
		{9B37EC2C-BB06-4861-8C0D-0E5EDE40FCA8}.Debug|x64.Build.0 = Debug|x64
		{9B37EC2C-BB06-4861-8C0D-0E5EDE40FCA8}.Debug|x64.Deploy.0 = Debug|x64
		{9B37EC2C-BB06-4861-8C0D-0E5EDE40FCA8}.Debug|x86.ActiveCfg = Debug|x86
		{9B37EC2C-BB06-4861-8C0D-0E5EDE40FCA8}.Debug|x86.Build.0 = Debug|x86
		{9B37EC2C-BB06-4861-8C0D-0E5EDE40FCA8}.Debug|x86.Deploy.0 = Debug|x86
		{9B37EC2C-BB06-4861-8C0D-0E5EDE40FCA8}.MemoryApi|Any CPU.ActiveCfg = Release|x86
		{9B37EC2C-BB06-4861-8C0D-0E5EDE40FCA8}.MemoryApi|Any CPU.Build.0 = Release|x86
		{9B37EC2C-BB06-4861-8C0D-0E5EDE40FCA8}.MemoryApi|Any CPU.Deploy.0 = Release|x86
		{9B37EC2C-BB06-4861-8C0D-0E5EDE40FCA8}.MemoryApi|ARM.ActiveCfg = Release|ARM
		{9B37EC2C-BB06-4861-8C0D-0E5EDE40FCA8}.MemoryApi|ARM.Build.0 = Release|ARM
		{9B37EC2C-BB06-4861-8C0D-0E5EDE40FCA8}.MemoryApi|ARM.Deploy.0 = Release|ARM
		{9B37EC2C-BB06-4861-8C0D-0E5EDE40FCA8}.MemoryApi|iPhone.ActiveCfg = Release|x86
		{9B37EC2C-BB06-4861-8C0D-0E5EDE40FCA8}.MemoryApi|iPhone.Build.0 = Release|x86
		{9B37EC2C-BB06-4861-8C0D-0E5EDE40FCA8}.MemoryApi|iPhone.Deploy.0 = Release|x86
		{9B37EC2C-BB06-4861-8C0D-0E5EDE40FCA8}.MemoryApi|iPhoneSimulator.ActiveCfg = Release|x86
		{9B37EC2C-BB06-4861-8C0D-0E5EDE40FCA8}.MemoryApi|iPhoneSimulator.Build.0 = Release|x86
		{9B37EC2C-BB06-4861-8C0D-0E5EDE40FCA8}.MemoryApi|iPhoneSimulator.Deploy.0 = Release|x86
		{9B37EC2C-BB06-4861-8C0D-0E5EDE40FCA8}.MemoryApi|x64.ActiveCfg = Release|x64
		{9B37EC2C-BB06-4861-8C0D-0E5EDE40FCA8}.MemoryApi|x64.Build.0 = Release|x64
		{9B37EC2C-BB06-4861-8C0D-0E5EDE40FCA8}.MemoryApi|x64.Deploy.0 = Release|x64
		{9B37EC2C-BB06-4861-8C0D-0E5EDE40FCA8}.MemoryApi|x86.ActiveCfg = Release|x86
		{9B37EC2C-BB06-4861-8C0D-0E5EDE40FCA8}.MemoryApi|x86.Build.0 = Release|x86
		{9B37EC2C-BB06-4861-8C0D-0E5EDE40FCA8}.MemoryApi|x86.Deploy.0 = Release|x86
		{9B37EC2C-BB06-4861-8C0D-0E5EDE40FCA8}.MemoryClient.Web-Release|Any CPU.ActiveCfg = Release|x86
		{9B37EC2C-BB06-4861-8C0D-0E5EDE40FCA8}.MemoryClient.Web-Release|Any CPU.Build.0 = Release|x86
		{9B37EC2C-BB06-4861-8C0D-0E5EDE40FCA8}.MemoryClient.Web-Release|Any CPU.Deploy.0 = Release|x86
		{9B37EC2C-BB06-4861-8C0D-0E5EDE40FCA8}.MemoryClient.Web-Release|ARM.ActiveCfg = Release|ARM
		{9B37EC2C-BB06-4861-8C0D-0E5EDE40FCA8}.MemoryClient.Web-Release|ARM.Build.0 = Release|ARM
		{9B37EC2C-BB06-4861-8C0D-0E5EDE40FCA8}.MemoryClient.Web-Release|ARM.Deploy.0 = Release|ARM
		{9B37EC2C-BB06-4861-8C0D-0E5EDE40FCA8}.MemoryClient.Web-Release|iPhone.ActiveCfg = Release|x86
		{9B37EC2C-BB06-4861-8C0D-0E5EDE40FCA8}.MemoryClient.Web-Release|iPhone.Build.0 = Release|x86
		{9B37EC2C-BB06-4861-8C0D-0E5EDE40FCA8}.MemoryClient.Web-Release|iPhone.Deploy.0 = Release|x86
		{9B37EC2C-BB06-4861-8C0D-0E5EDE40FCA8}.MemoryClient.Web-Release|iPhoneSimulator.ActiveCfg = Release|x86
		{9B37EC2C-BB06-4861-8C0D-0E5EDE40FCA8}.MemoryClient.Web-Release|iPhoneSimulator.Build.0 = Release|x86
		{9B37EC2C-BB06-4861-8C0D-0E5EDE40FCA8}.MemoryClient.Web-Release|iPhoneSimulator.Deploy.0 = Release|x86
		{9B37EC2C-BB06-4861-8C0D-0E5EDE40FCA8}.MemoryClient.Web-Release|x64.ActiveCfg = Release|x64
		{9B37EC2C-BB06-4861-8C0D-0E5EDE40FCA8}.MemoryClient.Web-Release|x64.Build.0 = Release|x64
		{9B37EC2C-BB06-4861-8C0D-0E5EDE40FCA8}.MemoryClient.Web-Release|x64.Deploy.0 = Release|x64
		{9B37EC2C-BB06-4861-8C0D-0E5EDE40FCA8}.MemoryClient.Web-Release|x86.ActiveCfg = Release|x86
		{9B37EC2C-BB06-4861-8C0D-0E5EDE40FCA8}.MemoryClient.Web-Release|x86.Build.0 = Release|x86
		{9B37EC2C-BB06-4861-8C0D-0E5EDE40FCA8}.MemoryClient.Web-Release|x86.Deploy.0 = Release|x86
		{9B37EC2C-BB06-4861-8C0D-0E5EDE40FCA8}.Release|Any CPU.ActiveCfg = Release|x86
		{9B37EC2C-BB06-4861-8C0D-0E5EDE40FCA8}.Release|ARM.ActiveCfg = Release|ARM
		{9B37EC2C-BB06-4861-8C0D-0E5EDE40FCA8}.Release|ARM.Build.0 = Release|ARM
		{9B37EC2C-BB06-4861-8C0D-0E5EDE40FCA8}.Release|ARM.Deploy.0 = Release|ARM
		{9B37EC2C-BB06-4861-8C0D-0E5EDE40FCA8}.Release|iPhone.ActiveCfg = Release|x86
		{9B37EC2C-BB06-4861-8C0D-0E5EDE40FCA8}.Release|iPhoneSimulator.ActiveCfg = Release|x86
		{9B37EC2C-BB06-4861-8C0D-0E5EDE40FCA8}.Release|x64.ActiveCfg = Release|x64
		{9B37EC2C-BB06-4861-8C0D-0E5EDE40FCA8}.Release|x64.Build.0 = Release|x64
		{9B37EC2C-BB06-4861-8C0D-0E5EDE40FCA8}.Release|x64.Deploy.0 = Release|x64
		{9B37EC2C-BB06-4861-8C0D-0E5EDE40FCA8}.Release|x86.ActiveCfg = Release|x86
		{9B37EC2C-BB06-4861-8C0D-0E5EDE40FCA8}.Release|x86.Build.0 = Release|x86
		{9B37EC2C-BB06-4861-8C0D-0E5EDE40FCA8}.Release|x86.Deploy.0 = Release|x86
		{E87DD65A-1104-4170-AE75-BB322769AA51}.Ad-Hoc|Any CPU.ActiveCfg = Release|Any CPU
		{E87DD65A-1104-4170-AE75-BB322769AA51}.Ad-Hoc|Any CPU.Build.0 = Release|Any CPU
		{E87DD65A-1104-4170-AE75-BB322769AA51}.Ad-Hoc|ARM.ActiveCfg = Release|Any CPU
		{E87DD65A-1104-4170-AE75-BB322769AA51}.Ad-Hoc|ARM.Build.0 = Release|Any CPU
		{E87DD65A-1104-4170-AE75-BB322769AA51}.Ad-Hoc|iPhone.ActiveCfg = Release|Any CPU
		{E87DD65A-1104-4170-AE75-BB322769AA51}.Ad-Hoc|iPhone.Build.0 = Release|Any CPU
		{E87DD65A-1104-4170-AE75-BB322769AA51}.Ad-Hoc|iPhoneSimulator.ActiveCfg = Release|Any CPU
		{E87DD65A-1104-4170-AE75-BB322769AA51}.Ad-Hoc|iPhoneSimulator.Build.0 = Release|Any CPU
		{E87DD65A-1104-4170-AE75-BB322769AA51}.Ad-Hoc|x64.ActiveCfg = Release|Any CPU
		{E87DD65A-1104-4170-AE75-BB322769AA51}.Ad-Hoc|x64.Build.0 = Release|Any CPU
		{E87DD65A-1104-4170-AE75-BB322769AA51}.Ad-Hoc|x86.ActiveCfg = Release|Any CPU
		{E87DD65A-1104-4170-AE75-BB322769AA51}.Ad-Hoc|x86.Build.0 = Release|Any CPU
		{E87DD65A-1104-4170-AE75-BB322769AA51}.AppStore|Any CPU.ActiveCfg = Release|Any CPU
		{E87DD65A-1104-4170-AE75-BB322769AA51}.AppStore|Any CPU.Build.0 = Release|Any CPU
		{E87DD65A-1104-4170-AE75-BB322769AA51}.AppStore|ARM.ActiveCfg = Release|Any CPU
		{E87DD65A-1104-4170-AE75-BB322769AA51}.AppStore|ARM.Build.0 = Release|Any CPU
		{E87DD65A-1104-4170-AE75-BB322769AA51}.AppStore|iPhone.ActiveCfg = Release|Any CPU
		{E87DD65A-1104-4170-AE75-BB322769AA51}.AppStore|iPhone.Build.0 = Release|Any CPU
		{E87DD65A-1104-4170-AE75-BB322769AA51}.AppStore|iPhoneSimulator.ActiveCfg = Release|Any CPU
		{E87DD65A-1104-4170-AE75-BB322769AA51}.AppStore|iPhoneSimulator.Build.0 = Release|Any CPU
		{E87DD65A-1104-4170-AE75-BB322769AA51}.AppStore|x64.ActiveCfg = Release|Any CPU
		{E87DD65A-1104-4170-AE75-BB322769AA51}.AppStore|x64.Build.0 = Release|Any CPU
		{E87DD65A-1104-4170-AE75-BB322769AA51}.AppStore|x86.ActiveCfg = Release|Any CPU
		{E87DD65A-1104-4170-AE75-BB322769AA51}.AppStore|x86.Build.0 = Release|Any CPU
		{E87DD65A-1104-4170-AE75-BB322769AA51}.Debug|Any CPU.ActiveCfg = Debug|Any CPU
		{E87DD65A-1104-4170-AE75-BB322769AA51}.Debug|Any CPU.Build.0 = Debug|Any CPU
		{E87DD65A-1104-4170-AE75-BB322769AA51}.Debug|ARM.ActiveCfg = Debug|Any CPU
		{E87DD65A-1104-4170-AE75-BB322769AA51}.Debug|ARM.Build.0 = Debug|Any CPU
		{E87DD65A-1104-4170-AE75-BB322769AA51}.Debug|iPhone.ActiveCfg = Debug|Any CPU
		{E87DD65A-1104-4170-AE75-BB322769AA51}.Debug|iPhone.Build.0 = Debug|Any CPU
		{E87DD65A-1104-4170-AE75-BB322769AA51}.Debug|iPhoneSimulator.ActiveCfg = Debug|Any CPU
		{E87DD65A-1104-4170-AE75-BB322769AA51}.Debug|iPhoneSimulator.Build.0 = Debug|Any CPU
		{E87DD65A-1104-4170-AE75-BB322769AA51}.Debug|x64.ActiveCfg = Debug|Any CPU
		{E87DD65A-1104-4170-AE75-BB322769AA51}.Debug|x64.Build.0 = Debug|Any CPU
		{E87DD65A-1104-4170-AE75-BB322769AA51}.Debug|x86.ActiveCfg = Debug|Any CPU
		{E87DD65A-1104-4170-AE75-BB322769AA51}.Debug|x86.Build.0 = Debug|Any CPU
		{E87DD65A-1104-4170-AE75-BB322769AA51}.MemoryApi|Any CPU.ActiveCfg = Release|Any CPU
		{E87DD65A-1104-4170-AE75-BB322769AA51}.MemoryApi|Any CPU.Build.0 = Release|Any CPU
		{E87DD65A-1104-4170-AE75-BB322769AA51}.MemoryApi|ARM.ActiveCfg = Release|Any CPU
		{E87DD65A-1104-4170-AE75-BB322769AA51}.MemoryApi|ARM.Build.0 = Release|Any CPU
		{E87DD65A-1104-4170-AE75-BB322769AA51}.MemoryApi|iPhone.ActiveCfg = Release|Any CPU
		{E87DD65A-1104-4170-AE75-BB322769AA51}.MemoryApi|iPhone.Build.0 = Release|Any CPU
		{E87DD65A-1104-4170-AE75-BB322769AA51}.MemoryApi|iPhoneSimulator.ActiveCfg = Release|Any CPU
		{E87DD65A-1104-4170-AE75-BB322769AA51}.MemoryApi|iPhoneSimulator.Build.0 = Release|Any CPU
		{E87DD65A-1104-4170-AE75-BB322769AA51}.MemoryApi|x64.ActiveCfg = Release|Any CPU
		{E87DD65A-1104-4170-AE75-BB322769AA51}.MemoryApi|x64.Build.0 = Release|Any CPU
		{E87DD65A-1104-4170-AE75-BB322769AA51}.MemoryApi|x86.ActiveCfg = Release|Any CPU
		{E87DD65A-1104-4170-AE75-BB322769AA51}.MemoryApi|x86.Build.0 = Release|Any CPU
		{E87DD65A-1104-4170-AE75-BB322769AA51}.MemoryClient.Web-Release|Any CPU.ActiveCfg = Release|Any CPU
		{E87DD65A-1104-4170-AE75-BB322769AA51}.MemoryClient.Web-Release|Any CPU.Build.0 = Release|Any CPU
		{E87DD65A-1104-4170-AE75-BB322769AA51}.MemoryClient.Web-Release|ARM.ActiveCfg = Release|Any CPU
		{E87DD65A-1104-4170-AE75-BB322769AA51}.MemoryClient.Web-Release|ARM.Build.0 = Release|Any CPU
		{E87DD65A-1104-4170-AE75-BB322769AA51}.MemoryClient.Web-Release|iPhone.ActiveCfg = Release|Any CPU
		{E87DD65A-1104-4170-AE75-BB322769AA51}.MemoryClient.Web-Release|iPhone.Build.0 = Release|Any CPU
		{E87DD65A-1104-4170-AE75-BB322769AA51}.MemoryClient.Web-Release|iPhoneSimulator.ActiveCfg = Release|Any CPU
		{E87DD65A-1104-4170-AE75-BB322769AA51}.MemoryClient.Web-Release|iPhoneSimulator.Build.0 = Release|Any CPU
		{E87DD65A-1104-4170-AE75-BB322769AA51}.MemoryClient.Web-Release|x64.ActiveCfg = Release|Any CPU
		{E87DD65A-1104-4170-AE75-BB322769AA51}.MemoryClient.Web-Release|x64.Build.0 = Release|Any CPU
		{E87DD65A-1104-4170-AE75-BB322769AA51}.MemoryClient.Web-Release|x86.ActiveCfg = Release|Any CPU
		{E87DD65A-1104-4170-AE75-BB322769AA51}.MemoryClient.Web-Release|x86.Build.0 = Release|Any CPU
		{E87DD65A-1104-4170-AE75-BB322769AA51}.Release|Any CPU.ActiveCfg = Release|Any CPU
		{E87DD65A-1104-4170-AE75-BB322769AA51}.Release|Any CPU.Build.0 = Release|Any CPU
		{E87DD65A-1104-4170-AE75-BB322769AA51}.Release|ARM.ActiveCfg = Release|Any CPU
		{E87DD65A-1104-4170-AE75-BB322769AA51}.Release|ARM.Build.0 = Release|Any CPU
		{E87DD65A-1104-4170-AE75-BB322769AA51}.Release|iPhone.ActiveCfg = Release|Any CPU
		{E87DD65A-1104-4170-AE75-BB322769AA51}.Release|iPhone.Build.0 = Release|Any CPU
		{E87DD65A-1104-4170-AE75-BB322769AA51}.Release|iPhoneSimulator.ActiveCfg = Release|Any CPU
		{E87DD65A-1104-4170-AE75-BB322769AA51}.Release|iPhoneSimulator.Build.0 = Release|Any CPU
		{E87DD65A-1104-4170-AE75-BB322769AA51}.Release|x64.ActiveCfg = Release|Any CPU
		{E87DD65A-1104-4170-AE75-BB322769AA51}.Release|x64.Build.0 = Release|Any CPU
		{E87DD65A-1104-4170-AE75-BB322769AA51}.Release|x86.ActiveCfg = Release|Any CPU
		{E87DD65A-1104-4170-AE75-BB322769AA51}.Release|x86.Build.0 = Release|Any CPU
		{F065B03C-330D-4187-99FA-A08302881115}.Ad-Hoc|Any CPU.ActiveCfg = Debug|Any CPU
		{F065B03C-330D-4187-99FA-A08302881115}.Ad-Hoc|Any CPU.Build.0 = Debug|Any CPU
		{F065B03C-330D-4187-99FA-A08302881115}.Ad-Hoc|ARM.ActiveCfg = Debug|Any CPU
		{F065B03C-330D-4187-99FA-A08302881115}.Ad-Hoc|ARM.Build.0 = Debug|Any CPU
		{F065B03C-330D-4187-99FA-A08302881115}.Ad-Hoc|iPhone.ActiveCfg = Debug|Any CPU
		{F065B03C-330D-4187-99FA-A08302881115}.Ad-Hoc|iPhone.Build.0 = Debug|Any CPU
		{F065B03C-330D-4187-99FA-A08302881115}.Ad-Hoc|iPhoneSimulator.ActiveCfg = Debug|Any CPU
		{F065B03C-330D-4187-99FA-A08302881115}.Ad-Hoc|iPhoneSimulator.Build.0 = Debug|Any CPU
		{F065B03C-330D-4187-99FA-A08302881115}.Ad-Hoc|x64.ActiveCfg = Debug|Any CPU
		{F065B03C-330D-4187-99FA-A08302881115}.Ad-Hoc|x64.Build.0 = Debug|Any CPU
		{F065B03C-330D-4187-99FA-A08302881115}.Ad-Hoc|x86.ActiveCfg = Debug|Any CPU
		{F065B03C-330D-4187-99FA-A08302881115}.Ad-Hoc|x86.Build.0 = Debug|Any CPU
		{F065B03C-330D-4187-99FA-A08302881115}.AppStore|Any CPU.ActiveCfg = Debug|Any CPU
		{F065B03C-330D-4187-99FA-A08302881115}.AppStore|Any CPU.Build.0 = Debug|Any CPU
		{F065B03C-330D-4187-99FA-A08302881115}.AppStore|ARM.ActiveCfg = Debug|Any CPU
		{F065B03C-330D-4187-99FA-A08302881115}.AppStore|ARM.Build.0 = Debug|Any CPU
		{F065B03C-330D-4187-99FA-A08302881115}.AppStore|iPhone.ActiveCfg = Debug|Any CPU
		{F065B03C-330D-4187-99FA-A08302881115}.AppStore|iPhone.Build.0 = Debug|Any CPU
		{F065B03C-330D-4187-99FA-A08302881115}.AppStore|iPhoneSimulator.ActiveCfg = Debug|Any CPU
		{F065B03C-330D-4187-99FA-A08302881115}.AppStore|iPhoneSimulator.Build.0 = Debug|Any CPU
		{F065B03C-330D-4187-99FA-A08302881115}.AppStore|x64.ActiveCfg = Debug|Any CPU
		{F065B03C-330D-4187-99FA-A08302881115}.AppStore|x64.Build.0 = Debug|Any CPU
		{F065B03C-330D-4187-99FA-A08302881115}.AppStore|x86.ActiveCfg = Debug|Any CPU
		{F065B03C-330D-4187-99FA-A08302881115}.AppStore|x86.Build.0 = Debug|Any CPU
		{F065B03C-330D-4187-99FA-A08302881115}.Debug|Any CPU.ActiveCfg = Debug|Any CPU
		{F065B03C-330D-4187-99FA-A08302881115}.Debug|Any CPU.Build.0 = Debug|Any CPU
		{F065B03C-330D-4187-99FA-A08302881115}.Debug|ARM.ActiveCfg = Debug|Any CPU
		{F065B03C-330D-4187-99FA-A08302881115}.Debug|ARM.Build.0 = Debug|Any CPU
		{F065B03C-330D-4187-99FA-A08302881115}.Debug|iPhone.ActiveCfg = Debug|Any CPU
		{F065B03C-330D-4187-99FA-A08302881115}.Debug|iPhone.Build.0 = Debug|Any CPU
		{F065B03C-330D-4187-99FA-A08302881115}.Debug|iPhoneSimulator.ActiveCfg = Debug|Any CPU
		{F065B03C-330D-4187-99FA-A08302881115}.Debug|iPhoneSimulator.Build.0 = Debug|Any CPU
		{F065B03C-330D-4187-99FA-A08302881115}.Debug|x64.ActiveCfg = Debug|Any CPU
		{F065B03C-330D-4187-99FA-A08302881115}.Debug|x64.Build.0 = Debug|Any CPU
		{F065B03C-330D-4187-99FA-A08302881115}.Debug|x86.ActiveCfg = Debug|Any CPU
		{F065B03C-330D-4187-99FA-A08302881115}.Debug|x86.Build.0 = Debug|Any CPU
		{F065B03C-330D-4187-99FA-A08302881115}.MemoryApi|Any CPU.ActiveCfg = Debug|Any CPU
		{F065B03C-330D-4187-99FA-A08302881115}.MemoryApi|Any CPU.Build.0 = Debug|Any CPU
		{F065B03C-330D-4187-99FA-A08302881115}.MemoryApi|ARM.ActiveCfg = Debug|Any CPU
		{F065B03C-330D-4187-99FA-A08302881115}.MemoryApi|ARM.Build.0 = Debug|Any CPU
		{F065B03C-330D-4187-99FA-A08302881115}.MemoryApi|iPhone.ActiveCfg = Debug|Any CPU
		{F065B03C-330D-4187-99FA-A08302881115}.MemoryApi|iPhone.Build.0 = Debug|Any CPU
		{F065B03C-330D-4187-99FA-A08302881115}.MemoryApi|iPhoneSimulator.ActiveCfg = Debug|Any CPU
		{F065B03C-330D-4187-99FA-A08302881115}.MemoryApi|iPhoneSimulator.Build.0 = Debug|Any CPU
		{F065B03C-330D-4187-99FA-A08302881115}.MemoryApi|x64.ActiveCfg = Debug|Any CPU
		{F065B03C-330D-4187-99FA-A08302881115}.MemoryApi|x64.Build.0 = Debug|Any CPU
		{F065B03C-330D-4187-99FA-A08302881115}.MemoryApi|x86.ActiveCfg = Debug|Any CPU
		{F065B03C-330D-4187-99FA-A08302881115}.MemoryApi|x86.Build.0 = Debug|Any CPU
		{F065B03C-330D-4187-99FA-A08302881115}.MemoryClient.Web-Release|Any CPU.ActiveCfg = Release|Any CPU
		{F065B03C-330D-4187-99FA-A08302881115}.MemoryClient.Web-Release|Any CPU.Build.0 = Release|Any CPU
		{F065B03C-330D-4187-99FA-A08302881115}.MemoryClient.Web-Release|ARM.ActiveCfg = Release|Any CPU
		{F065B03C-330D-4187-99FA-A08302881115}.MemoryClient.Web-Release|ARM.Build.0 = Release|Any CPU
		{F065B03C-330D-4187-99FA-A08302881115}.MemoryClient.Web-Release|iPhone.ActiveCfg = Release|Any CPU
		{F065B03C-330D-4187-99FA-A08302881115}.MemoryClient.Web-Release|iPhone.Build.0 = Release|Any CPU
		{F065B03C-330D-4187-99FA-A08302881115}.MemoryClient.Web-Release|iPhoneSimulator.ActiveCfg = Release|Any CPU
		{F065B03C-330D-4187-99FA-A08302881115}.MemoryClient.Web-Release|iPhoneSimulator.Build.0 = Release|Any CPU
		{F065B03C-330D-4187-99FA-A08302881115}.MemoryClient.Web-Release|x64.ActiveCfg = Release|Any CPU
		{F065B03C-330D-4187-99FA-A08302881115}.MemoryClient.Web-Release|x64.Build.0 = Release|Any CPU
		{F065B03C-330D-4187-99FA-A08302881115}.MemoryClient.Web-Release|x86.ActiveCfg = Release|Any CPU
		{F065B03C-330D-4187-99FA-A08302881115}.MemoryClient.Web-Release|x86.Build.0 = Release|Any CPU
		{F065B03C-330D-4187-99FA-A08302881115}.Release|Any CPU.ActiveCfg = Release|Any CPU
		{F065B03C-330D-4187-99FA-A08302881115}.Release|Any CPU.Build.0 = Release|Any CPU
		{F065B03C-330D-4187-99FA-A08302881115}.Release|ARM.ActiveCfg = Release|Any CPU
		{F065B03C-330D-4187-99FA-A08302881115}.Release|ARM.Build.0 = Release|Any CPU
		{F065B03C-330D-4187-99FA-A08302881115}.Release|iPhone.ActiveCfg = Release|Any CPU
		{F065B03C-330D-4187-99FA-A08302881115}.Release|iPhone.Build.0 = Release|Any CPU
		{F065B03C-330D-4187-99FA-A08302881115}.Release|iPhoneSimulator.ActiveCfg = Release|Any CPU
		{F065B03C-330D-4187-99FA-A08302881115}.Release|iPhoneSimulator.Build.0 = Release|Any CPU
		{F065B03C-330D-4187-99FA-A08302881115}.Release|x64.ActiveCfg = Release|Any CPU
		{F065B03C-330D-4187-99FA-A08302881115}.Release|x64.Build.0 = Release|Any CPU
		{F065B03C-330D-4187-99FA-A08302881115}.Release|x86.ActiveCfg = Release|Any CPU
		{F065B03C-330D-4187-99FA-A08302881115}.Release|x86.Build.0 = Release|Any CPU
	EndGlobalSection
	GlobalSection(SolutionProperties) = preSolution
		HideSolutionNode = FALSE
	EndGlobalSection
	GlobalSection(ExtensibilityGlobals) = postSolution
		SolutionGuid = {2E82AFF3-1A97-44C4-9E84-034BCECFFFC0}
	EndGlobalSection
EndGlobal
