
Microsoft Visual Studio Solution File, Format Version 12.00
# Visual Studio 15
VisualStudioVersion = 15.0.26730.12
MinimumVisualStudioVersion = 10.0.40219.1
Project("{9A19103F-16F7-4668-BE54-9A1E7A4F7556}") = "MemoryClient.Web.Static", "MemoryClient.Web\MemoryClient.Web.Static.csproj", "{B6F9A19C-48B2-41B3-A345-8FD860B510E6}"
EndProject
Project("{9A19103F-16F7-4668-BE54-9A1E7A4F7556}") = "MemoryClient.Web.Functions", "MemoryClient.Web.Functions\MemoryClient.Web.Functions.csproj", "{C19A8762-04D3-446F-A924-44C89BF1E7D1}"
EndProject
Project("{9A19103F-16F7-4668-BE54-9A1E7A4F7556}") = "MemoryClient.Xamarin", "MemoryClient.Xamarin\MemoryClient.Xamarin\MemoryClient.Xamarin.csproj", "{11FA8A59-DA62-463A-A1F8-AB82D7EB1853}"
EndProject
Project("{9A19103F-16F7-4668-BE54-9A1E7A4F7556}") = "MemoryClient.Xamarin.Android", "MemoryClient.Xamarin\MemoryClient.Xamarin.Android\MemoryClient.Xamarin.Android.csproj", "{42D91F65-7CD6-4BE3-A94C-BFE315653F58}"
EndProject
Project("{9A19103F-16F7-4668-BE54-9A1E7A4F7556}") = "MemoryClient.Xamarin.iOS", "MemoryClient.Xamarin\MemoryClient.Xamarin.iOS\MemoryClient.Xamarin.iOS.csproj", "{F065ED64-3C7A-48A7-A859-77B5EF34A652}"
EndProject
Project("{9A19103F-16F7-4668-BE54-9A1E7A4F7556}") = "MemoryClient.Xamarin.UWP", "MemoryClient.Xamarin\MemoryClient.Xamarin.UWP\MemoryClient.Xamarin.UWP.csproj", "{69C8A268-17B5-4EAC-A9EB-450F75A3CDF9}"
EndProject
Project("{FAE04EC0-301F-11D3-BF4B-00C04F79EFBC}") = "Xamarin.Test.Android", "Xamarin.Test\Xamarin.Test.Android\Xamarin.Test.Android.csproj", "{0FC0164D-8E6F-4B0A-B7F0-80A765A4A004}"
EndProject
Project("{FAE04EC0-301F-11D3-BF4B-00C04F79EFBC}") = "Xamarin.Test", "Xamarin.Test\Xamarin.Test\Xamarin.Test.csproj", "{DFA3AFCE-DE9B-4EB5-8166-C33D9CCEB4FF}"
EndProject
Project("{FAE04EC0-301F-11D3-BF4B-00C04F79EFBC}") = "Xamarin.Test.UWP", "Xamarin.Test\Xamarin.Test.UWP\Xamarin.Test.UWP.csproj", "{9B026543-E25C-44E2-98D6-8E69AAE8281F}"
EndProject
Project("{FAE04EC0-301F-11D3-BF4B-00C04F79EFBC}") = "Xamarin.Test.iOS", "Xamarin.Test\Xamarin.Test.iOS\Xamarin.Test.iOS.csproj", "{449AE2B6-68BC-42B6-9A80-BB5DECE30EFC}"
EndProject
Global
	GlobalSection(SolutionConfigurationPlatforms) = preSolution
		Ad-Hoc|Any CPU = Ad-Hoc|Any CPU
		Ad-Hoc|ARM = Ad-Hoc|ARM
		Ad-Hoc|iPhone = Ad-Hoc|iPhone
		Ad-Hoc|iPhoneSimulator = Ad-Hoc|iPhoneSimulator
		Ad-Hoc|x64 = Ad-Hoc|x64
		Ad-Hoc|x86 = Ad-Hoc|x86
		AppStore|Any CPU = AppStore|Any CPU
		AppStore|ARM = AppStore|ARM
		AppStore|iPhone = AppStore|iPhone
		AppStore|iPhoneSimulator = AppStore|iPhoneSimulator
		AppStore|x64 = AppStore|x64
		AppStore|x86 = AppStore|x86
		Debug|Any CPU = Debug|Any CPU
		Debug|ARM = Debug|ARM
		Debug|iPhone = Debug|iPhone
		Debug|iPhoneSimulator = Debug|iPhoneSimulator
		Debug|x64 = Debug|x64
		Debug|x86 = Debug|x86
		MemoryApi|Any CPU = MemoryApi|Any CPU
		MemoryApi|ARM = MemoryApi|ARM
		MemoryApi|iPhone = MemoryApi|iPhone
		MemoryApi|iPhoneSimulator = MemoryApi|iPhoneSimulator
		MemoryApi|x64 = MemoryApi|x64
		MemoryApi|x86 = MemoryApi|x86
		MemoryClient.Web-Release|Any CPU = MemoryClient.Web-Release|Any CPU
		MemoryClient.Web-Release|ARM = MemoryClient.Web-Release|ARM
		MemoryClient.Web-Release|iPhone = MemoryClient.Web-Release|iPhone
		MemoryClient.Web-Release|iPhoneSimulator = MemoryClient.Web-Release|iPhoneSimulator
		MemoryClient.Web-Release|x64 = MemoryClient.Web-Release|x64
		MemoryClient.Web-Release|x86 = MemoryClient.Web-Release|x86
		Release|Any CPU = Release|Any CPU
		Release|ARM = Release|ARM
		Release|iPhone = Release|iPhone
		Release|iPhoneSimulator = Release|iPhoneSimulator
		Release|x64 = Release|x64
		Release|x86 = Release|x86
	EndGlobalSection
	GlobalSection(ProjectConfigurationPlatforms) = postSolution
		{B6F9A19C-48B2-41B3-A345-8FD860B510E6}.Ad-Hoc|Any CPU.ActiveCfg = Debug|Any CPU
		{B6F9A19C-48B2-41B3-A345-8FD860B510E6}.Ad-Hoc|Any CPU.Build.0 = Debug|Any CPU
		{B6F9A19C-48B2-41B3-A345-8FD860B510E6}.Ad-Hoc|ARM.ActiveCfg = Debug|Any CPU
		{B6F9A19C-48B2-41B3-A345-8FD860B510E6}.Ad-Hoc|ARM.Build.0 = Debug|Any CPU
		{B6F9A19C-48B2-41B3-A345-8FD860B510E6}.Ad-Hoc|iPhone.ActiveCfg = Debug|Any CPU
		{B6F9A19C-48B2-41B3-A345-8FD860B510E6}.Ad-Hoc|iPhone.Build.0 = Debug|Any CPU
		{B6F9A19C-48B2-41B3-A345-8FD860B510E6}.Ad-Hoc|iPhoneSimulator.ActiveCfg = Debug|Any CPU
		{B6F9A19C-48B2-41B3-A345-8FD860B510E6}.Ad-Hoc|iPhoneSimulator.Build.0 = Debug|Any CPU
		{B6F9A19C-48B2-41B3-A345-8FD860B510E6}.Ad-Hoc|x64.ActiveCfg = Debug|Any CPU
		{B6F9A19C-48B2-41B3-A345-8FD860B510E6}.Ad-Hoc|x64.Build.0 = Debug|Any CPU
		{B6F9A19C-48B2-41B3-A345-8FD860B510E6}.Ad-Hoc|x86.ActiveCfg = Debug|Any CPU
		{B6F9A19C-48B2-41B3-A345-8FD860B510E6}.Ad-Hoc|x86.Build.0 = Debug|Any CPU
		{B6F9A19C-48B2-41B3-A345-8FD860B510E6}.AppStore|Any CPU.ActiveCfg = Debug|Any CPU
		{B6F9A19C-48B2-41B3-A345-8FD860B510E6}.AppStore|Any CPU.Build.0 = Debug|Any CPU
		{B6F9A19C-48B2-41B3-A345-8FD860B510E6}.AppStore|ARM.ActiveCfg = Debug|Any CPU
		{B6F9A19C-48B2-41B3-A345-8FD860B510E6}.AppStore|ARM.Build.0 = Debug|Any CPU
		{B6F9A19C-48B2-41B3-A345-8FD860B510E6}.AppStore|iPhone.ActiveCfg = Debug|Any CPU
		{B6F9A19C-48B2-41B3-A345-8FD860B510E6}.AppStore|iPhone.Build.0 = Debug|Any CPU
		{B6F9A19C-48B2-41B3-A345-8FD860B510E6}.AppStore|iPhoneSimulator.ActiveCfg = Debug|Any CPU
		{B6F9A19C-48B2-41B3-A345-8FD860B510E6}.AppStore|iPhoneSimulator.Build.0 = Debug|Any CPU
		{B6F9A19C-48B2-41B3-A345-8FD860B510E6}.AppStore|x64.ActiveCfg = Debug|Any CPU
		{B6F9A19C-48B2-41B3-A345-8FD860B510E6}.AppStore|x64.Build.0 = Debug|Any CPU
		{B6F9A19C-48B2-41B3-A345-8FD860B510E6}.AppStore|x86.ActiveCfg = Debug|Any CPU
		{B6F9A19C-48B2-41B3-A345-8FD860B510E6}.AppStore|x86.Build.0 = Debug|Any CPU
		{B6F9A19C-48B2-41B3-A345-8FD860B510E6}.Debug|Any CPU.ActiveCfg = Debug|Any CPU
		{B6F9A19C-48B2-41B3-A345-8FD860B510E6}.Debug|Any CPU.Build.0 = Debug|Any CPU
		{B6F9A19C-48B2-41B3-A345-8FD860B510E6}.Debug|ARM.ActiveCfg = Debug|Any CPU
		{B6F9A19C-48B2-41B3-A345-8FD860B510E6}.Debug|ARM.Build.0 = Debug|Any CPU
		{B6F9A19C-48B2-41B3-A345-8FD860B510E6}.Debug|iPhone.ActiveCfg = Debug|Any CPU
		{B6F9A19C-48B2-41B3-A345-8FD860B510E6}.Debug|iPhone.Build.0 = Debug|Any CPU
		{B6F9A19C-48B2-41B3-A345-8FD860B510E6}.Debug|iPhoneSimulator.ActiveCfg = Debug|Any CPU
		{B6F9A19C-48B2-41B3-A345-8FD860B510E6}.Debug|iPhoneSimulator.Build.0 = Debug|Any CPU
		{B6F9A19C-48B2-41B3-A345-8FD860B510E6}.Debug|x64.ActiveCfg = Debug|Any CPU
		{B6F9A19C-48B2-41B3-A345-8FD860B510E6}.Debug|x64.Build.0 = Debug|Any CPU
		{B6F9A19C-48B2-41B3-A345-8FD860B510E6}.Debug|x86.ActiveCfg = Debug|Any CPU
		{B6F9A19C-48B2-41B3-A345-8FD860B510E6}.Debug|x86.Build.0 = Debug|Any CPU
		{B6F9A19C-48B2-41B3-A345-8FD860B510E6}.MemoryApi|Any CPU.ActiveCfg = Debug|Any CPU
		{B6F9A19C-48B2-41B3-A345-8FD860B510E6}.MemoryApi|Any CPU.Build.0 = Debug|Any CPU
		{B6F9A19C-48B2-41B3-A345-8FD860B510E6}.MemoryApi|ARM.ActiveCfg = Debug|Any CPU
		{B6F9A19C-48B2-41B3-A345-8FD860B510E6}.MemoryApi|ARM.Build.0 = Debug|Any CPU
		{B6F9A19C-48B2-41B3-A345-8FD860B510E6}.MemoryApi|iPhone.ActiveCfg = Debug|Any CPU
		{B6F9A19C-48B2-41B3-A345-8FD860B510E6}.MemoryApi|iPhone.Build.0 = Debug|Any CPU
		{B6F9A19C-48B2-41B3-A345-8FD860B510E6}.MemoryApi|iPhoneSimulator.ActiveCfg = Debug|Any CPU
		{B6F9A19C-48B2-41B3-A345-8FD860B510E6}.MemoryApi|iPhoneSimulator.Build.0 = Debug|Any CPU
		{B6F9A19C-48B2-41B3-A345-8FD860B510E6}.MemoryApi|x64.ActiveCfg = Debug|Any CPU
		{B6F9A19C-48B2-41B3-A345-8FD860B510E6}.MemoryApi|x64.Build.0 = Debug|Any CPU
		{B6F9A19C-48B2-41B3-A345-8FD860B510E6}.MemoryApi|x86.ActiveCfg = Debug|Any CPU
		{B6F9A19C-48B2-41B3-A345-8FD860B510E6}.MemoryApi|x86.Build.0 = Debug|Any CPU
		{B6F9A19C-48B2-41B3-A345-8FD860B510E6}.MemoryClient.Web-Release|Any CPU.ActiveCfg = Release|Any CPU
		{B6F9A19C-48B2-41B3-A345-8FD860B510E6}.MemoryClient.Web-Release|Any CPU.Build.0 = Release|Any CPU
		{B6F9A19C-48B2-41B3-A345-8FD860B510E6}.MemoryClient.Web-Release|ARM.ActiveCfg = Release|Any CPU
		{B6F9A19C-48B2-41B3-A345-8FD860B510E6}.MemoryClient.Web-Release|ARM.Build.0 = Release|Any CPU
		{B6F9A19C-48B2-41B3-A345-8FD860B510E6}.MemoryClient.Web-Release|iPhone.ActiveCfg = Release|Any CPU
		{B6F9A19C-48B2-41B3-A345-8FD860B510E6}.MemoryClient.Web-Release|iPhone.Build.0 = Release|Any CPU
		{B6F9A19C-48B2-41B3-A345-8FD860B510E6}.MemoryClient.Web-Release|iPhoneSimulator.ActiveCfg = Release|Any CPU
		{B6F9A19C-48B2-41B3-A345-8FD860B510E6}.MemoryClient.Web-Release|iPhoneSimulator.Build.0 = Release|Any CPU
		{B6F9A19C-48B2-41B3-A345-8FD860B510E6}.MemoryClient.Web-Release|x64.ActiveCfg = Release|Any CPU
		{B6F9A19C-48B2-41B3-A345-8FD860B510E6}.MemoryClient.Web-Release|x64.Build.0 = Release|Any CPU
		{B6F9A19C-48B2-41B3-A345-8FD860B510E6}.MemoryClient.Web-Release|x86.ActiveCfg = Release|Any CPU
		{B6F9A19C-48B2-41B3-A345-8FD860B510E6}.MemoryClient.Web-Release|x86.Build.0 = Release|Any CPU
		{B6F9A19C-48B2-41B3-A345-8FD860B510E6}.Release|Any CPU.ActiveCfg = Release|Any CPU
		{B6F9A19C-48B2-41B3-A345-8FD860B510E6}.Release|Any CPU.Build.0 = Release|Any CPU
		{B6F9A19C-48B2-41B3-A345-8FD860B510E6}.Release|ARM.ActiveCfg = Release|Any CPU
		{B6F9A19C-48B2-41B3-A345-8FD860B510E6}.Release|ARM.Build.0 = Release|Any CPU
		{B6F9A19C-48B2-41B3-A345-8FD860B510E6}.Release|iPhone.ActiveCfg = Release|Any CPU
		{B6F9A19C-48B2-41B3-A345-8FD860B510E6}.Release|iPhone.Build.0 = Release|Any CPU
		{B6F9A19C-48B2-41B3-A345-8FD860B510E6}.Release|iPhoneSimulator.ActiveCfg = Release|Any CPU
		{B6F9A19C-48B2-41B3-A345-8FD860B510E6}.Release|iPhoneSimulator.Build.0 = Release|Any CPU
		{B6F9A19C-48B2-41B3-A345-8FD860B510E6}.Release|x64.ActiveCfg = Release|Any CPU
		{B6F9A19C-48B2-41B3-A345-8FD860B510E6}.Release|x64.Build.0 = Release|Any CPU
		{B6F9A19C-48B2-41B3-A345-8FD860B510E6}.Release|x86.ActiveCfg = Release|Any CPU
		{B6F9A19C-48B2-41B3-A345-8FD860B510E6}.Release|x86.Build.0 = Release|Any CPU
		{C19A8762-04D3-446F-A924-44C89BF1E7D1}.Ad-Hoc|Any CPU.ActiveCfg = MemoryClient.Web-Release|Any CPU
		{C19A8762-04D3-446F-A924-44C89BF1E7D1}.Ad-Hoc|Any CPU.Build.0 = MemoryClient.Web-Release|Any CPU
		{C19A8762-04D3-446F-A924-44C89BF1E7D1}.Ad-Hoc|ARM.ActiveCfg = MemoryClient.Web-Release|Any CPU
		{C19A8762-04D3-446F-A924-44C89BF1E7D1}.Ad-Hoc|ARM.Build.0 = MemoryClient.Web-Release|Any CPU
		{C19A8762-04D3-446F-A924-44C89BF1E7D1}.Ad-Hoc|iPhone.ActiveCfg = MemoryClient.Web-Release|Any CPU
		{C19A8762-04D3-446F-A924-44C89BF1E7D1}.Ad-Hoc|iPhone.Build.0 = MemoryClient.Web-Release|Any CPU
		{C19A8762-04D3-446F-A924-44C89BF1E7D1}.Ad-Hoc|iPhoneSimulator.ActiveCfg = MemoryClient.Web-Release|Any CPU
		{C19A8762-04D3-446F-A924-44C89BF1E7D1}.Ad-Hoc|iPhoneSimulator.Build.0 = MemoryClient.Web-Release|Any CPU
		{C19A8762-04D3-446F-A924-44C89BF1E7D1}.Ad-Hoc|x64.ActiveCfg = MemoryClient.Web-Release|Any CPU
		{C19A8762-04D3-446F-A924-44C89BF1E7D1}.Ad-Hoc|x64.Build.0 = MemoryClient.Web-Release|Any CPU
		{C19A8762-04D3-446F-A924-44C89BF1E7D1}.Ad-Hoc|x86.ActiveCfg = MemoryClient.Web-Release|Any CPU
		{C19A8762-04D3-446F-A924-44C89BF1E7D1}.Ad-Hoc|x86.Build.0 = MemoryClient.Web-Release|Any CPU
		{C19A8762-04D3-446F-A924-44C89BF1E7D1}.AppStore|Any CPU.ActiveCfg = MemoryClient.Web-Release|Any CPU
		{C19A8762-04D3-446F-A924-44C89BF1E7D1}.AppStore|Any CPU.Build.0 = MemoryClient.Web-Release|Any CPU
		{C19A8762-04D3-446F-A924-44C89BF1E7D1}.AppStore|ARM.ActiveCfg = MemoryClient.Web-Release|Any CPU
		{C19A8762-04D3-446F-A924-44C89BF1E7D1}.AppStore|ARM.Build.0 = MemoryClient.Web-Release|Any CPU
		{C19A8762-04D3-446F-A924-44C89BF1E7D1}.AppStore|iPhone.ActiveCfg = MemoryClient.Web-Release|Any CPU
		{C19A8762-04D3-446F-A924-44C89BF1E7D1}.AppStore|iPhone.Build.0 = MemoryClient.Web-Release|Any CPU
		{C19A8762-04D3-446F-A924-44C89BF1E7D1}.AppStore|iPhoneSimulator.ActiveCfg = MemoryClient.Web-Release|Any CPU
		{C19A8762-04D3-446F-A924-44C89BF1E7D1}.AppStore|iPhoneSimulator.Build.0 = MemoryClient.Web-Release|Any CPU
		{C19A8762-04D3-446F-A924-44C89BF1E7D1}.AppStore|x64.ActiveCfg = MemoryClient.Web-Release|Any CPU
		{C19A8762-04D3-446F-A924-44C89BF1E7D1}.AppStore|x64.Build.0 = MemoryClient.Web-Release|Any CPU
		{C19A8762-04D3-446F-A924-44C89BF1E7D1}.AppStore|x86.ActiveCfg = MemoryClient.Web-Release|Any CPU
		{C19A8762-04D3-446F-A924-44C89BF1E7D1}.AppStore|x86.Build.0 = MemoryClient.Web-Release|Any CPU
		{C19A8762-04D3-446F-A924-44C89BF1E7D1}.Debug|Any CPU.ActiveCfg = Debug|Any CPU
		{C19A8762-04D3-446F-A924-44C89BF1E7D1}.Debug|Any CPU.Build.0 = Debug|Any CPU
		{C19A8762-04D3-446F-A924-44C89BF1E7D1}.Debug|ARM.ActiveCfg = Debug|Any CPU
		{C19A8762-04D3-446F-A924-44C89BF1E7D1}.Debug|ARM.Build.0 = Debug|Any CPU
		{C19A8762-04D3-446F-A924-44C89BF1E7D1}.Debug|iPhone.ActiveCfg = Debug|Any CPU
		{C19A8762-04D3-446F-A924-44C89BF1E7D1}.Debug|iPhone.Build.0 = Debug|Any CPU
		{C19A8762-04D3-446F-A924-44C89BF1E7D1}.Debug|iPhoneSimulator.ActiveCfg = Debug|Any CPU
		{C19A8762-04D3-446F-A924-44C89BF1E7D1}.Debug|iPhoneSimulator.Build.0 = Debug|Any CPU
		{C19A8762-04D3-446F-A924-44C89BF1E7D1}.Debug|x64.ActiveCfg = Debug|Any CPU
		{C19A8762-04D3-446F-A924-44C89BF1E7D1}.Debug|x64.Build.0 = Debug|Any CPU
		{C19A8762-04D3-446F-A924-44C89BF1E7D1}.Debug|x86.ActiveCfg = Debug|Any CPU
		{C19A8762-04D3-446F-A924-44C89BF1E7D1}.Debug|x86.Build.0 = Debug|Any CPU
		{C19A8762-04D3-446F-A924-44C89BF1E7D1}.MemoryApi|Any CPU.ActiveCfg = MemoryApi|Any CPU
		{C19A8762-04D3-446F-A924-44C89BF1E7D1}.MemoryApi|Any CPU.Build.0 = MemoryApi|Any CPU
		{C19A8762-04D3-446F-A924-44C89BF1E7D1}.MemoryApi|ARM.ActiveCfg = MemoryApi|Any CPU
		{C19A8762-04D3-446F-A924-44C89BF1E7D1}.MemoryApi|ARM.Build.0 = MemoryApi|Any CPU
		{C19A8762-04D3-446F-A924-44C89BF1E7D1}.MemoryApi|iPhone.ActiveCfg = MemoryApi|Any CPU
		{C19A8762-04D3-446F-A924-44C89BF1E7D1}.MemoryApi|iPhone.Build.0 = MemoryApi|Any CPU
		{C19A8762-04D3-446F-A924-44C89BF1E7D1}.MemoryApi|iPhoneSimulator.ActiveCfg = MemoryApi|Any CPU
		{C19A8762-04D3-446F-A924-44C89BF1E7D1}.MemoryApi|iPhoneSimulator.Build.0 = MemoryApi|Any CPU
		{C19A8762-04D3-446F-A924-44C89BF1E7D1}.MemoryApi|x64.ActiveCfg = MemoryApi|Any CPU
		{C19A8762-04D3-446F-A924-44C89BF1E7D1}.MemoryApi|x64.Build.0 = MemoryApi|Any CPU
		{C19A8762-04D3-446F-A924-44C89BF1E7D1}.MemoryApi|x86.ActiveCfg = MemoryApi|Any CPU
		{C19A8762-04D3-446F-A924-44C89BF1E7D1}.MemoryApi|x86.Build.0 = MemoryApi|Any CPU
		{C19A8762-04D3-446F-A924-44C89BF1E7D1}.MemoryClient.Web-Release|Any CPU.ActiveCfg = MemoryClient.Web-Release|Any CPU
		{C19A8762-04D3-446F-A924-44C89BF1E7D1}.MemoryClient.Web-Release|Any CPU.Build.0 = MemoryClient.Web-Release|Any CPU
		{C19A8762-04D3-446F-A924-44C89BF1E7D1}.MemoryClient.Web-Release|ARM.ActiveCfg = MemoryClient.Web-Release|Any CPU
		{C19A8762-04D3-446F-A924-44C89BF1E7D1}.MemoryClient.Web-Release|ARM.Build.0 = MemoryClient.Web-Release|Any CPU
		{C19A8762-04D3-446F-A924-44C89BF1E7D1}.MemoryClient.Web-Release|iPhone.ActiveCfg = MemoryClient.Web-Release|Any CPU
		{C19A8762-04D3-446F-A924-44C89BF1E7D1}.MemoryClient.Web-Release|iPhone.Build.0 = MemoryClient.Web-Release|Any CPU
		{C19A8762-04D3-446F-A924-44C89BF1E7D1}.MemoryClient.Web-Release|iPhoneSimulator.ActiveCfg = MemoryClient.Web-Release|Any CPU
		{C19A8762-04D3-446F-A924-44C89BF1E7D1}.MemoryClient.Web-Release|iPhoneSimulator.Build.0 = MemoryClient.Web-Release|Any CPU
		{C19A8762-04D3-446F-A924-44C89BF1E7D1}.MemoryClient.Web-Release|x64.ActiveCfg = MemoryClient.Web-Release|Any CPU
		{C19A8762-04D3-446F-A924-44C89BF1E7D1}.MemoryClient.Web-Release|x64.Build.0 = MemoryClient.Web-Release|Any CPU
		{C19A8762-04D3-446F-A924-44C89BF1E7D1}.MemoryClient.Web-Release|x86.ActiveCfg = MemoryClient.Web-Release|Any CPU
		{C19A8762-04D3-446F-A924-44C89BF1E7D1}.MemoryClient.Web-Release|x86.Build.0 = MemoryClient.Web-Release|Any CPU
		{C19A8762-04D3-446F-A924-44C89BF1E7D1}.Release|Any CPU.ActiveCfg = Release|Any CPU
		{C19A8762-04D3-446F-A924-44C89BF1E7D1}.Release|Any CPU.Build.0 = Release|Any CPU
		{C19A8762-04D3-446F-A924-44C89BF1E7D1}.Release|ARM.ActiveCfg = Release|Any CPU
		{C19A8762-04D3-446F-A924-44C89BF1E7D1}.Release|ARM.Build.0 = Release|Any CPU
		{C19A8762-04D3-446F-A924-44C89BF1E7D1}.Release|iPhone.ActiveCfg = Release|Any CPU
		{C19A8762-04D3-446F-A924-44C89BF1E7D1}.Release|iPhone.Build.0 = Release|Any CPU
		{C19A8762-04D3-446F-A924-44C89BF1E7D1}.Release|iPhoneSimulator.ActiveCfg = Release|Any CPU
		{C19A8762-04D3-446F-A924-44C89BF1E7D1}.Release|iPhoneSimulator.Build.0 = Release|Any CPU
		{C19A8762-04D3-446F-A924-44C89BF1E7D1}.Release|x64.ActiveCfg = Release|Any CPU
		{C19A8762-04D3-446F-A924-44C89BF1E7D1}.Release|x64.Build.0 = Release|Any CPU
		{C19A8762-04D3-446F-A924-44C89BF1E7D1}.Release|x86.ActiveCfg = Release|Any CPU
		{C19A8762-04D3-446F-A924-44C89BF1E7D1}.Release|x86.Build.0 = Release|Any CPU
		{11FA8A59-DA62-463A-A1F8-AB82D7EB1853}.Ad-Hoc|Any CPU.ActiveCfg = MemoryClient.Web-Release|Any CPU
		{11FA8A59-DA62-463A-A1F8-AB82D7EB1853}.Ad-Hoc|Any CPU.Build.0 = MemoryClient.Web-Release|Any CPU
		{11FA8A59-DA62-463A-A1F8-AB82D7EB1853}.Ad-Hoc|ARM.ActiveCfg = MemoryClient.Web-Release|Any CPU
		{11FA8A59-DA62-463A-A1F8-AB82D7EB1853}.Ad-Hoc|ARM.Build.0 = MemoryClient.Web-Release|Any CPU
		{11FA8A59-DA62-463A-A1F8-AB82D7EB1853}.Ad-Hoc|iPhone.ActiveCfg = MemoryClient.Web-Release|Any CPU
		{11FA8A59-DA62-463A-A1F8-AB82D7EB1853}.Ad-Hoc|iPhone.Build.0 = MemoryClient.Web-Release|Any CPU
		{11FA8A59-DA62-463A-A1F8-AB82D7EB1853}.Ad-Hoc|iPhoneSimulator.ActiveCfg = MemoryClient.Web-Release|Any CPU
		{11FA8A59-DA62-463A-A1F8-AB82D7EB1853}.Ad-Hoc|iPhoneSimulator.Build.0 = MemoryClient.Web-Release|Any CPU
		{11FA8A59-DA62-463A-A1F8-AB82D7EB1853}.Ad-Hoc|x64.ActiveCfg = MemoryClient.Web-Release|Any CPU
		{11FA8A59-DA62-463A-A1F8-AB82D7EB1853}.Ad-Hoc|x64.Build.0 = MemoryClient.Web-Release|Any CPU
		{11FA8A59-DA62-463A-A1F8-AB82D7EB1853}.Ad-Hoc|x86.ActiveCfg = MemoryClient.Web-Release|Any CPU
		{11FA8A59-DA62-463A-A1F8-AB82D7EB1853}.Ad-Hoc|x86.Build.0 = MemoryClient.Web-Release|Any CPU
		{11FA8A59-DA62-463A-A1F8-AB82D7EB1853}.AppStore|Any CPU.ActiveCfg = MemoryClient.Web-Release|Any CPU
		{11FA8A59-DA62-463A-A1F8-AB82D7EB1853}.AppStore|Any CPU.Build.0 = MemoryClient.Web-Release|Any CPU
		{11FA8A59-DA62-463A-A1F8-AB82D7EB1853}.AppStore|ARM.ActiveCfg = MemoryClient.Web-Release|Any CPU
		{11FA8A59-DA62-463A-A1F8-AB82D7EB1853}.AppStore|ARM.Build.0 = MemoryClient.Web-Release|Any CPU
		{11FA8A59-DA62-463A-A1F8-AB82D7EB1853}.AppStore|iPhone.ActiveCfg = MemoryClient.Web-Release|Any CPU
		{11FA8A59-DA62-463A-A1F8-AB82D7EB1853}.AppStore|iPhone.Build.0 = MemoryClient.Web-Release|Any CPU
		{11FA8A59-DA62-463A-A1F8-AB82D7EB1853}.AppStore|iPhoneSimulator.ActiveCfg = MemoryClient.Web-Release|Any CPU
		{11FA8A59-DA62-463A-A1F8-AB82D7EB1853}.AppStore|iPhoneSimulator.Build.0 = MemoryClient.Web-Release|Any CPU
		{11FA8A59-DA62-463A-A1F8-AB82D7EB1853}.AppStore|x64.ActiveCfg = MemoryClient.Web-Release|Any CPU
		{11FA8A59-DA62-463A-A1F8-AB82D7EB1853}.AppStore|x64.Build.0 = MemoryClient.Web-Release|Any CPU
		{11FA8A59-DA62-463A-A1F8-AB82D7EB1853}.AppStore|x86.ActiveCfg = MemoryClient.Web-Release|Any CPU
		{11FA8A59-DA62-463A-A1F8-AB82D7EB1853}.AppStore|x86.Build.0 = MemoryClient.Web-Release|Any CPU
		{11FA8A59-DA62-463A-A1F8-AB82D7EB1853}.Debug|Any CPU.ActiveCfg = Debug|Any CPU
		{11FA8A59-DA62-463A-A1F8-AB82D7EB1853}.Debug|Any CPU.Build.0 = Debug|Any CPU
		{11FA8A59-DA62-463A-A1F8-AB82D7EB1853}.Debug|ARM.ActiveCfg = Debug|Any CPU
		{11FA8A59-DA62-463A-A1F8-AB82D7EB1853}.Debug|ARM.Build.0 = Debug|Any CPU
		{11FA8A59-DA62-463A-A1F8-AB82D7EB1853}.Debug|iPhone.ActiveCfg = Debug|Any CPU
		{11FA8A59-DA62-463A-A1F8-AB82D7EB1853}.Debug|iPhone.Build.0 = Debug|Any CPU
		{11FA8A59-DA62-463A-A1F8-AB82D7EB1853}.Debug|iPhoneSimulator.ActiveCfg = Debug|Any CPU
		{11FA8A59-DA62-463A-A1F8-AB82D7EB1853}.Debug|iPhoneSimulator.Build.0 = Debug|Any CPU
		{11FA8A59-DA62-463A-A1F8-AB82D7EB1853}.Debug|x64.ActiveCfg = Debug|Any CPU
		{11FA8A59-DA62-463A-A1F8-AB82D7EB1853}.Debug|x64.Build.0 = Debug|Any CPU
		{11FA8A59-DA62-463A-A1F8-AB82D7EB1853}.Debug|x86.ActiveCfg = Debug|Any CPU
		{11FA8A59-DA62-463A-A1F8-AB82D7EB1853}.Debug|x86.Build.0 = Debug|Any CPU
		{11FA8A59-DA62-463A-A1F8-AB82D7EB1853}.MemoryApi|Any CPU.ActiveCfg = MemoryApi|Any CPU
		{11FA8A59-DA62-463A-A1F8-AB82D7EB1853}.MemoryApi|Any CPU.Build.0 = MemoryApi|Any CPU
		{11FA8A59-DA62-463A-A1F8-AB82D7EB1853}.MemoryApi|ARM.ActiveCfg = MemoryApi|Any CPU
		{11FA8A59-DA62-463A-A1F8-AB82D7EB1853}.MemoryApi|ARM.Build.0 = MemoryApi|Any CPU
		{11FA8A59-DA62-463A-A1F8-AB82D7EB1853}.MemoryApi|iPhone.ActiveCfg = MemoryApi|Any CPU
		{11FA8A59-DA62-463A-A1F8-AB82D7EB1853}.MemoryApi|iPhone.Build.0 = MemoryApi|Any CPU
		{11FA8A59-DA62-463A-A1F8-AB82D7EB1853}.MemoryApi|iPhoneSimulator.ActiveCfg = MemoryApi|Any CPU
		{11FA8A59-DA62-463A-A1F8-AB82D7EB1853}.MemoryApi|iPhoneSimulator.Build.0 = MemoryApi|Any CPU
		{11FA8A59-DA62-463A-A1F8-AB82D7EB1853}.MemoryApi|x64.ActiveCfg = MemoryApi|Any CPU
		{11FA8A59-DA62-463A-A1F8-AB82D7EB1853}.MemoryApi|x64.Build.0 = MemoryApi|Any CPU
		{11FA8A59-DA62-463A-A1F8-AB82D7EB1853}.MemoryApi|x86.ActiveCfg = MemoryApi|Any CPU
		{11FA8A59-DA62-463A-A1F8-AB82D7EB1853}.MemoryApi|x86.Build.0 = MemoryApi|Any CPU
		{11FA8A59-DA62-463A-A1F8-AB82D7EB1853}.MemoryClient.Web-Release|Any CPU.ActiveCfg = MemoryClient.Web-Release|Any CPU
		{11FA8A59-DA62-463A-A1F8-AB82D7EB1853}.MemoryClient.Web-Release|Any CPU.Build.0 = MemoryClient.Web-Release|Any CPU
		{11FA8A59-DA62-463A-A1F8-AB82D7EB1853}.MemoryClient.Web-Release|ARM.ActiveCfg = MemoryClient.Web-Release|Any CPU
		{11FA8A59-DA62-463A-A1F8-AB82D7EB1853}.MemoryClient.Web-Release|ARM.Build.0 = MemoryClient.Web-Release|Any CPU
		{11FA8A59-DA62-463A-A1F8-AB82D7EB1853}.MemoryClient.Web-Release|iPhone.ActiveCfg = MemoryClient.Web-Release|Any CPU
		{11FA8A59-DA62-463A-A1F8-AB82D7EB1853}.MemoryClient.Web-Release|iPhone.Build.0 = MemoryClient.Web-Release|Any CPU
		{11FA8A59-DA62-463A-A1F8-AB82D7EB1853}.MemoryClient.Web-Release|iPhoneSimulator.ActiveCfg = MemoryClient.Web-Release|Any CPU
		{11FA8A59-DA62-463A-A1F8-AB82D7EB1853}.MemoryClient.Web-Release|iPhoneSimulator.Build.0 = MemoryClient.Web-Release|Any CPU
		{11FA8A59-DA62-463A-A1F8-AB82D7EB1853}.MemoryClient.Web-Release|x64.ActiveCfg = MemoryClient.Web-Release|Any CPU
		{11FA8A59-DA62-463A-A1F8-AB82D7EB1853}.MemoryClient.Web-Release|x64.Build.0 = MemoryClient.Web-Release|Any CPU
		{11FA8A59-DA62-463A-A1F8-AB82D7EB1853}.MemoryClient.Web-Release|x86.ActiveCfg = MemoryClient.Web-Release|Any CPU
		{11FA8A59-DA62-463A-A1F8-AB82D7EB1853}.MemoryClient.Web-Release|x86.Build.0 = MemoryClient.Web-Release|Any CPU
		{11FA8A59-DA62-463A-A1F8-AB82D7EB1853}.Release|Any CPU.ActiveCfg = Release|Any CPU
		{11FA8A59-DA62-463A-A1F8-AB82D7EB1853}.Release|Any CPU.Build.0 = Release|Any CPU
		{11FA8A59-DA62-463A-A1F8-AB82D7EB1853}.Release|ARM.ActiveCfg = Release|Any CPU
		{11FA8A59-DA62-463A-A1F8-AB82D7EB1853}.Release|ARM.Build.0 = Release|Any CPU
		{11FA8A59-DA62-463A-A1F8-AB82D7EB1853}.Release|iPhone.ActiveCfg = Release|Any CPU
		{11FA8A59-DA62-463A-A1F8-AB82D7EB1853}.Release|iPhone.Build.0 = Release|Any CPU
		{11FA8A59-DA62-463A-A1F8-AB82D7EB1853}.Release|iPhoneSimulator.ActiveCfg = Release|Any CPU
		{11FA8A59-DA62-463A-A1F8-AB82D7EB1853}.Release|iPhoneSimulator.Build.0 = Release|Any CPU
		{11FA8A59-DA62-463A-A1F8-AB82D7EB1853}.Release|x64.ActiveCfg = Release|Any CPU
		{11FA8A59-DA62-463A-A1F8-AB82D7EB1853}.Release|x64.Build.0 = Release|Any CPU
		{11FA8A59-DA62-463A-A1F8-AB82D7EB1853}.Release|x86.ActiveCfg = Release|Any CPU
		{11FA8A59-DA62-463A-A1F8-AB82D7EB1853}.Release|x86.Build.0 = Release|Any CPU
		{42D91F65-7CD6-4BE3-A94C-BFE315653F58}.Ad-Hoc|Any CPU.ActiveCfg = Debug|Any CPU
		{42D91F65-7CD6-4BE3-A94C-BFE315653F58}.Ad-Hoc|Any CPU.Build.0 = Debug|Any CPU
		{42D91F65-7CD6-4BE3-A94C-BFE315653F58}.Ad-Hoc|ARM.ActiveCfg = Debug|Any CPU
		{42D91F65-7CD6-4BE3-A94C-BFE315653F58}.Ad-Hoc|ARM.Build.0 = Debug|Any CPU
		{42D91F65-7CD6-4BE3-A94C-BFE315653F58}.Ad-Hoc|iPhone.ActiveCfg = Debug|Any CPU
		{42D91F65-7CD6-4BE3-A94C-BFE315653F58}.Ad-Hoc|iPhone.Build.0 = Debug|Any CPU
		{42D91F65-7CD6-4BE3-A94C-BFE315653F58}.Ad-Hoc|iPhoneSimulator.ActiveCfg = Debug|Any CPU
		{42D91F65-7CD6-4BE3-A94C-BFE315653F58}.Ad-Hoc|iPhoneSimulator.Build.0 = Debug|Any CPU
		{42D91F65-7CD6-4BE3-A94C-BFE315653F58}.Ad-Hoc|x64.ActiveCfg = Debug|Any CPU
		{42D91F65-7CD6-4BE3-A94C-BFE315653F58}.Ad-Hoc|x64.Build.0 = Debug|Any CPU
		{42D91F65-7CD6-4BE3-A94C-BFE315653F58}.Ad-Hoc|x86.ActiveCfg = Debug|Any CPU
		{42D91F65-7CD6-4BE3-A94C-BFE315653F58}.Ad-Hoc|x86.Build.0 = Debug|Any CPU
		{42D91F65-7CD6-4BE3-A94C-BFE315653F58}.AppStore|Any CPU.ActiveCfg = Debug|Any CPU
		{42D91F65-7CD6-4BE3-A94C-BFE315653F58}.AppStore|Any CPU.Build.0 = Debug|Any CPU
		{42D91F65-7CD6-4BE3-A94C-BFE315653F58}.AppStore|ARM.ActiveCfg = Debug|Any CPU
		{42D91F65-7CD6-4BE3-A94C-BFE315653F58}.AppStore|ARM.Build.0 = Debug|Any CPU
		{42D91F65-7CD6-4BE3-A94C-BFE315653F58}.AppStore|iPhone.ActiveCfg = Debug|Any CPU
		{42D91F65-7CD6-4BE3-A94C-BFE315653F58}.AppStore|iPhone.Build.0 = Debug|Any CPU
		{42D91F65-7CD6-4BE3-A94C-BFE315653F58}.AppStore|iPhoneSimulator.ActiveCfg = Debug|Any CPU
		{42D91F65-7CD6-4BE3-A94C-BFE315653F58}.AppStore|iPhoneSimulator.Build.0 = Debug|Any CPU
		{42D91F65-7CD6-4BE3-A94C-BFE315653F58}.AppStore|x64.ActiveCfg = Debug|Any CPU
		{42D91F65-7CD6-4BE3-A94C-BFE315653F58}.AppStore|x64.Build.0 = Debug|Any CPU
		{42D91F65-7CD6-4BE3-A94C-BFE315653F58}.AppStore|x86.ActiveCfg = Debug|Any CPU
		{42D91F65-7CD6-4BE3-A94C-BFE315653F58}.AppStore|x86.Build.0 = Debug|Any CPU
		{42D91F65-7CD6-4BE3-A94C-BFE315653F58}.Debug|Any CPU.ActiveCfg = Debug|Any CPU
		{42D91F65-7CD6-4BE3-A94C-BFE315653F58}.Debug|Any CPU.Build.0 = Debug|Any CPU
		{42D91F65-7CD6-4BE3-A94C-BFE315653F58}.Debug|ARM.ActiveCfg = Debug|Any CPU
		{42D91F65-7CD6-4BE3-A94C-BFE315653F58}.Debug|ARM.Build.0 = Debug|Any CPU
		{42D91F65-7CD6-4BE3-A94C-BFE315653F58}.Debug|iPhone.ActiveCfg = Debug|Any CPU
		{42D91F65-7CD6-4BE3-A94C-BFE315653F58}.Debug|iPhone.Build.0 = Debug|Any CPU
		{42D91F65-7CD6-4BE3-A94C-BFE315653F58}.Debug|iPhoneSimulator.ActiveCfg = Debug|Any CPU
		{42D91F65-7CD6-4BE3-A94C-BFE315653F58}.Debug|iPhoneSimulator.Build.0 = Debug|Any CPU
		{42D91F65-7CD6-4BE3-A94C-BFE315653F58}.Debug|x64.ActiveCfg = Debug|Any CPU
		{42D91F65-7CD6-4BE3-A94C-BFE315653F58}.Debug|x64.Build.0 = Debug|Any CPU
		{42D91F65-7CD6-4BE3-A94C-BFE315653F58}.Debug|x86.ActiveCfg = Debug|Any CPU
		{42D91F65-7CD6-4BE3-A94C-BFE315653F58}.Debug|x86.Build.0 = Debug|Any CPU
		{42D91F65-7CD6-4BE3-A94C-BFE315653F58}.MemoryApi|Any CPU.ActiveCfg = Debug|Any CPU
		{42D91F65-7CD6-4BE3-A94C-BFE315653F58}.MemoryApi|Any CPU.Build.0 = Debug|Any CPU
		{42D91F65-7CD6-4BE3-A94C-BFE315653F58}.MemoryApi|ARM.ActiveCfg = Debug|Any CPU
		{42D91F65-7CD6-4BE3-A94C-BFE315653F58}.MemoryApi|ARM.Build.0 = Debug|Any CPU
		{42D91F65-7CD6-4BE3-A94C-BFE315653F58}.MemoryApi|iPhone.ActiveCfg = Debug|Any CPU
		{42D91F65-7CD6-4BE3-A94C-BFE315653F58}.MemoryApi|iPhone.Build.0 = Debug|Any CPU
		{42D91F65-7CD6-4BE3-A94C-BFE315653F58}.MemoryApi|iPhoneSimulator.ActiveCfg = Debug|Any CPU
		{42D91F65-7CD6-4BE3-A94C-BFE315653F58}.MemoryApi|iPhoneSimulator.Build.0 = Debug|Any CPU
		{42D91F65-7CD6-4BE3-A94C-BFE315653F58}.MemoryApi|x64.ActiveCfg = Debug|Any CPU
		{42D91F65-7CD6-4BE3-A94C-BFE315653F58}.MemoryApi|x64.Build.0 = Debug|Any CPU
		{42D91F65-7CD6-4BE3-A94C-BFE315653F58}.MemoryApi|x86.ActiveCfg = Debug|Any CPU
		{42D91F65-7CD6-4BE3-A94C-BFE315653F58}.MemoryApi|x86.Build.0 = Debug|Any CPU
		{42D91F65-7CD6-4BE3-A94C-BFE315653F58}.MemoryClient.Web-Release|Any CPU.ActiveCfg = Release|Any CPU
		{42D91F65-7CD6-4BE3-A94C-BFE315653F58}.MemoryClient.Web-Release|Any CPU.Build.0 = Release|Any CPU
		{42D91F65-7CD6-4BE3-A94C-BFE315653F58}.MemoryClient.Web-Release|ARM.ActiveCfg = Release|Any CPU
		{42D91F65-7CD6-4BE3-A94C-BFE315653F58}.MemoryClient.Web-Release|ARM.Build.0 = Release|Any CPU
		{42D91F65-7CD6-4BE3-A94C-BFE315653F58}.MemoryClient.Web-Release|iPhone.ActiveCfg = Release|Any CPU
		{42D91F65-7CD6-4BE3-A94C-BFE315653F58}.MemoryClient.Web-Release|iPhone.Build.0 = Release|Any CPU
		{42D91F65-7CD6-4BE3-A94C-BFE315653F58}.MemoryClient.Web-Release|iPhoneSimulator.ActiveCfg = Release|Any CPU
		{42D91F65-7CD6-4BE3-A94C-BFE315653F58}.MemoryClient.Web-Release|iPhoneSimulator.Build.0 = Release|Any CPU
		{42D91F65-7CD6-4BE3-A94C-BFE315653F58}.MemoryClient.Web-Release|x64.ActiveCfg = Release|Any CPU
		{42D91F65-7CD6-4BE3-A94C-BFE315653F58}.MemoryClient.Web-Release|x64.Build.0 = Release|Any CPU
		{42D91F65-7CD6-4BE3-A94C-BFE315653F58}.MemoryClient.Web-Release|x86.ActiveCfg = Release|Any CPU
		{42D91F65-7CD6-4BE3-A94C-BFE315653F58}.MemoryClient.Web-Release|x86.Build.0 = Release|Any CPU
		{42D91F65-7CD6-4BE3-A94C-BFE315653F58}.Release|Any CPU.ActiveCfg = Release|Any CPU
		{42D91F65-7CD6-4BE3-A94C-BFE315653F58}.Release|Any CPU.Build.0 = Release|Any CPU
		{42D91F65-7CD6-4BE3-A94C-BFE315653F58}.Release|ARM.ActiveCfg = Release|Any CPU
		{42D91F65-7CD6-4BE3-A94C-BFE315653F58}.Release|ARM.Build.0 = Release|Any CPU
		{42D91F65-7CD6-4BE3-A94C-BFE315653F58}.Release|iPhone.ActiveCfg = Release|Any CPU
		{42D91F65-7CD6-4BE3-A94C-BFE315653F58}.Release|iPhone.Build.0 = Release|Any CPU
		{42D91F65-7CD6-4BE3-A94C-BFE315653F58}.Release|iPhoneSimulator.ActiveCfg = Release|Any CPU
		{42D91F65-7CD6-4BE3-A94C-BFE315653F58}.Release|iPhoneSimulator.Build.0 = Release|Any CPU
		{42D91F65-7CD6-4BE3-A94C-BFE315653F58}.Release|x64.ActiveCfg = Release|Any CPU
		{42D91F65-7CD6-4BE3-A94C-BFE315653F58}.Release|x64.Build.0 = Release|Any CPU
		{42D91F65-7CD6-4BE3-A94C-BFE315653F58}.Release|x86.ActiveCfg = Release|Any CPU
		{42D91F65-7CD6-4BE3-A94C-BFE315653F58}.Release|x86.Build.0 = Release|Any CPU
		{F065ED64-3C7A-48A7-A859-77B5EF34A652}.Ad-Hoc|Any CPU.ActiveCfg = MemoryClient.Web-Release|Any CPU
		{F065ED64-3C7A-48A7-A859-77B5EF34A652}.Ad-Hoc|Any CPU.Build.0 = MemoryClient.Web-Release|Any CPU
		{F065ED64-3C7A-48A7-A859-77B5EF34A652}.Ad-Hoc|ARM.ActiveCfg = MemoryClient.Web-Release|Any CPU
		{F065ED64-3C7A-48A7-A859-77B5EF34A652}.Ad-Hoc|ARM.Build.0 = MemoryClient.Web-Release|Any CPU
		{F065ED64-3C7A-48A7-A859-77B5EF34A652}.Ad-Hoc|iPhone.ActiveCfg = MemoryClient.Web-Release|Any CPU
		{F065ED64-3C7A-48A7-A859-77B5EF34A652}.Ad-Hoc|iPhone.Build.0 = MemoryClient.Web-Release|Any CPU
		{F065ED64-3C7A-48A7-A859-77B5EF34A652}.Ad-Hoc|iPhoneSimulator.ActiveCfg = MemoryClient.Web-Release|Any CPU
		{F065ED64-3C7A-48A7-A859-77B5EF34A652}.Ad-Hoc|iPhoneSimulator.Build.0 = MemoryClient.Web-Release|Any CPU
		{F065ED64-3C7A-48A7-A859-77B5EF34A652}.Ad-Hoc|x64.ActiveCfg = MemoryClient.Web-Release|Any CPU
		{F065ED64-3C7A-48A7-A859-77B5EF34A652}.Ad-Hoc|x64.Build.0 = MemoryClient.Web-Release|Any CPU
		{F065ED64-3C7A-48A7-A859-77B5EF34A652}.Ad-Hoc|x86.ActiveCfg = MemoryClient.Web-Release|Any CPU
		{F065ED64-3C7A-48A7-A859-77B5EF34A652}.Ad-Hoc|x86.Build.0 = MemoryClient.Web-Release|Any CPU
		{F065ED64-3C7A-48A7-A859-77B5EF34A652}.AppStore|Any CPU.ActiveCfg = MemoryClient.Web-Release|Any CPU
		{F065ED64-3C7A-48A7-A859-77B5EF34A652}.AppStore|Any CPU.Build.0 = MemoryClient.Web-Release|Any CPU
		{F065ED64-3C7A-48A7-A859-77B5EF34A652}.AppStore|ARM.ActiveCfg = MemoryClient.Web-Release|Any CPU
		{F065ED64-3C7A-48A7-A859-77B5EF34A652}.AppStore|ARM.Build.0 = MemoryClient.Web-Release|Any CPU
		{F065ED64-3C7A-48A7-A859-77B5EF34A652}.AppStore|iPhone.ActiveCfg = MemoryClient.Web-Release|Any CPU
		{F065ED64-3C7A-48A7-A859-77B5EF34A652}.AppStore|iPhone.Build.0 = MemoryClient.Web-Release|Any CPU
		{F065ED64-3C7A-48A7-A859-77B5EF34A652}.AppStore|iPhoneSimulator.ActiveCfg = MemoryClient.Web-Release|Any CPU
		{F065ED64-3C7A-48A7-A859-77B5EF34A652}.AppStore|iPhoneSimulator.Build.0 = MemoryClient.Web-Release|Any CPU
		{F065ED64-3C7A-48A7-A859-77B5EF34A652}.AppStore|x64.ActiveCfg = MemoryClient.Web-Release|Any CPU
		{F065ED64-3C7A-48A7-A859-77B5EF34A652}.AppStore|x64.Build.0 = MemoryClient.Web-Release|Any CPU
		{F065ED64-3C7A-48A7-A859-77B5EF34A652}.AppStore|x86.ActiveCfg = MemoryClient.Web-Release|Any CPU
		{F065ED64-3C7A-48A7-A859-77B5EF34A652}.AppStore|x86.Build.0 = MemoryClient.Web-Release|Any CPU
		{F065ED64-3C7A-48A7-A859-77B5EF34A652}.Debug|Any CPU.ActiveCfg = Debug|Any CPU
		{F065ED64-3C7A-48A7-A859-77B5EF34A652}.Debug|Any CPU.Build.0 = Debug|Any CPU
		{F065ED64-3C7A-48A7-A859-77B5EF34A652}.Debug|ARM.ActiveCfg = Debug|Any CPU
		{F065ED64-3C7A-48A7-A859-77B5EF34A652}.Debug|ARM.Build.0 = Debug|Any CPU
		{F065ED64-3C7A-48A7-A859-77B5EF34A652}.Debug|iPhone.ActiveCfg = Debug|Any CPU
		{F065ED64-3C7A-48A7-A859-77B5EF34A652}.Debug|iPhone.Build.0 = Debug|Any CPU
		{F065ED64-3C7A-48A7-A859-77B5EF34A652}.Debug|iPhoneSimulator.ActiveCfg = Debug|Any CPU
		{F065ED64-3C7A-48A7-A859-77B5EF34A652}.Debug|iPhoneSimulator.Build.0 = Debug|Any CPU
		{F065ED64-3C7A-48A7-A859-77B5EF34A652}.Debug|x64.ActiveCfg = Debug|Any CPU
		{F065ED64-3C7A-48A7-A859-77B5EF34A652}.Debug|x64.Build.0 = Debug|Any CPU
		{F065ED64-3C7A-48A7-A859-77B5EF34A652}.Debug|x86.ActiveCfg = Debug|Any CPU
		{F065ED64-3C7A-48A7-A859-77B5EF34A652}.Debug|x86.Build.0 = Debug|Any CPU
		{F065ED64-3C7A-48A7-A859-77B5EF34A652}.MemoryApi|Any CPU.ActiveCfg = MemoryApi|Any CPU
		{F065ED64-3C7A-48A7-A859-77B5EF34A652}.MemoryApi|Any CPU.Build.0 = MemoryApi|Any CPU
		{F065ED64-3C7A-48A7-A859-77B5EF34A652}.MemoryApi|ARM.ActiveCfg = MemoryApi|Any CPU
		{F065ED64-3C7A-48A7-A859-77B5EF34A652}.MemoryApi|ARM.Build.0 = MemoryApi|Any CPU
		{F065ED64-3C7A-48A7-A859-77B5EF34A652}.MemoryApi|iPhone.ActiveCfg = MemoryApi|Any CPU
		{F065ED64-3C7A-48A7-A859-77B5EF34A652}.MemoryApi|iPhone.Build.0 = MemoryApi|Any CPU
		{F065ED64-3C7A-48A7-A859-77B5EF34A652}.MemoryApi|iPhoneSimulator.ActiveCfg = MemoryApi|Any CPU
		{F065ED64-3C7A-48A7-A859-77B5EF34A652}.MemoryApi|iPhoneSimulator.Build.0 = MemoryApi|Any CPU
		{F065ED64-3C7A-48A7-A859-77B5EF34A652}.MemoryApi|x64.ActiveCfg = MemoryApi|Any CPU
		{F065ED64-3C7A-48A7-A859-77B5EF34A652}.MemoryApi|x64.Build.0 = MemoryApi|Any CPU
		{F065ED64-3C7A-48A7-A859-77B5EF34A652}.MemoryApi|x86.ActiveCfg = MemoryApi|Any CPU
		{F065ED64-3C7A-48A7-A859-77B5EF34A652}.MemoryApi|x86.Build.0 = MemoryApi|Any CPU
		{F065ED64-3C7A-48A7-A859-77B5EF34A652}.MemoryClient.Web-Release|Any CPU.ActiveCfg = MemoryClient.Web-Release|Any CPU
		{F065ED64-3C7A-48A7-A859-77B5EF34A652}.MemoryClient.Web-Release|Any CPU.Build.0 = MemoryClient.Web-Release|Any CPU
		{F065ED64-3C7A-48A7-A859-77B5EF34A652}.MemoryClient.Web-Release|ARM.ActiveCfg = MemoryClient.Web-Release|Any CPU
		{F065ED64-3C7A-48A7-A859-77B5EF34A652}.MemoryClient.Web-Release|ARM.Build.0 = MemoryClient.Web-Release|Any CPU
		{F065ED64-3C7A-48A7-A859-77B5EF34A652}.MemoryClient.Web-Release|iPhone.ActiveCfg = MemoryClient.Web-Release|Any CPU
		{F065ED64-3C7A-48A7-A859-77B5EF34A652}.MemoryClient.Web-Release|iPhone.Build.0 = MemoryClient.Web-Release|Any CPU
		{F065ED64-3C7A-48A7-A859-77B5EF34A652}.MemoryClient.Web-Release|iPhoneSimulator.ActiveCfg = MemoryClient.Web-Release|Any CPU
		{F065ED64-3C7A-48A7-A859-77B5EF34A652}.MemoryClient.Web-Release|iPhoneSimulator.Build.0 = MemoryClient.Web-Release|Any CPU
		{F065ED64-3C7A-48A7-A859-77B5EF34A652}.MemoryClient.Web-Release|x64.ActiveCfg = MemoryClient.Web-Release|Any CPU
		{F065ED64-3C7A-48A7-A859-77B5EF34A652}.MemoryClient.Web-Release|x64.Build.0 = MemoryClient.Web-Release|Any CPU
		{F065ED64-3C7A-48A7-A859-77B5EF34A652}.MemoryClient.Web-Release|x86.ActiveCfg = MemoryClient.Web-Release|Any CPU
		{F065ED64-3C7A-48A7-A859-77B5EF34A652}.MemoryClient.Web-Release|x86.Build.0 = MemoryClient.Web-Release|Any CPU
		{F065ED64-3C7A-48A7-A859-77B5EF34A652}.Release|Any CPU.ActiveCfg = Release|Any CPU
		{F065ED64-3C7A-48A7-A859-77B5EF34A652}.Release|Any CPU.Build.0 = Release|Any CPU
		{F065ED64-3C7A-48A7-A859-77B5EF34A652}.Release|ARM.ActiveCfg = Release|Any CPU
		{F065ED64-3C7A-48A7-A859-77B5EF34A652}.Release|ARM.Build.0 = Release|Any CPU
		{F065ED64-3C7A-48A7-A859-77B5EF34A652}.Release|iPhone.ActiveCfg = Release|Any CPU
		{F065ED64-3C7A-48A7-A859-77B5EF34A652}.Release|iPhone.Build.0 = Release|Any CPU
		{F065ED64-3C7A-48A7-A859-77B5EF34A652}.Release|iPhoneSimulator.ActiveCfg = Release|Any CPU
		{F065ED64-3C7A-48A7-A859-77B5EF34A652}.Release|iPhoneSimulator.Build.0 = Release|Any CPU
		{F065ED64-3C7A-48A7-A859-77B5EF34A652}.Release|x64.ActiveCfg = Release|Any CPU
		{F065ED64-3C7A-48A7-A859-77B5EF34A652}.Release|x64.Build.0 = Release|Any CPU
		{F065ED64-3C7A-48A7-A859-77B5EF34A652}.Release|x86.ActiveCfg = Release|Any CPU
		{F065ED64-3C7A-48A7-A859-77B5EF34A652}.Release|x86.Build.0 = Release|Any CPU
		{69C8A268-17B5-4EAC-A9EB-450F75A3CDF9}.Ad-Hoc|Any CPU.ActiveCfg = Debug|Any CPU
		{69C8A268-17B5-4EAC-A9EB-450F75A3CDF9}.Ad-Hoc|Any CPU.Build.0 = Debug|Any CPU
		{69C8A268-17B5-4EAC-A9EB-450F75A3CDF9}.Ad-Hoc|ARM.ActiveCfg = Debug|Any CPU
		{69C8A268-17B5-4EAC-A9EB-450F75A3CDF9}.Ad-Hoc|ARM.Build.0 = Debug|Any CPU
		{69C8A268-17B5-4EAC-A9EB-450F75A3CDF9}.Ad-Hoc|iPhone.ActiveCfg = Debug|Any CPU
		{69C8A268-17B5-4EAC-A9EB-450F75A3CDF9}.Ad-Hoc|iPhone.Build.0 = Debug|Any CPU
		{69C8A268-17B5-4EAC-A9EB-450F75A3CDF9}.Ad-Hoc|iPhoneSimulator.ActiveCfg = Debug|Any CPU
		{69C8A268-17B5-4EAC-A9EB-450F75A3CDF9}.Ad-Hoc|iPhoneSimulator.Build.0 = Debug|Any CPU
		{69C8A268-17B5-4EAC-A9EB-450F75A3CDF9}.Ad-Hoc|x64.ActiveCfg = Debug|Any CPU
		{69C8A268-17B5-4EAC-A9EB-450F75A3CDF9}.Ad-Hoc|x64.Build.0 = Debug|Any CPU
		{69C8A268-17B5-4EAC-A9EB-450F75A3CDF9}.Ad-Hoc|x86.ActiveCfg = Debug|Any CPU
		{69C8A268-17B5-4EAC-A9EB-450F75A3CDF9}.Ad-Hoc|x86.Build.0 = Debug|Any CPU
		{69C8A268-17B5-4EAC-A9EB-450F75A3CDF9}.AppStore|Any CPU.ActiveCfg = Debug|Any CPU
		{69C8A268-17B5-4EAC-A9EB-450F75A3CDF9}.AppStore|Any CPU.Build.0 = Debug|Any CPU
		{69C8A268-17B5-4EAC-A9EB-450F75A3CDF9}.AppStore|ARM.ActiveCfg = Debug|Any CPU
		{69C8A268-17B5-4EAC-A9EB-450F75A3CDF9}.AppStore|ARM.Build.0 = Debug|Any CPU
		{69C8A268-17B5-4EAC-A9EB-450F75A3CDF9}.AppStore|iPhone.ActiveCfg = Debug|Any CPU
		{69C8A268-17B5-4EAC-A9EB-450F75A3CDF9}.AppStore|iPhone.Build.0 = Debug|Any CPU
		{69C8A268-17B5-4EAC-A9EB-450F75A3CDF9}.AppStore|iPhoneSimulator.ActiveCfg = Debug|Any CPU
		{69C8A268-17B5-4EAC-A9EB-450F75A3CDF9}.AppStore|iPhoneSimulator.Build.0 = Debug|Any CPU
		{69C8A268-17B5-4EAC-A9EB-450F75A3CDF9}.AppStore|x64.ActiveCfg = Debug|Any CPU
		{69C8A268-17B5-4EAC-A9EB-450F75A3CDF9}.AppStore|x64.Build.0 = Debug|Any CPU
		{69C8A268-17B5-4EAC-A9EB-450F75A3CDF9}.AppStore|x86.ActiveCfg = Debug|Any CPU
		{69C8A268-17B5-4EAC-A9EB-450F75A3CDF9}.AppStore|x86.Build.0 = Debug|Any CPU
		{69C8A268-17B5-4EAC-A9EB-450F75A3CDF9}.Debug|Any CPU.ActiveCfg = Debug|Any CPU
		{69C8A268-17B5-4EAC-A9EB-450F75A3CDF9}.Debug|Any CPU.Build.0 = Debug|Any CPU
		{69C8A268-17B5-4EAC-A9EB-450F75A3CDF9}.Debug|ARM.ActiveCfg = Debug|Any CPU
		{69C8A268-17B5-4EAC-A9EB-450F75A3CDF9}.Debug|ARM.Build.0 = Debug|Any CPU
		{69C8A268-17B5-4EAC-A9EB-450F75A3CDF9}.Debug|iPhone.ActiveCfg = Debug|Any CPU
		{69C8A268-17B5-4EAC-A9EB-450F75A3CDF9}.Debug|iPhone.Build.0 = Debug|Any CPU
		{69C8A268-17B5-4EAC-A9EB-450F75A3CDF9}.Debug|iPhoneSimulator.ActiveCfg = Debug|Any CPU
		{69C8A268-17B5-4EAC-A9EB-450F75A3CDF9}.Debug|iPhoneSimulator.Build.0 = Debug|Any CPU
		{69C8A268-17B5-4EAC-A9EB-450F75A3CDF9}.Debug|x64.ActiveCfg = Debug|Any CPU
		{69C8A268-17B5-4EAC-A9EB-450F75A3CDF9}.Debug|x64.Build.0 = Debug|Any CPU
		{69C8A268-17B5-4EAC-A9EB-450F75A3CDF9}.Debug|x86.ActiveCfg = Debug|Any CPU
		{69C8A268-17B5-4EAC-A9EB-450F75A3CDF9}.Debug|x86.Build.0 = Debug|Any CPU
		{69C8A268-17B5-4EAC-A9EB-450F75A3CDF9}.MemoryApi|Any CPU.ActiveCfg = Debug|Any CPU
		{69C8A268-17B5-4EAC-A9EB-450F75A3CDF9}.MemoryApi|Any CPU.Build.0 = Debug|Any CPU
		{69C8A268-17B5-4EAC-A9EB-450F75A3CDF9}.MemoryApi|ARM.ActiveCfg = Debug|Any CPU
		{69C8A268-17B5-4EAC-A9EB-450F75A3CDF9}.MemoryApi|ARM.Build.0 = Debug|Any CPU
		{69C8A268-17B5-4EAC-A9EB-450F75A3CDF9}.MemoryApi|iPhone.ActiveCfg = Debug|Any CPU
		{69C8A268-17B5-4EAC-A9EB-450F75A3CDF9}.MemoryApi|iPhone.Build.0 = Debug|Any CPU
		{69C8A268-17B5-4EAC-A9EB-450F75A3CDF9}.MemoryApi|iPhoneSimulator.ActiveCfg = Debug|Any CPU
		{69C8A268-17B5-4EAC-A9EB-450F75A3CDF9}.MemoryApi|iPhoneSimulator.Build.0 = Debug|Any CPU
		{69C8A268-17B5-4EAC-A9EB-450F75A3CDF9}.MemoryApi|x64.ActiveCfg = Debug|Any CPU
		{69C8A268-17B5-4EAC-A9EB-450F75A3CDF9}.MemoryApi|x64.Build.0 = Debug|Any CPU
		{69C8A268-17B5-4EAC-A9EB-450F75A3CDF9}.MemoryApi|x86.ActiveCfg = Debug|Any CPU
		{69C8A268-17B5-4EAC-A9EB-450F75A3CDF9}.MemoryApi|x86.Build.0 = Debug|Any CPU
		{69C8A268-17B5-4EAC-A9EB-450F75A3CDF9}.MemoryClient.Web-Release|Any CPU.ActiveCfg = Release|Any CPU
		{69C8A268-17B5-4EAC-A9EB-450F75A3CDF9}.MemoryClient.Web-Release|Any CPU.Build.0 = Release|Any CPU
		{69C8A268-17B5-4EAC-A9EB-450F75A3CDF9}.MemoryClient.Web-Release|ARM.ActiveCfg = Release|Any CPU
		{69C8A268-17B5-4EAC-A9EB-450F75A3CDF9}.MemoryClient.Web-Release|ARM.Build.0 = Release|Any CPU
		{69C8A268-17B5-4EAC-A9EB-450F75A3CDF9}.MemoryClient.Web-Release|iPhone.ActiveCfg = Release|Any CPU
		{69C8A268-17B5-4EAC-A9EB-450F75A3CDF9}.MemoryClient.Web-Release|iPhone.Build.0 = Release|Any CPU
		{69C8A268-17B5-4EAC-A9EB-450F75A3CDF9}.MemoryClient.Web-Release|iPhoneSimulator.ActiveCfg = Release|Any CPU
		{69C8A268-17B5-4EAC-A9EB-450F75A3CDF9}.MemoryClient.Web-Release|iPhoneSimulator.Build.0 = Release|Any CPU
		{69C8A268-17B5-4EAC-A9EB-450F75A3CDF9}.MemoryClient.Web-Release|x64.ActiveCfg = Release|Any CPU
		{69C8A268-17B5-4EAC-A9EB-450F75A3CDF9}.MemoryClient.Web-Release|x64.Build.0 = Release|Any CPU
		{69C8A268-17B5-4EAC-A9EB-450F75A3CDF9}.MemoryClient.Web-Release|x86.ActiveCfg = Release|Any CPU
		{69C8A268-17B5-4EAC-A9EB-450F75A3CDF9}.MemoryClient.Web-Release|x86.Build.0 = Release|Any CPU
		{69C8A268-17B5-4EAC-A9EB-450F75A3CDF9}.Release|Any CPU.ActiveCfg = Release|Any CPU
		{69C8A268-17B5-4EAC-A9EB-450F75A3CDF9}.Release|Any CPU.Build.0 = Release|Any CPU
		{69C8A268-17B5-4EAC-A9EB-450F75A3CDF9}.Release|ARM.ActiveCfg = Release|Any CPU
		{69C8A268-17B5-4EAC-A9EB-450F75A3CDF9}.Release|ARM.Build.0 = Release|Any CPU
		{69C8A268-17B5-4EAC-A9EB-450F75A3CDF9}.Release|iPhone.ActiveCfg = Release|Any CPU
		{69C8A268-17B5-4EAC-A9EB-450F75A3CDF9}.Release|iPhone.Build.0 = Release|Any CPU
		{69C8A268-17B5-4EAC-A9EB-450F75A3CDF9}.Release|iPhoneSimulator.ActiveCfg = Release|Any CPU
		{69C8A268-17B5-4EAC-A9EB-450F75A3CDF9}.Release|iPhoneSimulator.Build.0 = Release|Any CPU
		{69C8A268-17B5-4EAC-A9EB-450F75A3CDF9}.Release|x64.ActiveCfg = Release|Any CPU
		{69C8A268-17B5-4EAC-A9EB-450F75A3CDF9}.Release|x64.Build.0 = Release|Any CPU
		{69C8A268-17B5-4EAC-A9EB-450F75A3CDF9}.Release|x86.ActiveCfg = Release|Any CPU
		{69C8A268-17B5-4EAC-A9EB-450F75A3CDF9}.Release|x86.Build.0 = Release|Any CPU
		{0FC0164D-8E6F-4B0A-B7F0-80A765A4A004}.Ad-Hoc|Any CPU.ActiveCfg = Release|Any CPU
		{0FC0164D-8E6F-4B0A-B7F0-80A765A4A004}.Ad-Hoc|Any CPU.Build.0 = Release|Any CPU
		{0FC0164D-8E6F-4B0A-B7F0-80A765A4A004}.Ad-Hoc|Any CPU.Deploy.0 = Release|Any CPU
		{0FC0164D-8E6F-4B0A-B7F0-80A765A4A004}.Ad-Hoc|ARM.ActiveCfg = Release|Any CPU
		{0FC0164D-8E6F-4B0A-B7F0-80A765A4A004}.Ad-Hoc|ARM.Build.0 = Release|Any CPU
		{0FC0164D-8E6F-4B0A-B7F0-80A765A4A004}.Ad-Hoc|ARM.Deploy.0 = Release|Any CPU
		{0FC0164D-8E6F-4B0A-B7F0-80A765A4A004}.Ad-Hoc|iPhone.ActiveCfg = Release|Any CPU
		{0FC0164D-8E6F-4B0A-B7F0-80A765A4A004}.Ad-Hoc|iPhone.Build.0 = Release|Any CPU
		{0FC0164D-8E6F-4B0A-B7F0-80A765A4A004}.Ad-Hoc|iPhone.Deploy.0 = Release|Any CPU
		{0FC0164D-8E6F-4B0A-B7F0-80A765A4A004}.Ad-Hoc|iPhoneSimulator.ActiveCfg = Release|Any CPU
		{0FC0164D-8E6F-4B0A-B7F0-80A765A4A004}.Ad-Hoc|iPhoneSimulator.Build.0 = Release|Any CPU
		{0FC0164D-8E6F-4B0A-B7F0-80A765A4A004}.Ad-Hoc|iPhoneSimulator.Deploy.0 = Release|Any CPU
		{0FC0164D-8E6F-4B0A-B7F0-80A765A4A004}.Ad-Hoc|x64.ActiveCfg = Release|Any CPU
		{0FC0164D-8E6F-4B0A-B7F0-80A765A4A004}.Ad-Hoc|x64.Build.0 = Release|Any CPU
		{0FC0164D-8E6F-4B0A-B7F0-80A765A4A004}.Ad-Hoc|x64.Deploy.0 = Release|Any CPU
		{0FC0164D-8E6F-4B0A-B7F0-80A765A4A004}.Ad-Hoc|x86.ActiveCfg = Release|Any CPU
		{0FC0164D-8E6F-4B0A-B7F0-80A765A4A004}.Ad-Hoc|x86.Build.0 = Release|Any CPU
		{0FC0164D-8E6F-4B0A-B7F0-80A765A4A004}.Ad-Hoc|x86.Deploy.0 = Release|Any CPU
		{0FC0164D-8E6F-4B0A-B7F0-80A765A4A004}.AppStore|Any CPU.ActiveCfg = Release|Any CPU
		{0FC0164D-8E6F-4B0A-B7F0-80A765A4A004}.AppStore|Any CPU.Build.0 = Release|Any CPU
		{0FC0164D-8E6F-4B0A-B7F0-80A765A4A004}.AppStore|Any CPU.Deploy.0 = Release|Any CPU
		{0FC0164D-8E6F-4B0A-B7F0-80A765A4A004}.AppStore|ARM.ActiveCfg = Release|Any CPU
		{0FC0164D-8E6F-4B0A-B7F0-80A765A4A004}.AppStore|ARM.Build.0 = Release|Any CPU
		{0FC0164D-8E6F-4B0A-B7F0-80A765A4A004}.AppStore|ARM.Deploy.0 = Release|Any CPU
		{0FC0164D-8E6F-4B0A-B7F0-80A765A4A004}.AppStore|iPhone.ActiveCfg = Release|Any CPU
		{0FC0164D-8E6F-4B0A-B7F0-80A765A4A004}.AppStore|iPhone.Build.0 = Release|Any CPU
		{0FC0164D-8E6F-4B0A-B7F0-80A765A4A004}.AppStore|iPhone.Deploy.0 = Release|Any CPU
		{0FC0164D-8E6F-4B0A-B7F0-80A765A4A004}.AppStore|iPhoneSimulator.ActiveCfg = Release|Any CPU
		{0FC0164D-8E6F-4B0A-B7F0-80A765A4A004}.AppStore|iPhoneSimulator.Build.0 = Release|Any CPU
		{0FC0164D-8E6F-4B0A-B7F0-80A765A4A004}.AppStore|iPhoneSimulator.Deploy.0 = Release|Any CPU
		{0FC0164D-8E6F-4B0A-B7F0-80A765A4A004}.AppStore|x64.ActiveCfg = Release|Any CPU
		{0FC0164D-8E6F-4B0A-B7F0-80A765A4A004}.AppStore|x64.Build.0 = Release|Any CPU
		{0FC0164D-8E6F-4B0A-B7F0-80A765A4A004}.AppStore|x64.Deploy.0 = Release|Any CPU
		{0FC0164D-8E6F-4B0A-B7F0-80A765A4A004}.AppStore|x86.ActiveCfg = Release|Any CPU
		{0FC0164D-8E6F-4B0A-B7F0-80A765A4A004}.AppStore|x86.Build.0 = Release|Any CPU
		{0FC0164D-8E6F-4B0A-B7F0-80A765A4A004}.AppStore|x86.Deploy.0 = Release|Any CPU
		{0FC0164D-8E6F-4B0A-B7F0-80A765A4A004}.Debug|Any CPU.ActiveCfg = Debug|Any CPU
		{0FC0164D-8E6F-4B0A-B7F0-80A765A4A004}.Debug|Any CPU.Build.0 = Debug|Any CPU
		{0FC0164D-8E6F-4B0A-B7F0-80A765A4A004}.Debug|Any CPU.Deploy.0 = Debug|Any CPU
		{0FC0164D-8E6F-4B0A-B7F0-80A765A4A004}.Debug|ARM.ActiveCfg = Debug|Any CPU
		{0FC0164D-8E6F-4B0A-B7F0-80A765A4A004}.Debug|ARM.Build.0 = Debug|Any CPU
		{0FC0164D-8E6F-4B0A-B7F0-80A765A4A004}.Debug|ARM.Deploy.0 = Debug|Any CPU
		{0FC0164D-8E6F-4B0A-B7F0-80A765A4A004}.Debug|iPhone.ActiveCfg = Debug|Any CPU
		{0FC0164D-8E6F-4B0A-B7F0-80A765A4A004}.Debug|iPhone.Build.0 = Debug|Any CPU
		{0FC0164D-8E6F-4B0A-B7F0-80A765A4A004}.Debug|iPhone.Deploy.0 = Debug|Any CPU
		{0FC0164D-8E6F-4B0A-B7F0-80A765A4A004}.Debug|iPhoneSimulator.ActiveCfg = Debug|Any CPU
		{0FC0164D-8E6F-4B0A-B7F0-80A765A4A004}.Debug|iPhoneSimulator.Build.0 = Debug|Any CPU
		{0FC0164D-8E6F-4B0A-B7F0-80A765A4A004}.Debug|iPhoneSimulator.Deploy.0 = Debug|Any CPU
		{0FC0164D-8E6F-4B0A-B7F0-80A765A4A004}.Debug|x64.ActiveCfg = Debug|Any CPU
		{0FC0164D-8E6F-4B0A-B7F0-80A765A4A004}.Debug|x64.Build.0 = Debug|Any CPU
		{0FC0164D-8E6F-4B0A-B7F0-80A765A4A004}.Debug|x64.Deploy.0 = Debug|Any CPU
		{0FC0164D-8E6F-4B0A-B7F0-80A765A4A004}.Debug|x86.ActiveCfg = Debug|Any CPU
		{0FC0164D-8E6F-4B0A-B7F0-80A765A4A004}.Debug|x86.Build.0 = Debug|Any CPU
		{0FC0164D-8E6F-4B0A-B7F0-80A765A4A004}.Debug|x86.Deploy.0 = Debug|Any CPU
		{0FC0164D-8E6F-4B0A-B7F0-80A765A4A004}.MemoryApi|Any CPU.ActiveCfg = Release|Any CPU
		{0FC0164D-8E6F-4B0A-B7F0-80A765A4A004}.MemoryApi|Any CPU.Build.0 = Release|Any CPU
		{0FC0164D-8E6F-4B0A-B7F0-80A765A4A004}.MemoryApi|Any CPU.Deploy.0 = Release|Any CPU
		{0FC0164D-8E6F-4B0A-B7F0-80A765A4A004}.MemoryApi|ARM.ActiveCfg = Release|Any CPU
		{0FC0164D-8E6F-4B0A-B7F0-80A765A4A004}.MemoryApi|ARM.Build.0 = Release|Any CPU
		{0FC0164D-8E6F-4B0A-B7F0-80A765A4A004}.MemoryApi|ARM.Deploy.0 = Release|Any CPU
		{0FC0164D-8E6F-4B0A-B7F0-80A765A4A004}.MemoryApi|iPhone.ActiveCfg = Release|Any CPU
		{0FC0164D-8E6F-4B0A-B7F0-80A765A4A004}.MemoryApi|iPhone.Build.0 = Release|Any CPU
		{0FC0164D-8E6F-4B0A-B7F0-80A765A4A004}.MemoryApi|iPhone.Deploy.0 = Release|Any CPU
		{0FC0164D-8E6F-4B0A-B7F0-80A765A4A004}.MemoryApi|iPhoneSimulator.ActiveCfg = Release|Any CPU
		{0FC0164D-8E6F-4B0A-B7F0-80A765A4A004}.MemoryApi|iPhoneSimulator.Build.0 = Release|Any CPU
		{0FC0164D-8E6F-4B0A-B7F0-80A765A4A004}.MemoryApi|iPhoneSimulator.Deploy.0 = Release|Any CPU
		{0FC0164D-8E6F-4B0A-B7F0-80A765A4A004}.MemoryApi|x64.ActiveCfg = Release|Any CPU
		{0FC0164D-8E6F-4B0A-B7F0-80A765A4A004}.MemoryApi|x64.Build.0 = Release|Any CPU
		{0FC0164D-8E6F-4B0A-B7F0-80A765A4A004}.MemoryApi|x64.Deploy.0 = Release|Any CPU
		{0FC0164D-8E6F-4B0A-B7F0-80A765A4A004}.MemoryApi|x86.ActiveCfg = Release|Any CPU
		{0FC0164D-8E6F-4B0A-B7F0-80A765A4A004}.MemoryApi|x86.Build.0 = Release|Any CPU
		{0FC0164D-8E6F-4B0A-B7F0-80A765A4A004}.MemoryApi|x86.Deploy.0 = Release|Any CPU
		{0FC0164D-8E6F-4B0A-B7F0-80A765A4A004}.MemoryClient.Web-Release|Any CPU.ActiveCfg = Release|Any CPU
		{0FC0164D-8E6F-4B0A-B7F0-80A765A4A004}.MemoryClient.Web-Release|Any CPU.Build.0 = Release|Any CPU
		{0FC0164D-8E6F-4B0A-B7F0-80A765A4A004}.MemoryClient.Web-Release|Any CPU.Deploy.0 = Release|Any CPU
		{0FC0164D-8E6F-4B0A-B7F0-80A765A4A004}.MemoryClient.Web-Release|ARM.ActiveCfg = Release|Any CPU
		{0FC0164D-8E6F-4B0A-B7F0-80A765A4A004}.MemoryClient.Web-Release|ARM.Build.0 = Release|Any CPU
		{0FC0164D-8E6F-4B0A-B7F0-80A765A4A004}.MemoryClient.Web-Release|ARM.Deploy.0 = Release|Any CPU
		{0FC0164D-8E6F-4B0A-B7F0-80A765A4A004}.MemoryClient.Web-Release|iPhone.ActiveCfg = Release|Any CPU
		{0FC0164D-8E6F-4B0A-B7F0-80A765A4A004}.MemoryClient.Web-Release|iPhone.Build.0 = Release|Any CPU
		{0FC0164D-8E6F-4B0A-B7F0-80A765A4A004}.MemoryClient.Web-Release|iPhone.Deploy.0 = Release|Any CPU
		{0FC0164D-8E6F-4B0A-B7F0-80A765A4A004}.MemoryClient.Web-Release|iPhoneSimulator.ActiveCfg = Release|Any CPU
		{0FC0164D-8E6F-4B0A-B7F0-80A765A4A004}.MemoryClient.Web-Release|iPhoneSimulator.Build.0 = Release|Any CPU
		{0FC0164D-8E6F-4B0A-B7F0-80A765A4A004}.MemoryClient.Web-Release|iPhoneSimulator.Deploy.0 = Release|Any CPU
		{0FC0164D-8E6F-4B0A-B7F0-80A765A4A004}.MemoryClient.Web-Release|x64.ActiveCfg = Release|Any CPU
		{0FC0164D-8E6F-4B0A-B7F0-80A765A4A004}.MemoryClient.Web-Release|x64.Build.0 = Release|Any CPU
		{0FC0164D-8E6F-4B0A-B7F0-80A765A4A004}.MemoryClient.Web-Release|x64.Deploy.0 = Release|Any CPU
		{0FC0164D-8E6F-4B0A-B7F0-80A765A4A004}.MemoryClient.Web-Release|x86.ActiveCfg = Release|Any CPU
		{0FC0164D-8E6F-4B0A-B7F0-80A765A4A004}.MemoryClient.Web-Release|x86.Build.0 = Release|Any CPU
		{0FC0164D-8E6F-4B0A-B7F0-80A765A4A004}.MemoryClient.Web-Release|x86.Deploy.0 = Release|Any CPU
		{0FC0164D-8E6F-4B0A-B7F0-80A765A4A004}.Release|Any CPU.ActiveCfg = Release|Any CPU
		{0FC0164D-8E6F-4B0A-B7F0-80A765A4A004}.Release|Any CPU.Build.0 = Release|Any CPU
		{0FC0164D-8E6F-4B0A-B7F0-80A765A4A004}.Release|Any CPU.Deploy.0 = Release|Any CPU
		{0FC0164D-8E6F-4B0A-B7F0-80A765A4A004}.Release|ARM.ActiveCfg = Release|Any CPU
		{0FC0164D-8E6F-4B0A-B7F0-80A765A4A004}.Release|ARM.Build.0 = Release|Any CPU
		{0FC0164D-8E6F-4B0A-B7F0-80A765A4A004}.Release|ARM.Deploy.0 = Release|Any CPU
		{0FC0164D-8E6F-4B0A-B7F0-80A765A4A004}.Release|iPhone.ActiveCfg = Release|Any CPU
		{0FC0164D-8E6F-4B0A-B7F0-80A765A4A004}.Release|iPhone.Build.0 = Release|Any CPU
		{0FC0164D-8E6F-4B0A-B7F0-80A765A4A004}.Release|iPhone.Deploy.0 = Release|Any CPU
		{0FC0164D-8E6F-4B0A-B7F0-80A765A4A004}.Release|iPhoneSimulator.ActiveCfg = Release|Any CPU
		{0FC0164D-8E6F-4B0A-B7F0-80A765A4A004}.Release|iPhoneSimulator.Build.0 = Release|Any CPU
		{0FC0164D-8E6F-4B0A-B7F0-80A765A4A004}.Release|iPhoneSimulator.Deploy.0 = Release|Any CPU
		{0FC0164D-8E6F-4B0A-B7F0-80A765A4A004}.Release|x64.ActiveCfg = Release|Any CPU
		{0FC0164D-8E6F-4B0A-B7F0-80A765A4A004}.Release|x64.Build.0 = Release|Any CPU
		{0FC0164D-8E6F-4B0A-B7F0-80A765A4A004}.Release|x64.Deploy.0 = Release|Any CPU
		{0FC0164D-8E6F-4B0A-B7F0-80A765A4A004}.Release|x86.ActiveCfg = Release|Any CPU
		{0FC0164D-8E6F-4B0A-B7F0-80A765A4A004}.Release|x86.Build.0 = Release|Any CPU
		{0FC0164D-8E6F-4B0A-B7F0-80A765A4A004}.Release|x86.Deploy.0 = Release|Any CPU
		{DFA3AFCE-DE9B-4EB5-8166-C33D9CCEB4FF}.Ad-Hoc|Any CPU.ActiveCfg = Release|Any CPU
		{DFA3AFCE-DE9B-4EB5-8166-C33D9CCEB4FF}.Ad-Hoc|Any CPU.Build.0 = Release|Any CPU
		{DFA3AFCE-DE9B-4EB5-8166-C33D9CCEB4FF}.Ad-Hoc|ARM.ActiveCfg = Release|Any CPU
		{DFA3AFCE-DE9B-4EB5-8166-C33D9CCEB4FF}.Ad-Hoc|ARM.Build.0 = Release|Any CPU
		{DFA3AFCE-DE9B-4EB5-8166-C33D9CCEB4FF}.Ad-Hoc|iPhone.ActiveCfg = Release|Any CPU
		{DFA3AFCE-DE9B-4EB5-8166-C33D9CCEB4FF}.Ad-Hoc|iPhone.Build.0 = Release|Any CPU
		{DFA3AFCE-DE9B-4EB5-8166-C33D9CCEB4FF}.Ad-Hoc|iPhoneSimulator.ActiveCfg = Release|Any CPU
		{DFA3AFCE-DE9B-4EB5-8166-C33D9CCEB4FF}.Ad-Hoc|iPhoneSimulator.Build.0 = Release|Any CPU
		{DFA3AFCE-DE9B-4EB5-8166-C33D9CCEB4FF}.Ad-Hoc|x64.ActiveCfg = Release|Any CPU
		{DFA3AFCE-DE9B-4EB5-8166-C33D9CCEB4FF}.Ad-Hoc|x64.Build.0 = Release|Any CPU
		{DFA3AFCE-DE9B-4EB5-8166-C33D9CCEB4FF}.Ad-Hoc|x86.ActiveCfg = Release|Any CPU
		{DFA3AFCE-DE9B-4EB5-8166-C33D9CCEB4FF}.Ad-Hoc|x86.Build.0 = Release|Any CPU
		{DFA3AFCE-DE9B-4EB5-8166-C33D9CCEB4FF}.AppStore|Any CPU.ActiveCfg = Release|Any CPU
		{DFA3AFCE-DE9B-4EB5-8166-C33D9CCEB4FF}.AppStore|Any CPU.Build.0 = Release|Any CPU
		{DFA3AFCE-DE9B-4EB5-8166-C33D9CCEB4FF}.AppStore|ARM.ActiveCfg = Release|Any CPU
		{DFA3AFCE-DE9B-4EB5-8166-C33D9CCEB4FF}.AppStore|ARM.Build.0 = Release|Any CPU
		{DFA3AFCE-DE9B-4EB5-8166-C33D9CCEB4FF}.AppStore|iPhone.ActiveCfg = Release|Any CPU
		{DFA3AFCE-DE9B-4EB5-8166-C33D9CCEB4FF}.AppStore|iPhone.Build.0 = Release|Any CPU
		{DFA3AFCE-DE9B-4EB5-8166-C33D9CCEB4FF}.AppStore|iPhoneSimulator.ActiveCfg = Release|Any CPU
		{DFA3AFCE-DE9B-4EB5-8166-C33D9CCEB4FF}.AppStore|iPhoneSimulator.Build.0 = Release|Any CPU
		{DFA3AFCE-DE9B-4EB5-8166-C33D9CCEB4FF}.AppStore|x64.ActiveCfg = Release|Any CPU
		{DFA3AFCE-DE9B-4EB5-8166-C33D9CCEB4FF}.AppStore|x64.Build.0 = Release|Any CPU
		{DFA3AFCE-DE9B-4EB5-8166-C33D9CCEB4FF}.AppStore|x86.ActiveCfg = Release|Any CPU
		{DFA3AFCE-DE9B-4EB5-8166-C33D9CCEB4FF}.AppStore|x86.Build.0 = Release|Any CPU
		{DFA3AFCE-DE9B-4EB5-8166-C33D9CCEB4FF}.Debug|Any CPU.ActiveCfg = Debug|Any CPU
		{DFA3AFCE-DE9B-4EB5-8166-C33D9CCEB4FF}.Debug|Any CPU.Build.0 = Debug|Any CPU
		{DFA3AFCE-DE9B-4EB5-8166-C33D9CCEB4FF}.Debug|ARM.ActiveCfg = Debug|Any CPU
		{DFA3AFCE-DE9B-4EB5-8166-C33D9CCEB4FF}.Debug|ARM.Build.0 = Debug|Any CPU
		{DFA3AFCE-DE9B-4EB5-8166-C33D9CCEB4FF}.Debug|iPhone.ActiveCfg = Debug|Any CPU
		{DFA3AFCE-DE9B-4EB5-8166-C33D9CCEB4FF}.Debug|iPhone.Build.0 = Debug|Any CPU
		{DFA3AFCE-DE9B-4EB5-8166-C33D9CCEB4FF}.Debug|iPhoneSimulator.ActiveCfg = Debug|Any CPU
		{DFA3AFCE-DE9B-4EB5-8166-C33D9CCEB4FF}.Debug|iPhoneSimulator.Build.0 = Debug|Any CPU
		{DFA3AFCE-DE9B-4EB5-8166-C33D9CCEB4FF}.Debug|x64.ActiveCfg = Debug|Any CPU
		{DFA3AFCE-DE9B-4EB5-8166-C33D9CCEB4FF}.Debug|x64.Build.0 = Debug|Any CPU
		{DFA3AFCE-DE9B-4EB5-8166-C33D9CCEB4FF}.Debug|x86.ActiveCfg = Debug|Any CPU
		{DFA3AFCE-DE9B-4EB5-8166-C33D9CCEB4FF}.Debug|x86.Build.0 = Debug|Any CPU
		{DFA3AFCE-DE9B-4EB5-8166-C33D9CCEB4FF}.MemoryApi|Any CPU.ActiveCfg = Release|Any CPU
		{DFA3AFCE-DE9B-4EB5-8166-C33D9CCEB4FF}.MemoryApi|Any CPU.Build.0 = Release|Any CPU
		{DFA3AFCE-DE9B-4EB5-8166-C33D9CCEB4FF}.MemoryApi|ARM.ActiveCfg = Release|Any CPU
		{DFA3AFCE-DE9B-4EB5-8166-C33D9CCEB4FF}.MemoryApi|ARM.Build.0 = Release|Any CPU
		{DFA3AFCE-DE9B-4EB5-8166-C33D9CCEB4FF}.MemoryApi|iPhone.ActiveCfg = Release|Any CPU
		{DFA3AFCE-DE9B-4EB5-8166-C33D9CCEB4FF}.MemoryApi|iPhone.Build.0 = Release|Any CPU
		{DFA3AFCE-DE9B-4EB5-8166-C33D9CCEB4FF}.MemoryApi|iPhoneSimulator.ActiveCfg = Release|Any CPU
		{DFA3AFCE-DE9B-4EB5-8166-C33D9CCEB4FF}.MemoryApi|iPhoneSimulator.Build.0 = Release|Any CPU
		{DFA3AFCE-DE9B-4EB5-8166-C33D9CCEB4FF}.MemoryApi|x64.ActiveCfg = Release|Any CPU
		{DFA3AFCE-DE9B-4EB5-8166-C33D9CCEB4FF}.MemoryApi|x64.Build.0 = Release|Any CPU
		{DFA3AFCE-DE9B-4EB5-8166-C33D9CCEB4FF}.MemoryApi|x86.ActiveCfg = Release|Any CPU
		{DFA3AFCE-DE9B-4EB5-8166-C33D9CCEB4FF}.MemoryApi|x86.Build.0 = Release|Any CPU
		{DFA3AFCE-DE9B-4EB5-8166-C33D9CCEB4FF}.MemoryClient.Web-Release|Any CPU.ActiveCfg = Release|Any CPU
		{DFA3AFCE-DE9B-4EB5-8166-C33D9CCEB4FF}.MemoryClient.Web-Release|Any CPU.Build.0 = Release|Any CPU
		{DFA3AFCE-DE9B-4EB5-8166-C33D9CCEB4FF}.MemoryClient.Web-Release|ARM.ActiveCfg = Release|Any CPU
		{DFA3AFCE-DE9B-4EB5-8166-C33D9CCEB4FF}.MemoryClient.Web-Release|ARM.Build.0 = Release|Any CPU
		{DFA3AFCE-DE9B-4EB5-8166-C33D9CCEB4FF}.MemoryClient.Web-Release|iPhone.ActiveCfg = Release|Any CPU
		{DFA3AFCE-DE9B-4EB5-8166-C33D9CCEB4FF}.MemoryClient.Web-Release|iPhone.Build.0 = Release|Any CPU
		{DFA3AFCE-DE9B-4EB5-8166-C33D9CCEB4FF}.MemoryClient.Web-Release|iPhoneSimulator.ActiveCfg = Release|Any CPU
		{DFA3AFCE-DE9B-4EB5-8166-C33D9CCEB4FF}.MemoryClient.Web-Release|iPhoneSimulator.Build.0 = Release|Any CPU
		{DFA3AFCE-DE9B-4EB5-8166-C33D9CCEB4FF}.MemoryClient.Web-Release|x64.ActiveCfg = Release|Any CPU
		{DFA3AFCE-DE9B-4EB5-8166-C33D9CCEB4FF}.MemoryClient.Web-Release|x64.Build.0 = Release|Any CPU
		{DFA3AFCE-DE9B-4EB5-8166-C33D9CCEB4FF}.MemoryClient.Web-Release|x86.ActiveCfg = Release|Any CPU
		{DFA3AFCE-DE9B-4EB5-8166-C33D9CCEB4FF}.MemoryClient.Web-Release|x86.Build.0 = Release|Any CPU
		{DFA3AFCE-DE9B-4EB5-8166-C33D9CCEB4FF}.Release|Any CPU.ActiveCfg = Release|Any CPU
		{DFA3AFCE-DE9B-4EB5-8166-C33D9CCEB4FF}.Release|Any CPU.Build.0 = Release|Any CPU
		{DFA3AFCE-DE9B-4EB5-8166-C33D9CCEB4FF}.Release|ARM.ActiveCfg = Release|Any CPU
		{DFA3AFCE-DE9B-4EB5-8166-C33D9CCEB4FF}.Release|ARM.Build.0 = Release|Any CPU
		{DFA3AFCE-DE9B-4EB5-8166-C33D9CCEB4FF}.Release|iPhone.ActiveCfg = Release|Any CPU
		{DFA3AFCE-DE9B-4EB5-8166-C33D9CCEB4FF}.Release|iPhone.Build.0 = Release|Any CPU
		{DFA3AFCE-DE9B-4EB5-8166-C33D9CCEB4FF}.Release|iPhoneSimulator.ActiveCfg = Release|Any CPU
		{DFA3AFCE-DE9B-4EB5-8166-C33D9CCEB4FF}.Release|iPhoneSimulator.Build.0 = Release|Any CPU
		{DFA3AFCE-DE9B-4EB5-8166-C33D9CCEB4FF}.Release|x64.ActiveCfg = Release|Any CPU
		{DFA3AFCE-DE9B-4EB5-8166-C33D9CCEB4FF}.Release|x64.Build.0 = Release|Any CPU
		{DFA3AFCE-DE9B-4EB5-8166-C33D9CCEB4FF}.Release|x86.ActiveCfg = Release|Any CPU
		{DFA3AFCE-DE9B-4EB5-8166-C33D9CCEB4FF}.Release|x86.Build.0 = Release|Any CPU
		{9B026543-E25C-44E2-98D6-8E69AAE8281F}.Ad-Hoc|Any CPU.ActiveCfg = Release|x86
		{9B026543-E25C-44E2-98D6-8E69AAE8281F}.Ad-Hoc|Any CPU.Build.0 = Release|x86
		{9B026543-E25C-44E2-98D6-8E69AAE8281F}.Ad-Hoc|Any CPU.Deploy.0 = Release|x86
		{9B026543-E25C-44E2-98D6-8E69AAE8281F}.Ad-Hoc|ARM.ActiveCfg = Release|ARM
		{9B026543-E25C-44E2-98D6-8E69AAE8281F}.Ad-Hoc|ARM.Build.0 = Release|ARM
		{9B026543-E25C-44E2-98D6-8E69AAE8281F}.Ad-Hoc|ARM.Deploy.0 = Release|ARM
		{9B026543-E25C-44E2-98D6-8E69AAE8281F}.Ad-Hoc|iPhone.ActiveCfg = Release|x86
		{9B026543-E25C-44E2-98D6-8E69AAE8281F}.Ad-Hoc|iPhone.Build.0 = Release|x86
		{9B026543-E25C-44E2-98D6-8E69AAE8281F}.Ad-Hoc|iPhone.Deploy.0 = Release|x86
		{9B026543-E25C-44E2-98D6-8E69AAE8281F}.Ad-Hoc|iPhoneSimulator.ActiveCfg = Release|x86
		{9B026543-E25C-44E2-98D6-8E69AAE8281F}.Ad-Hoc|iPhoneSimulator.Build.0 = Release|x86
		{9B026543-E25C-44E2-98D6-8E69AAE8281F}.Ad-Hoc|iPhoneSimulator.Deploy.0 = Release|x86
		{9B026543-E25C-44E2-98D6-8E69AAE8281F}.Ad-Hoc|x64.ActiveCfg = Release|x64
		{9B026543-E25C-44E2-98D6-8E69AAE8281F}.Ad-Hoc|x64.Build.0 = Release|x64
		{9B026543-E25C-44E2-98D6-8E69AAE8281F}.Ad-Hoc|x64.Deploy.0 = Release|x64
		{9B026543-E25C-44E2-98D6-8E69AAE8281F}.Ad-Hoc|x86.ActiveCfg = Release|x86
		{9B026543-E25C-44E2-98D6-8E69AAE8281F}.Ad-Hoc|x86.Build.0 = Release|x86
		{9B026543-E25C-44E2-98D6-8E69AAE8281F}.Ad-Hoc|x86.Deploy.0 = Release|x86
		{9B026543-E25C-44E2-98D6-8E69AAE8281F}.AppStore|Any CPU.ActiveCfg = Release|x86
		{9B026543-E25C-44E2-98D6-8E69AAE8281F}.AppStore|Any CPU.Build.0 = Release|x86
		{9B026543-E25C-44E2-98D6-8E69AAE8281F}.AppStore|Any CPU.Deploy.0 = Release|x86
		{9B026543-E25C-44E2-98D6-8E69AAE8281F}.AppStore|ARM.ActiveCfg = Release|ARM
		{9B026543-E25C-44E2-98D6-8E69AAE8281F}.AppStore|ARM.Build.0 = Release|ARM
		{9B026543-E25C-44E2-98D6-8E69AAE8281F}.AppStore|ARM.Deploy.0 = Release|ARM
		{9B026543-E25C-44E2-98D6-8E69AAE8281F}.AppStore|iPhone.ActiveCfg = Release|x86
		{9B026543-E25C-44E2-98D6-8E69AAE8281F}.AppStore|iPhone.Build.0 = Release|x86
		{9B026543-E25C-44E2-98D6-8E69AAE8281F}.AppStore|iPhone.Deploy.0 = Release|x86
		{9B026543-E25C-44E2-98D6-8E69AAE8281F}.AppStore|iPhoneSimulator.ActiveCfg = Release|x86
		{9B026543-E25C-44E2-98D6-8E69AAE8281F}.AppStore|iPhoneSimulator.Build.0 = Release|x86
		{9B026543-E25C-44E2-98D6-8E69AAE8281F}.AppStore|iPhoneSimulator.Deploy.0 = Release|x86
		{9B026543-E25C-44E2-98D6-8E69AAE8281F}.AppStore|x64.ActiveCfg = Release|x64
		{9B026543-E25C-44E2-98D6-8E69AAE8281F}.AppStore|x64.Build.0 = Release|x64
		{9B026543-E25C-44E2-98D6-8E69AAE8281F}.AppStore|x64.Deploy.0 = Release|x64
		{9B026543-E25C-44E2-98D6-8E69AAE8281F}.AppStore|x86.ActiveCfg = Release|x86
		{9B026543-E25C-44E2-98D6-8E69AAE8281F}.AppStore|x86.Build.0 = Release|x86
		{9B026543-E25C-44E2-98D6-8E69AAE8281F}.AppStore|x86.Deploy.0 = Release|x86
		{9B026543-E25C-44E2-98D6-8E69AAE8281F}.Debug|Any CPU.ActiveCfg = Debug|x86
		{9B026543-E25C-44E2-98D6-8E69AAE8281F}.Debug|ARM.ActiveCfg = Debug|ARM
		{9B026543-E25C-44E2-98D6-8E69AAE8281F}.Debug|ARM.Build.0 = Debug|ARM
		{9B026543-E25C-44E2-98D6-8E69AAE8281F}.Debug|ARM.Deploy.0 = Debug|ARM
		{9B026543-E25C-44E2-98D6-8E69AAE8281F}.Debug|iPhone.ActiveCfg = Debug|x86
		{9B026543-E25C-44E2-98D6-8E69AAE8281F}.Debug|iPhoneSimulator.ActiveCfg = Debug|x86
		{9B026543-E25C-44E2-98D6-8E69AAE8281F}.Debug|x64.ActiveCfg = Debug|x64
		{9B026543-E25C-44E2-98D6-8E69AAE8281F}.Debug|x64.Build.0 = Debug|x64
		{9B026543-E25C-44E2-98D6-8E69AAE8281F}.Debug|x64.Deploy.0 = Debug|x64
		{9B026543-E25C-44E2-98D6-8E69AAE8281F}.Debug|x86.ActiveCfg = Debug|x86
		{9B026543-E25C-44E2-98D6-8E69AAE8281F}.Debug|x86.Build.0 = Debug|x86
		{9B026543-E25C-44E2-98D6-8E69AAE8281F}.Debug|x86.Deploy.0 = Debug|x86
		{9B026543-E25C-44E2-98D6-8E69AAE8281F}.MemoryApi|Any CPU.ActiveCfg = Release|x86
		{9B026543-E25C-44E2-98D6-8E69AAE8281F}.MemoryApi|Any CPU.Build.0 = Release|x86
		{9B026543-E25C-44E2-98D6-8E69AAE8281F}.MemoryApi|Any CPU.Deploy.0 = Release|x86
		{9B026543-E25C-44E2-98D6-8E69AAE8281F}.MemoryApi|ARM.ActiveCfg = Release|ARM
		{9B026543-E25C-44E2-98D6-8E69AAE8281F}.MemoryApi|ARM.Build.0 = Release|ARM
		{9B026543-E25C-44E2-98D6-8E69AAE8281F}.MemoryApi|ARM.Deploy.0 = Release|ARM
		{9B026543-E25C-44E2-98D6-8E69AAE8281F}.MemoryApi|iPhone.ActiveCfg = Release|x86
		{9B026543-E25C-44E2-98D6-8E69AAE8281F}.MemoryApi|iPhone.Build.0 = Release|x86
		{9B026543-E25C-44E2-98D6-8E69AAE8281F}.MemoryApi|iPhone.Deploy.0 = Release|x86
		{9B026543-E25C-44E2-98D6-8E69AAE8281F}.MemoryApi|iPhoneSimulator.ActiveCfg = Release|x86
		{9B026543-E25C-44E2-98D6-8E69AAE8281F}.MemoryApi|iPhoneSimulator.Build.0 = Release|x86
		{9B026543-E25C-44E2-98D6-8E69AAE8281F}.MemoryApi|iPhoneSimulator.Deploy.0 = Release|x86
		{9B026543-E25C-44E2-98D6-8E69AAE8281F}.MemoryApi|x64.ActiveCfg = Release|x64
		{9B026543-E25C-44E2-98D6-8E69AAE8281F}.MemoryApi|x64.Build.0 = Release|x64
		{9B026543-E25C-44E2-98D6-8E69AAE8281F}.MemoryApi|x64.Deploy.0 = Release|x64
		{9B026543-E25C-44E2-98D6-8E69AAE8281F}.MemoryApi|x86.ActiveCfg = Release|x86
		{9B026543-E25C-44E2-98D6-8E69AAE8281F}.MemoryApi|x86.Build.0 = Release|x86
		{9B026543-E25C-44E2-98D6-8E69AAE8281F}.MemoryApi|x86.Deploy.0 = Release|x86
		{9B026543-E25C-44E2-98D6-8E69AAE8281F}.MemoryClient.Web-Release|Any CPU.ActiveCfg = Release|x86
		{9B026543-E25C-44E2-98D6-8E69AAE8281F}.MemoryClient.Web-Release|Any CPU.Build.0 = Release|x86
		{9B026543-E25C-44E2-98D6-8E69AAE8281F}.MemoryClient.Web-Release|Any CPU.Deploy.0 = Release|x86
		{9B026543-E25C-44E2-98D6-8E69AAE8281F}.MemoryClient.Web-Release|ARM.ActiveCfg = Release|ARM
		{9B026543-E25C-44E2-98D6-8E69AAE8281F}.MemoryClient.Web-Release|ARM.Build.0 = Release|ARM
		{9B026543-E25C-44E2-98D6-8E69AAE8281F}.MemoryClient.Web-Release|ARM.Deploy.0 = Release|ARM
		{9B026543-E25C-44E2-98D6-8E69AAE8281F}.MemoryClient.Web-Release|iPhone.ActiveCfg = Release|x86
		{9B026543-E25C-44E2-98D6-8E69AAE8281F}.MemoryClient.Web-Release|iPhone.Build.0 = Release|x86
		{9B026543-E25C-44E2-98D6-8E69AAE8281F}.MemoryClient.Web-Release|iPhone.Deploy.0 = Release|x86
		{9B026543-E25C-44E2-98D6-8E69AAE8281F}.MemoryClient.Web-Release|iPhoneSimulator.ActiveCfg = Release|x86
		{9B026543-E25C-44E2-98D6-8E69AAE8281F}.MemoryClient.Web-Release|iPhoneSimulator.Build.0 = Release|x86
		{9B026543-E25C-44E2-98D6-8E69AAE8281F}.MemoryClient.Web-Release|iPhoneSimulator.Deploy.0 = Release|x86
		{9B026543-E25C-44E2-98D6-8E69AAE8281F}.MemoryClient.Web-Release|x64.ActiveCfg = Release|x64
		{9B026543-E25C-44E2-98D6-8E69AAE8281F}.MemoryClient.Web-Release|x64.Build.0 = Release|x64
		{9B026543-E25C-44E2-98D6-8E69AAE8281F}.MemoryClient.Web-Release|x64.Deploy.0 = Release|x64
		{9B026543-E25C-44E2-98D6-8E69AAE8281F}.MemoryClient.Web-Release|x86.ActiveCfg = Release|x86
		{9B026543-E25C-44E2-98D6-8E69AAE8281F}.MemoryClient.Web-Release|x86.Build.0 = Release|x86
		{9B026543-E25C-44E2-98D6-8E69AAE8281F}.MemoryClient.Web-Release|x86.Deploy.0 = Release|x86
		{9B026543-E25C-44E2-98D6-8E69AAE8281F}.Release|Any CPU.ActiveCfg = Release|x86
		{9B026543-E25C-44E2-98D6-8E69AAE8281F}.Release|ARM.ActiveCfg = Release|ARM
		{9B026543-E25C-44E2-98D6-8E69AAE8281F}.Release|ARM.Build.0 = Release|ARM
		{9B026543-E25C-44E2-98D6-8E69AAE8281F}.Release|ARM.Deploy.0 = Release|ARM
		{9B026543-E25C-44E2-98D6-8E69AAE8281F}.Release|iPhone.ActiveCfg = Release|x86
		{9B026543-E25C-44E2-98D6-8E69AAE8281F}.Release|iPhoneSimulator.ActiveCfg = Release|x86
		{9B026543-E25C-44E2-98D6-8E69AAE8281F}.Release|x64.ActiveCfg = Release|x64
		{9B026543-E25C-44E2-98D6-8E69AAE8281F}.Release|x64.Build.0 = Release|x64
		{9B026543-E25C-44E2-98D6-8E69AAE8281F}.Release|x64.Deploy.0 = Release|x64
		{9B026543-E25C-44E2-98D6-8E69AAE8281F}.Release|x86.ActiveCfg = Release|x86
		{9B026543-E25C-44E2-98D6-8E69AAE8281F}.Release|x86.Build.0 = Release|x86
		{9B026543-E25C-44E2-98D6-8E69AAE8281F}.Release|x86.Deploy.0 = Release|x86
		{449AE2B6-68BC-42B6-9A80-BB5DECE30EFC}.Ad-Hoc|Any CPU.ActiveCfg = Ad-Hoc|iPhone
		{449AE2B6-68BC-42B6-9A80-BB5DECE30EFC}.Ad-Hoc|ARM.ActiveCfg = Ad-Hoc|iPhone
		{449AE2B6-68BC-42B6-9A80-BB5DECE30EFC}.Ad-Hoc|iPhone.ActiveCfg = Ad-Hoc|iPhone
		{449AE2B6-68BC-42B6-9A80-BB5DECE30EFC}.Ad-Hoc|iPhone.Build.0 = Ad-Hoc|iPhone
		{449AE2B6-68BC-42B6-9A80-BB5DECE30EFC}.Ad-Hoc|iPhoneSimulator.ActiveCfg = Ad-Hoc|iPhoneSimulator
		{449AE2B6-68BC-42B6-9A80-BB5DECE30EFC}.Ad-Hoc|iPhoneSimulator.Build.0 = Ad-Hoc|iPhoneSimulator
		{449AE2B6-68BC-42B6-9A80-BB5DECE30EFC}.Ad-Hoc|x64.ActiveCfg = Ad-Hoc|iPhone
		{449AE2B6-68BC-42B6-9A80-BB5DECE30EFC}.Ad-Hoc|x86.ActiveCfg = Ad-Hoc|iPhone
		{449AE2B6-68BC-42B6-9A80-BB5DECE30EFC}.AppStore|Any CPU.ActiveCfg = AppStore|iPhone
		{449AE2B6-68BC-42B6-9A80-BB5DECE30EFC}.AppStore|ARM.ActiveCfg = AppStore|iPhone
		{449AE2B6-68BC-42B6-9A80-BB5DECE30EFC}.AppStore|iPhone.ActiveCfg = AppStore|iPhone
		{449AE2B6-68BC-42B6-9A80-BB5DECE30EFC}.AppStore|iPhone.Build.0 = AppStore|iPhone
		{449AE2B6-68BC-42B6-9A80-BB5DECE30EFC}.AppStore|iPhoneSimulator.ActiveCfg = AppStore|iPhoneSimulator
		{449AE2B6-68BC-42B6-9A80-BB5DECE30EFC}.AppStore|iPhoneSimulator.Build.0 = AppStore|iPhoneSimulator
		{449AE2B6-68BC-42B6-9A80-BB5DECE30EFC}.AppStore|x64.ActiveCfg = AppStore|iPhone
		{449AE2B6-68BC-42B6-9A80-BB5DECE30EFC}.AppStore|x86.ActiveCfg = AppStore|iPhone
		{449AE2B6-68BC-42B6-9A80-BB5DECE30EFC}.Debug|Any CPU.ActiveCfg = Debug|iPhone
		{449AE2B6-68BC-42B6-9A80-BB5DECE30EFC}.Debug|ARM.ActiveCfg = Debug|iPhone
		{449AE2B6-68BC-42B6-9A80-BB5DECE30EFC}.Debug|iPhone.ActiveCfg = Debug|iPhone
		{449AE2B6-68BC-42B6-9A80-BB5DECE30EFC}.Debug|iPhone.Build.0 = Debug|iPhone
		{449AE2B6-68BC-42B6-9A80-BB5DECE30EFC}.Debug|iPhoneSimulator.ActiveCfg = Debug|iPhoneSimulator
		{449AE2B6-68BC-42B6-9A80-BB5DECE30EFC}.Debug|iPhoneSimulator.Build.0 = Debug|iPhoneSimulator
		{449AE2B6-68BC-42B6-9A80-BB5DECE30EFC}.Debug|x64.ActiveCfg = Debug|iPhone
		{449AE2B6-68BC-42B6-9A80-BB5DECE30EFC}.Debug|x86.ActiveCfg = Debug|iPhone
		{449AE2B6-68BC-42B6-9A80-BB5DECE30EFC}.MemoryApi|Any CPU.ActiveCfg = AppStore|iPhone
		{449AE2B6-68BC-42B6-9A80-BB5DECE30EFC}.MemoryApi|Any CPU.Build.0 = AppStore|iPhone
		{449AE2B6-68BC-42B6-9A80-BB5DECE30EFC}.MemoryApi|ARM.ActiveCfg = AppStore|iPhone
		{449AE2B6-68BC-42B6-9A80-BB5DECE30EFC}.MemoryApi|ARM.Build.0 = AppStore|iPhone
		{449AE2B6-68BC-42B6-9A80-BB5DECE30EFC}.MemoryApi|iPhone.ActiveCfg = AppStore|iPhone
		{449AE2B6-68BC-42B6-9A80-BB5DECE30EFC}.MemoryApi|iPhone.Build.0 = AppStore|iPhone
		{449AE2B6-68BC-42B6-9A80-BB5DECE30EFC}.MemoryApi|iPhoneSimulator.ActiveCfg = AppStore|iPhoneSimulator
		{449AE2B6-68BC-42B6-9A80-BB5DECE30EFC}.MemoryApi|iPhoneSimulator.Build.0 = AppStore|iPhoneSimulator
		{449AE2B6-68BC-42B6-9A80-BB5DECE30EFC}.MemoryApi|x64.ActiveCfg = AppStore|iPhone
		{449AE2B6-68BC-42B6-9A80-BB5DECE30EFC}.MemoryApi|x64.Build.0 = AppStore|iPhone
		{449AE2B6-68BC-42B6-9A80-BB5DECE30EFC}.MemoryApi|x86.ActiveCfg = AppStore|iPhone
		{449AE2B6-68BC-42B6-9A80-BB5DECE30EFC}.MemoryApi|x86.Build.0 = AppStore|iPhone
		{449AE2B6-68BC-42B6-9A80-BB5DECE30EFC}.MemoryClient.Web-Release|Any CPU.ActiveCfg = AppStore|iPhone
		{449AE2B6-68BC-42B6-9A80-BB5DECE30EFC}.MemoryClient.Web-Release|Any CPU.Build.0 = AppStore|iPhone
		{449AE2B6-68BC-42B6-9A80-BB5DECE30EFC}.MemoryClient.Web-Release|ARM.ActiveCfg = AppStore|iPhone
		{449AE2B6-68BC-42B6-9A80-BB5DECE30EFC}.MemoryClient.Web-Release|ARM.Build.0 = AppStore|iPhone
		{449AE2B6-68BC-42B6-9A80-BB5DECE30EFC}.MemoryClient.Web-Release|iPhone.ActiveCfg = Release|iPhone
		{449AE2B6-68BC-42B6-9A80-BB5DECE30EFC}.MemoryClient.Web-Release|iPhone.Build.0 = Release|iPhone
		{449AE2B6-68BC-42B6-9A80-BB5DECE30EFC}.MemoryClient.Web-Release|iPhoneSimulator.ActiveCfg = Release|iPhoneSimulator
		{449AE2B6-68BC-42B6-9A80-BB5DECE30EFC}.MemoryClient.Web-Release|iPhoneSimulator.Build.0 = Release|iPhoneSimulator
		{449AE2B6-68BC-42B6-9A80-BB5DECE30EFC}.MemoryClient.Web-Release|x64.ActiveCfg = AppStore|iPhone
		{449AE2B6-68BC-42B6-9A80-BB5DECE30EFC}.MemoryClient.Web-Release|x64.Build.0 = AppStore|iPhone
		{449AE2B6-68BC-42B6-9A80-BB5DECE30EFC}.MemoryClient.Web-Release|x86.ActiveCfg = AppStore|iPhone
		{449AE2B6-68BC-42B6-9A80-BB5DECE30EFC}.MemoryClient.Web-Release|x86.Build.0 = AppStore|iPhone
		{449AE2B6-68BC-42B6-9A80-BB5DECE30EFC}.Release|Any CPU.ActiveCfg = Release|iPhone
		{449AE2B6-68BC-42B6-9A80-BB5DECE30EFC}.Release|ARM.ActiveCfg = Release|iPhone
		{449AE2B6-68BC-42B6-9A80-BB5DECE30EFC}.Release|iPhone.ActiveCfg = Release|iPhone
		{449AE2B6-68BC-42B6-9A80-BB5DECE30EFC}.Release|iPhone.Build.0 = Release|iPhone
		{449AE2B6-68BC-42B6-9A80-BB5DECE30EFC}.Release|iPhoneSimulator.ActiveCfg = Release|iPhoneSimulator
		{449AE2B6-68BC-42B6-9A80-BB5DECE30EFC}.Release|iPhoneSimulator.Build.0 = Release|iPhoneSimulator
		{449AE2B6-68BC-42B6-9A80-BB5DECE30EFC}.Release|x64.ActiveCfg = Release|iPhone
		{449AE2B6-68BC-42B6-9A80-BB5DECE30EFC}.Release|x86.ActiveCfg = Release|iPhone
	EndGlobalSection
	GlobalSection(SolutionProperties) = preSolution
		HideSolutionNode = FALSE
	EndGlobalSection
	GlobalSection(ExtensibilityGlobals) = postSolution
		SolutionGuid = {2E82AFF3-1A97-44C4-9E84-034BCECFFFC0}
	EndGlobalSection
EndGlobal
